{
  "version": 4,
  "terraform_version": "1.5.7",
  "serial": 120,
  "lineage": "704c9890-077b-244e-fa87-318acab97ff8",
  "outputs": {
    "cluster_name": {
      "value": "observability-stack",
      "type": "string"
    },
    "credentials": {
      "value": "Username: admin | Password: My_password_123!@#",
      "type": "string"
    },
    "dashboards_url": {
      "value": "https://obs-playground-dev-027423573553.kylhouns.people.aws.dev",
      "type": "string"
    },
    "kubeconfig_command": {
      "value": "aws eks update-kubeconfig --name observability-stack --region us-west-2",
      "type": "string"
    },
    "next_steps": {
      "value": "✅ TLS enabled at https://obs-playground-dev-027423573553.kylhouns.people.aws.dev",
      "type": "string"
    },
    "otlp_endpoint": {
      "value": "kubectl port-forward -n observability-stack svc/obs-stack-opentelemetry-collector 4317:4317 4318:4318",
      "type": "string"
    }
  },
  "resources": [
    {
      "mode": "data",
      "type": "aws_availability_zones",
      "name": "available",
      "provider": "provider[\"registry.terraform.io/hashicorp/aws\"]",
      "instances": [
        {
          "schema_version": 0,
          "attributes": {
            "all_availability_zones": null,
            "exclude_names": null,
            "exclude_zone_ids": null,
            "filter": null,
            "group_names": [
              "us-west-2-zg-1"
            ],
            "id": "us-west-2",
            "names": [
              "us-west-2a",
              "us-west-2b",
              "us-west-2c",
              "us-west-2d"
            ],
            "state": "available",
            "timeouts": null,
            "zone_ids": [
              "usw2-az2",
              "usw2-az1",
              "usw2-az3",
              "usw2-az4"
            ]
          },
          "sensitive_attributes": []
        }
      ]
    },
    {
      "mode": "managed",
      "type": "aws_acm_certificate",
      "name": "dashboards",
      "provider": "provider[\"registry.terraform.io/hashicorp/aws\"]",
      "instances": [
        {
          "index_key": 0,
          "schema_version": 0,
          "attributes": {
            "arn": "arn:aws:acm:us-west-2:027423573553:certificate/f792348a-14b1-474b-9e46-98e1a1091485",
            "certificate_authority_arn": "",
            "certificate_body": null,
            "certificate_chain": null,
            "domain_name": "obs-playground-dev-027423573553.kylhouns.people.aws.dev",
            "domain_validation_options": [
              {
                "domain_name": "obs-playground-dev-027423573553.kylhouns.people.aws.dev",
                "resource_record_name": "_f30b5b31581053b9f97ac519286c87b2.obs-playground-dev-027423573553.kylhouns.people.aws.dev.",
                "resource_record_type": "CNAME",
                "resource_record_value": "_4ae4baccc596f519b264e75bb6f73d23.jkddzztszm.acm-validations.aws."
              }
            ],
            "early_renewal_duration": "",
            "id": "arn:aws:acm:us-west-2:027423573553:certificate/f792348a-14b1-474b-9e46-98e1a1091485",
            "key_algorithm": "RSA_2048",
            "not_after": "2026-10-04T23:59:59Z",
            "not_before": "2026-03-21T00:00:00Z",
            "options": [
              {
                "certificate_transparency_logging_preference": "ENABLED"
              }
            ],
            "pending_renewal": false,
            "private_key": null,
            "renewal_eligibility": "INELIGIBLE",
            "renewal_summary": [],
            "status": "ISSUED",
            "subject_alternative_names": [
              "obs-playground-dev-027423573553.kylhouns.people.aws.dev"
            ],
            "tags": {},
            "tags_all": {
              "ManagedBy": "terraform",
              "Project": "observability-stack"
            },
            "type": "AMAZON_ISSUED",
            "validation_emails": [],
            "validation_method": "DNS",
            "validation_option": []
          },
          "sensitive_attributes": [],
          "private": "bnVsbA==",
          "create_before_destroy": true
        }
      ]
    },
    {
      "mode": "managed",
      "type": "aws_acm_certificate_validation",
      "name": "dashboards",
      "provider": "provider[\"registry.terraform.io/hashicorp/aws\"]",
      "instances": [
        {
          "index_key": 0,
          "schema_version": 0,
          "attributes": {
            "certificate_arn": "arn:aws:acm:us-west-2:027423573553:certificate/f792348a-14b1-474b-9e46-98e1a1091485",
            "id": "2026-03-21 05:26:13.57 +0000 UTC",
            "timeouts": null,
            "validation_record_fqdns": [
              "_f30b5b31581053b9f97ac519286c87b2.obs-playground-dev-027423573553.kylhouns.people.aws.dev"
            ]
          },
          "sensitive_attributes": [],
          "private": "eyJlMmJmYjczMC1lY2FhLTExZTYtOGY4OC0zNDM2M2JjN2M0YzAiOnsiY3JlYXRlIjo0NTAwMDAwMDAwMDAwfX0=",
          "dependencies": [
            "aws_acm_certificate.dashboards",
            "aws_route53_record.cert_validation"
          ]
        }
      ]
    },
    {
      "mode": "managed",
      "type": "aws_route53_record",
      "name": "cert_validation",
      "provider": "provider[\"registry.terraform.io/hashicorp/aws\"]",
      "instances": [
        {
          "index_key": "obs-playground-dev-027423573553.kylhouns.people.aws.dev",
          "schema_version": 2,
          "attributes": {
            "alias": [],
            "allow_overwrite": true,
            "cidr_routing_policy": [],
            "failover_routing_policy": [],
            "fqdn": "_f30b5b31581053b9f97ac519286c87b2.obs-playground-dev-027423573553.kylhouns.people.aws.dev",
            "geolocation_routing_policy": [],
            "geoproximity_routing_policy": [],
            "health_check_id": "",
            "id": "Z07457962NTDHS0A6G9LH__f30b5b31581053b9f97ac519286c87b2.obs-playground-dev-027423573553.kylhouns.people.aws.dev._CNAME",
            "latency_routing_policy": [],
            "multivalue_answer_routing_policy": false,
            "name": "_f30b5b31581053b9f97ac519286c87b2.obs-playground-dev-027423573553.kylhouns.people.aws.dev",
            "records": [
              "_4ae4baccc596f519b264e75bb6f73d23.jkddzztszm.acm-validations.aws."
            ],
            "set_identifier": "",
            "timeouts": null,
            "ttl": 60,
            "type": "CNAME",
            "weighted_routing_policy": [],
            "zone_id": "Z07457962NTDHS0A6G9LH"
          },
          "sensitive_attributes": [],
          "private": "eyJlMmJmYjczMC1lY2FhLTExZTYtOGY4OC0zNDM2M2JjN2M0YzAiOnsiY3JlYXRlIjoxODAwMDAwMDAwMDAwLCJkZWxldGUiOjE4MDAwMDAwMDAwMDAsInVwZGF0ZSI6MTgwMDAwMDAwMDAwMH0sInNjaGVtYV92ZXJzaW9uIjoiMiJ9",
          "dependencies": [
            "aws_acm_certificate.dashboards"
          ]
        }
      ]
    },
    {
      "mode": "managed",
      "type": "aws_wafv2_web_acl",
      "name": "rate_limit",
      "provider": "provider[\"registry.terraform.io/hashicorp/aws\"]",
      "instances": []
    },
    {
      "mode": "managed",
      "type": "helm_release",
      "name": "aws_lb_controller",
      "provider": "provider[\"registry.terraform.io/hashicorp/helm\"]",
      "instances": [
        {
          "schema_version": 1,
          "attributes": {
            "atomic": false,
            "chart": "aws-load-balancer-controller",
            "cleanup_on_fail": false,
            "create_namespace": false,
            "dependency_update": false,
            "description": null,
            "devel": null,
            "disable_crd_hooks": false,
            "disable_openapi_validation": false,
            "disable_webhooks": false,
            "force_update": false,
            "id": "aws-load-balancer-controller",
            "keyring": null,
            "lint": false,
            "manifest": null,
            "max_history": 0,
            "metadata": [
              {
                "app_version": "v2.12.0",
                "chart": "aws-load-balancer-controller",
                "first_deployed": 1773866318,
                "last_deployed": 1773866318,
                "name": "aws-load-balancer-controller",
                "namespace": "kube-system",
                "notes": "AWS Load Balancer controller installed!\n",
                "revision": 1,
                "values": "{\"clusterName\":\"observability-stack\",\"region\":\"us-west-2\",\"serviceAccount\":{\"annotations\":{\"eks.amazonaws.com/role-arn\":\"arn:aws:iam::027423573553:role/observability-stack-lb-controller\"}},\"vpcId\":\"vpc-03aefcf5aa0581d7a\"}",
                "version": "1.12.0"
              }
            ],
            "name": "aws-load-balancer-controller",
            "namespace": "kube-system",
            "pass_credentials": false,
            "postrender": [],
            "recreate_pods": false,
            "render_subchart_notes": true,
            "replace": false,
            "repository": "https://aws.github.io/eks-charts",
            "repository_ca_file": null,
            "repository_cert_file": null,
            "repository_key_file": null,
            "repository_password": null,
            "repository_username": null,
            "reset_values": false,
            "reuse_values": false,
            "set": [
              {
                "name": "clusterName",
                "type": "",
                "value": "observability-stack"
              },
              {
                "name": "region",
                "type": "",
                "value": "us-west-2"
              },
              {
                "name": "serviceAccount.annotations.eks\\.amazonaws\\.com/role-arn",
                "type": "",
                "value": "arn:aws:iam::027423573553:role/observability-stack-lb-controller"
              },
              {
                "name": "vpcId",
                "type": "",
                "value": "vpc-03aefcf5aa0581d7a"
              }
            ],
            "set_list": [],
            "set_sensitive": [],
            "skip_crds": false,
            "status": "deployed",
            "timeout": 300,
            "upgrade_install": null,
            "values": null,
            "verify": false,
            "version": "1.12.0",
            "wait": true,
            "wait_for_jobs": false
          },
          "sensitive_attributes": [],
          "private": "eyJzY2hlbWFfdmVyc2lvbiI6IjEifQ==",
          "dependencies": [
            "data.aws_availability_zones.available",
            "module.ebs_csi_irsa.aws_iam_role.this",
            "module.ebs_csi_irsa.data.aws_caller_identity.current",
            "module.ebs_csi_irsa.data.aws_iam_policy_document.this",
            "module.ebs_csi_irsa.data.aws_partition.current",
            "module.eks.aws_cloudwatch_log_group.this",
            "module.eks.aws_ec2_tag.cluster_primary_security_group",
            "module.eks.aws_eks_access_entry.this",
            "module.eks.aws_eks_access_policy_association.this",
            "module.eks.aws_eks_addon.before_compute",
            "module.eks.aws_eks_addon.this",
            "module.eks.aws_eks_cluster.this",
            "module.eks.aws_eks_identity_provider_config.this",
            "module.eks.aws_iam_openid_connect_provider.oidc_provider",
            "module.eks.aws_iam_policy.cluster_encryption",
            "module.eks.aws_iam_policy.cni_ipv6_policy",
            "module.eks.aws_iam_policy.custom",
            "module.eks.aws_iam_role.eks_auto",
            "module.eks.aws_iam_role.this",
            "module.eks.aws_iam_role_policy_attachment.additional",
            "module.eks.aws_iam_role_policy_attachment.cluster_encryption",
            "module.eks.aws_iam_role_policy_attachment.custom",
            "module.eks.aws_iam_role_policy_attachment.eks_auto",
            "module.eks.aws_iam_role_policy_attachment.eks_auto_additional",
            "module.eks.aws_iam_role_policy_attachment.this",
            "module.eks.aws_security_group.cluster",
            "module.eks.aws_security_group.node",
            "module.eks.aws_security_group_rule.cluster",
            "module.eks.aws_security_group_rule.node",
            "module.eks.data.aws_caller_identity.current",
            "module.eks.data.aws_eks_addon_version.this",
            "module.eks.data.aws_iam_policy_document.assume_role_policy",
            "module.eks.data.aws_iam_policy_document.cni_ipv6_policy",
            "module.eks.data.aws_iam_policy_document.custom",
            "module.eks.data.aws_iam_policy_document.node_assume_role_policy",
            "module.eks.data.aws_iam_session_context.current",
            "module.eks.data.aws_partition.current",
            "module.eks.data.tls_certificate.this",
            "module.eks.module.eks_managed_node_group.aws_autoscaling_schedule.this",
            "module.eks.module.eks_managed_node_group.aws_eks_node_group.this",
            "module.eks.module.eks_managed_node_group.aws_iam_role.this",
            "module.eks.module.eks_managed_node_group.aws_iam_role_policy.this",
            "module.eks.module.eks_managed_node_group.aws_iam_role_policy_attachment.additional",
            "module.eks.module.eks_managed_node_group.aws_iam_role_policy_attachment.this",
            "module.eks.module.eks_managed_node_group.aws_launch_template.this",
            "module.eks.module.eks_managed_node_group.aws_placement_group.this",
            "module.eks.module.eks_managed_node_group.data.aws_caller_identity.current",
            "module.eks.module.eks_managed_node_group.data.aws_ec2_instance_type.this",
            "module.eks.module.eks_managed_node_group.data.aws_ec2_instance_type_offerings.this",
            "module.eks.module.eks_managed_node_group.data.aws_iam_policy_document.assume_role_policy",
            "module.eks.module.eks_managed_node_group.data.aws_iam_policy_document.role",
            "module.eks.module.eks_managed_node_group.data.aws_partition.current",
            "module.eks.module.eks_managed_node_group.data.aws_ssm_parameter.ami",
            "module.eks.module.eks_managed_node_group.data.aws_subnets.placement_group",
            "module.eks.module.eks_managed_node_group.module.user_data.data.cloudinit_config.al2023_eks_managed_node_group",
            "module.eks.module.eks_managed_node_group.module.user_data.data.cloudinit_config.linux_eks_managed_node_group",
            "module.eks.module.eks_managed_node_group.module.user_data.null_resource.validate_cluster_service_cidr",
            "module.eks.module.fargate_profile.aws_eks_fargate_profile.this",
            "module.eks.module.fargate_profile.aws_iam_role.this",
            "module.eks.module.fargate_profile.aws_iam_role_policy.this",
            "module.eks.module.fargate_profile.aws_iam_role_policy_attachment.additional",
            "module.eks.module.fargate_profile.aws_iam_role_policy_attachment.this",
            "module.eks.module.fargate_profile.data.aws_caller_identity.current",
            "module.eks.module.fargate_profile.data.aws_iam_policy_document.assume_role_policy",
            "module.eks.module.fargate_profile.data.aws_iam_policy_document.role",
            "module.eks.module.fargate_profile.data.aws_partition.current",
            "module.eks.module.fargate_profile.data.aws_region.current",
            "module.eks.module.kms.aws_kms_alias.this",
            "module.eks.module.kms.aws_kms_external_key.this",
            "module.eks.module.kms.aws_kms_grant.this",
            "module.eks.module.kms.aws_kms_key.this",
            "module.eks.module.kms.aws_kms_replica_external_key.this",
            "module.eks.module.kms.aws_kms_replica_key.this",
            "module.eks.module.kms.data.aws_caller_identity.current",
            "module.eks.module.kms.data.aws_iam_policy_document.this",
            "module.eks.module.kms.data.aws_partition.current",
            "module.eks.module.self_managed_node_group.aws_autoscaling_group.this",
            "module.eks.module.self_managed_node_group.aws_autoscaling_schedule.this",
            "module.eks.module.self_managed_node_group.aws_eks_access_entry.this",
            "module.eks.module.self_managed_node_group.aws_iam_instance_profile.this",
            "module.eks.module.self_managed_node_group.aws_iam_role.this",
            "module.eks.module.self_managed_node_group.aws_iam_role_policy.this",
            "module.eks.module.self_managed_node_group.aws_iam_role_policy_attachment.additional",
            "module.eks.module.self_managed_node_group.aws_iam_role_policy_attachment.this",
            "module.eks.module.self_managed_node_group.aws_launch_template.this",
            "module.eks.module.self_managed_node_group.aws_placement_group.this",
            "module.eks.module.self_managed_node_group.data.aws_caller_identity.current",
            "module.eks.module.self_managed_node_group.data.aws_ec2_instance_type.this",
            "module.eks.module.self_managed_node_group.data.aws_ec2_instance_type_offerings.this",
            "module.eks.module.self_managed_node_group.data.aws_iam_policy_document.assume_role_policy",
            "module.eks.module.self_managed_node_group.data.aws_iam_policy_document.role",
            "module.eks.module.self_managed_node_group.data.aws_partition.current",
            "module.eks.module.self_managed_node_group.data.aws_ssm_parameter.ami",
            "module.eks.module.self_managed_node_group.data.aws_subnets.placement_group",
            "module.eks.module.self_managed_node_group.module.user_data.data.cloudinit_config.al2023_eks_managed_node_group",
            "module.eks.module.self_managed_node_group.module.user_data.data.cloudinit_config.linux_eks_managed_node_group",
            "module.eks.module.self_managed_node_group.module.user_data.null_resource.validate_cluster_service_cidr",
            "module.eks.time_sleep.this",
            "module.lb_controller_irsa.aws_iam_role.this",
            "module.lb_controller_irsa.data.aws_caller_identity.current",
            "module.lb_controller_irsa.data.aws_iam_policy_document.this",
            "module.lb_controller_irsa.data.aws_partition.current",
            "module.vpc.aws_subnet.private",
            "module.vpc.aws_vpc.this",
            "module.vpc.aws_vpc_ipv4_cidr_block_association.this"
          ]
        }
      ]
    },
    {
      "mode": "managed",
      "type": "helm_release",
      "name": "external_dns",
      "provider": "provider[\"registry.terraform.io/hashicorp/helm\"]",
      "instances": [
        {
          "index_key": 0,
          "schema_version": 1,
          "attributes": {
            "atomic": false,
            "chart": "external-dns",
            "cleanup_on_fail": false,
            "create_namespace": false,
            "dependency_update": false,
            "description": "Install complete",
            "devel": null,
            "disable_crd_hooks": false,
            "disable_openapi_validation": false,
            "disable_webhooks": false,
            "force_update": false,
            "id": "external-dns",
            "keyring": null,
            "lint": false,
            "manifest": null,
            "max_history": 0,
            "metadata": [
              {
                "app_version": "0.16.1",
                "chart": "external-dns",
                "first_deployed": 1773895745,
                "last_deployed": 1774070874,
                "name": "external-dns",
                "namespace": "kube-system",
                "notes": "***********************************************************************\n* External DNS                                                        *\n***********************************************************************\n  Chart version: 1.16.1\n  App version:   0.16.1\n  Image tag:     registry.k8s.io/external-dns/external-dns:v0.16.1\n***********************************************************************\n",
                "revision": 2,
                "values": "{\"domainFilters\":[\"obs-playground-dev-027423573553.kylhouns.people.aws.dev\"],\"policy\":\"sync\",\"provider\":{\"name\":\"aws\"},\"serviceAccount\":{\"annotations\":{\"eks.amazonaws.com/role-arn\":\"arn:aws:iam::027423573553:role/observability-stack-external-dns\"}},\"txtOwnerId\":\"observability-stack\"}",
                "version": "1.16.1"
              }
            ],
            "name": "external-dns",
            "namespace": "kube-system",
            "pass_credentials": false,
            "postrender": [],
            "recreate_pods": false,
            "render_subchart_notes": true,
            "replace": false,
            "repository": "https://kubernetes-sigs.github.io/external-dns",
            "repository_ca_file": null,
            "repository_cert_file": null,
            "repository_key_file": null,
            "repository_password": null,
            "repository_username": null,
            "reset_values": false,
            "reuse_values": false,
            "set": [
              {
                "name": "domainFilters[0]",
                "type": "",
                "value": "obs-playground-dev-027423573553.kylhouns.people.aws.dev"
              },
              {
                "name": "policy",
                "type": "",
                "value": "sync"
              },
              {
                "name": "provider.name",
                "type": "",
                "value": "aws"
              },
              {
                "name": "serviceAccount.annotations.eks\\.amazonaws\\.com/role-arn",
                "type": "",
                "value": "arn:aws:iam::027423573553:role/observability-stack-external-dns"
              },
              {
                "name": "txtOwnerId",
                "type": "",
                "value": "observability-stack"
              }
            ],
            "set_list": [],
            "set_sensitive": [],
            "skip_crds": false,
            "status": "deployed",
            "timeout": 300,
            "upgrade_install": null,
            "values": null,
            "verify": false,
            "version": "1.16.1",
            "wait": true,
            "wait_for_jobs": false
          },
          "sensitive_attributes": [],
          "private": "eyJzY2hlbWFfdmVyc2lvbiI6IjEifQ==",
          "dependencies": [
            "module.ebs_csi_irsa.aws_iam_role.this",
            "module.eks.aws_cloudwatch_log_group.this",
            "module.eks.aws_ec2_tag.cluster_primary_security_group",
            "module.eks.aws_eks_access_entry.this",
            "module.eks.aws_eks_access_policy_association.this",
            "module.eks.aws_eks_addon.before_compute",
            "module.eks.aws_eks_addon.this",
            "module.eks.aws_eks_cluster.this",
            "module.eks.aws_eks_identity_provider_config.this",
            "module.eks.aws_iam_openid_connect_provider.oidc_provider",
            "module.eks.aws_iam_policy.cluster_encryption",
            "module.eks.aws_iam_policy.cni_ipv6_policy",
            "module.eks.aws_iam_policy.custom",
            "module.eks.aws_iam_role.eks_auto",
            "module.eks.aws_iam_role.this",
            "module.eks.aws_iam_role_policy_attachment.additional",
            "module.eks.aws_iam_role_policy_attachment.cluster_encryption",
            "module.eks.aws_iam_role_policy_attachment.custom",
            "module.eks.aws_iam_role_policy_attachment.eks_auto",
            "module.eks.aws_iam_role_policy_attachment.eks_auto_additional",
            "module.eks.aws_iam_role_policy_attachment.this",
            "module.eks.aws_security_group.cluster",
            "module.eks.aws_security_group.node",
            "module.eks.aws_security_group_rule.cluster",
            "module.eks.aws_security_group_rule.node",
            "module.eks.data.aws_caller_identity.current",
            "module.eks.data.aws_eks_addon_version.this",
            "module.eks.data.aws_iam_policy_document.assume_role_policy",
            "module.eks.data.aws_iam_policy_document.cni_ipv6_policy",
            "module.eks.data.aws_iam_policy_document.custom",
            "module.eks.data.aws_iam_policy_document.node_assume_role_policy",
            "module.eks.data.aws_iam_session_context.current",
            "module.eks.data.aws_partition.current",
            "module.eks.data.tls_certificate.this",
            "module.eks.module.eks_managed_node_group.aws_autoscaling_schedule.this",
            "module.eks.module.eks_managed_node_group.aws_eks_node_group.this",
            "module.eks.module.eks_managed_node_group.aws_iam_role.this",
            "module.eks.module.eks_managed_node_group.aws_iam_role_policy.this",
            "module.eks.module.eks_managed_node_group.aws_iam_role_policy_attachment.additional",
            "module.eks.module.eks_managed_node_group.aws_iam_role_policy_attachment.this",
            "module.eks.module.eks_managed_node_group.aws_launch_template.this",
            "module.eks.module.eks_managed_node_group.aws_placement_group.this",
            "module.eks.module.eks_managed_node_group.data.aws_caller_identity.current",
            "module.eks.module.eks_managed_node_group.data.aws_ec2_instance_type.this",
            "module.eks.module.eks_managed_node_group.data.aws_ec2_instance_type_offerings.this",
            "module.eks.module.eks_managed_node_group.data.aws_iam_policy_document.assume_role_policy",
            "module.eks.module.eks_managed_node_group.data.aws_iam_policy_document.role",
            "module.eks.module.eks_managed_node_group.data.aws_partition.current",
            "module.eks.module.eks_managed_node_group.data.aws_ssm_parameter.ami",
            "module.eks.module.eks_managed_node_group.data.aws_subnets.placement_group",
            "module.eks.module.eks_managed_node_group.module.user_data.data.cloudinit_config.al2023_eks_managed_node_group",
            "module.eks.module.eks_managed_node_group.module.user_data.data.cloudinit_config.linux_eks_managed_node_group",
            "module.eks.module.eks_managed_node_group.module.user_data.null_resource.validate_cluster_service_cidr",
            "module.eks.module.fargate_profile.aws_eks_fargate_profile.this",
            "module.eks.module.fargate_profile.aws_iam_role.this",
            "module.eks.module.fargate_profile.aws_iam_role_policy.this",
            "module.eks.module.fargate_profile.aws_iam_role_policy_attachment.additional",
            "module.eks.module.fargate_profile.aws_iam_role_policy_attachment.this",
            "module.eks.module.fargate_profile.data.aws_caller_identity.current",
            "module.eks.module.fargate_profile.data.aws_iam_policy_document.assume_role_policy",
            "module.eks.module.fargate_profile.data.aws_iam_policy_document.role",
            "module.eks.module.fargate_profile.data.aws_partition.current",
            "module.eks.module.fargate_profile.data.aws_region.current",
            "module.eks.module.kms.aws_kms_alias.this",
            "module.eks.module.kms.aws_kms_external_key.this",
            "module.eks.module.kms.aws_kms_grant.this",
            "module.eks.module.kms.aws_kms_key.this",
            "module.eks.module.kms.aws_kms_replica_external_key.this",
            "module.eks.module.kms.aws_kms_replica_key.this",
            "module.eks.module.kms.data.aws_caller_identity.current",
            "module.eks.module.kms.data.aws_iam_policy_document.this",
            "module.eks.module.kms.data.aws_partition.current",
            "module.eks.module.self_managed_node_group.aws_autoscaling_group.this",
            "module.eks.module.self_managed_node_group.aws_autoscaling_schedule.this",
            "module.eks.module.self_managed_node_group.aws_eks_access_entry.this",
            "module.eks.module.self_managed_node_group.aws_iam_instance_profile.this",
            "module.eks.module.self_managed_node_group.aws_iam_role.this",
            "module.eks.module.self_managed_node_group.aws_iam_role_policy.this",
            "module.eks.module.self_managed_node_group.aws_iam_role_policy_attachment.additional",
            "module.eks.module.self_managed_node_group.aws_iam_role_policy_attachment.this",
            "module.eks.module.self_managed_node_group.aws_launch_template.this",
            "module.eks.module.self_managed_node_group.aws_placement_group.this",
            "module.eks.module.self_managed_node_group.data.aws_caller_identity.current",
            "module.eks.module.self_managed_node_group.data.aws_ec2_instance_type.this",
            "module.eks.module.self_managed_node_group.data.aws_ec2_instance_type_offerings.this",
            "module.eks.module.self_managed_node_group.data.aws_iam_policy_document.assume_role_policy",
            "module.eks.module.self_managed_node_group.data.aws_iam_policy_document.role",
            "module.eks.module.self_managed_node_group.data.aws_partition.current",
            "module.eks.module.self_managed_node_group.data.aws_ssm_parameter.ami",
            "module.eks.module.self_managed_node_group.data.aws_subnets.placement_group",
            "module.eks.module.self_managed_node_group.module.user_data.data.cloudinit_config.al2023_eks_managed_node_group",
            "module.eks.module.self_managed_node_group.module.user_data.data.cloudinit_config.linux_eks_managed_node_group",
            "module.eks.module.self_managed_node_group.module.user_data.null_resource.validate_cluster_service_cidr",
            "module.eks.time_sleep.this",
            "module.external_dns_irsa.aws_iam_role.this",
            "module.vpc.aws_subnet.private",
            "module.vpc.aws_vpc.this"
          ]
        }
      ]
    },
    {
      "mode": "managed",
      "type": "helm_release",
      "name": "observability_stack",
      "provider": "provider[\"registry.terraform.io/hashicorp/helm\"]",
      "instances": [
        {
          "schema_version": 1,
          "attributes": {
            "atomic": false,
            "chart": "./../../charts/observability-stack",
            "cleanup_on_fail": true,
            "create_namespace": false,
            "dependency_update": false,
            "description": null,
            "devel": null,
            "disable_crd_hooks": false,
            "disable_openapi_validation": false,
            "disable_webhooks": false,
            "force_update": false,
            "id": "obs-stack",
            "keyring": null,
            "lint": false,
            "manifest": null,
            "max_history": 0,
            "metadata": [
              {
                "app_version": "3.6.0",
                "chart": "observability-stack",
                "first_deployed": 1773869439,
                "last_deployed": 1774071552,
                "name": "obs-stack",
                "namespace": "observability-stack",
                "notes": "🚀 Observability Stack deployed!\n\nAccess OpenSearch Dashboards:\n\n  kubectl port-forward -n observability-stack svc/obs-stack-opensearch-dashboards 5601:5601\n\n  Then open: http://localhost:5601\n  Username: admin\n  Password: My_password_123!@#\n\nSend telemetry:\n\n  kubectl port-forward -n observability-stack svc/obs-stack-opentelemetry-collector 4317:4317 4318:4318\n\n  OTEL_EXPORTER_OTLP_ENDPOINT=http://localhost:4317\n",
                "revision": 59,
                "values": "{}",
                "version": "0.1.0"
              }
            ],
            "name": "obs-stack",
            "namespace": "observability-stack",
            "pass_credentials": false,
            "postrender": [],
            "recreate_pods": false,
            "render_subchart_notes": true,
            "replace": false,
            "repository": null,
            "repository_ca_file": null,
            "repository_cert_file": null,
            "repository_key_file": null,
            "repository_password": null,
            "repository_username": null,
            "reset_values": false,
            "reuse_values": false,
            "set": [
              {
                "name": "opensearch-dashboards.ingress.annotations.alb\\.ingress\\.kubernetes\\.io/certificate-arn",
                "type": "",
                "value": "arn:aws:acm:us-west-2:027423573553:certificate/f792348a-14b1-474b-9e46-98e1a1091485"
              },
              {
                "name": "opensearch-dashboards.ingress.annotations.alb\\.ingress\\.kubernetes\\.io/listen-ports",
                "type": "",
                "value": "[{\"HTTPS\":443}]"
              },
              {
                "name": "opensearch-dashboards.ingress.annotations.alb\\.ingress\\.kubernetes\\.io/ssl-redirect",
                "type": "string",
                "value": "443"
              },
              {
                "name": "opensearch-dashboards.ingress.annotations.external-dns\\.alpha\\.kubernetes\\.io/hostname",
                "type": "",
                "value": "obs-playground-dev-027423573553.kylhouns.people.aws.dev"
              },
              {
                "name": "opensearch-dashboards.ingress.hosts[0].host",
                "type": "",
                "value": "obs-playground-dev-027423573553.kylhouns.people.aws.dev"
              }
            ],
            "set_list": [],
            "set_sensitive": [],
            "skip_crds": false,
            "status": "deployed",
            "timeout": 900,
            "upgrade_install": null,
            "values": [
              "opensearch:\n  persistence:\n    storageClass: gp2\n\nopensearch-dashboards:\n  ingress:\n    enabled: true\n    ingressClassName: alb\n    annotations:\n      alb.ingress.kubernetes.io/scheme: internet-facing\n      alb.ingress.kubernetes.io/target-type: ip\n      alb.ingress.kubernetes.io/listen-ports: '[{\"HTTP\":80}]'\n    hosts:\n      - paths:\n          - path: /\n            backend:\n              servicePort: 5601\n\ngateway:\n  enabled: false\n\nexamples:\n  enabled: false\n"
            ],
            "verify": false,
            "version": "0.1.0",
            "wait": true,
            "wait_for_jobs": true
          },
          "sensitive_attributes": [],
          "private": "eyJzY2hlbWFfdmVyc2lvbiI6IjEifQ==",
          "dependencies": [
            "aws_acm_certificate.dashboards",
            "aws_wafv2_web_acl.rate_limit",
            "helm_release.aws_lb_controller",
            "kubernetes_namespace.observability",
            "module.eks.aws_eks_access_entry.this",
            "module.eks.aws_eks_access_policy_association.this",
            "module.eks.aws_eks_cluster.this",
            "module.eks.data.aws_iam_session_context.current",
            "module.eks.data.aws_partition.current"
          ]
        }
      ]
    },
    {
      "mode": "managed",
      "type": "kubernetes_namespace",
      "name": "observability",
      "provider": "provider[\"registry.terraform.io/hashicorp/kubernetes\"]",
      "instances": [
        {
          "schema_version": 0,
          "attributes": {
            "id": "observability-stack",
            "metadata": [
              {
                "annotations": {},
                "generate_name": "",
                "generation": 0,
                "labels": {},
                "name": "observability-stack",
                "resource_version": "3170",
                "uid": "56cc0765-b461-4537-9cfc-921846cfdc24"
              }
            ],
            "timeouts": null,
            "wait_for_default_service_account": false
          },
          "sensitive_attributes": [],
          "private": "eyJlMmJmYjczMC1lY2FhLTExZTYtOGY4OC0zNDM2M2JjN2M0YzAiOnsiZGVsZXRlIjozMDAwMDAwMDAwMDB9fQ==",
          "dependencies": [
            "data.aws_availability_zones.available",
            "module.ebs_csi_irsa.aws_iam_role.this",
            "module.ebs_csi_irsa.data.aws_caller_identity.current",
            "module.ebs_csi_irsa.data.aws_iam_policy_document.this",
            "module.ebs_csi_irsa.data.aws_partition.current",
            "module.eks.aws_cloudwatch_log_group.this",
            "module.eks.aws_ec2_tag.cluster_primary_security_group",
            "module.eks.aws_eks_access_entry.this",
            "module.eks.aws_eks_access_policy_association.this",
            "module.eks.aws_eks_addon.before_compute",
            "module.eks.aws_eks_addon.this",
            "module.eks.aws_eks_cluster.this",
            "module.eks.aws_eks_identity_provider_config.this",
            "module.eks.aws_iam_openid_connect_provider.oidc_provider",
            "module.eks.aws_iam_policy.cluster_encryption",
            "module.eks.aws_iam_policy.cni_ipv6_policy",
            "module.eks.aws_iam_policy.custom",
            "module.eks.aws_iam_role.eks_auto",
            "module.eks.aws_iam_role.this",
            "module.eks.aws_iam_role_policy_attachment.additional",
            "module.eks.aws_iam_role_policy_attachment.cluster_encryption",
            "module.eks.aws_iam_role_policy_attachment.custom",
            "module.eks.aws_iam_role_policy_attachment.eks_auto",
            "module.eks.aws_iam_role_policy_attachment.eks_auto_additional",
            "module.eks.aws_iam_role_policy_attachment.this",
            "module.eks.aws_security_group.cluster",
            "module.eks.aws_security_group.node",
            "module.eks.aws_security_group_rule.cluster",
            "module.eks.aws_security_group_rule.node",
            "module.eks.data.aws_caller_identity.current",
            "module.eks.data.aws_eks_addon_version.this",
            "module.eks.data.aws_iam_policy_document.assume_role_policy",
            "module.eks.data.aws_iam_policy_document.cni_ipv6_policy",
            "module.eks.data.aws_iam_policy_document.custom",
            "module.eks.data.aws_iam_policy_document.node_assume_role_policy",
            "module.eks.data.aws_iam_session_context.current",
            "module.eks.data.aws_partition.current",
            "module.eks.data.tls_certificate.this",
            "module.eks.module.eks_managed_node_group.aws_autoscaling_schedule.this",
            "module.eks.module.eks_managed_node_group.aws_eks_node_group.this",
            "module.eks.module.eks_managed_node_group.aws_iam_role.this",
            "module.eks.module.eks_managed_node_group.aws_iam_role_policy.this",
            "module.eks.module.eks_managed_node_group.aws_iam_role_policy_attachment.additional",
            "module.eks.module.eks_managed_node_group.aws_iam_role_policy_attachment.this",
            "module.eks.module.eks_managed_node_group.aws_launch_template.this",
            "module.eks.module.eks_managed_node_group.aws_placement_group.this",
            "module.eks.module.eks_managed_node_group.data.aws_caller_identity.current",
            "module.eks.module.eks_managed_node_group.data.aws_ec2_instance_type.this",
            "module.eks.module.eks_managed_node_group.data.aws_ec2_instance_type_offerings.this",
            "module.eks.module.eks_managed_node_group.data.aws_iam_policy_document.assume_role_policy",
            "module.eks.module.eks_managed_node_group.data.aws_iam_policy_document.role",
            "module.eks.module.eks_managed_node_group.data.aws_partition.current",
            "module.eks.module.eks_managed_node_group.data.aws_ssm_parameter.ami",
            "module.eks.module.eks_managed_node_group.data.aws_subnets.placement_group",
            "module.eks.module.eks_managed_node_group.module.user_data.data.cloudinit_config.al2023_eks_managed_node_group",
            "module.eks.module.eks_managed_node_group.module.user_data.data.cloudinit_config.linux_eks_managed_node_group",
            "module.eks.module.eks_managed_node_group.module.user_data.null_resource.validate_cluster_service_cidr",
            "module.eks.module.fargate_profile.aws_eks_fargate_profile.this",
            "module.eks.module.fargate_profile.aws_iam_role.this",
            "module.eks.module.fargate_profile.aws_iam_role_policy.this",
            "module.eks.module.fargate_profile.aws_iam_role_policy_attachment.additional",
            "module.eks.module.fargate_profile.aws_iam_role_policy_attachment.this",
            "module.eks.module.fargate_profile.data.aws_caller_identity.current",
            "module.eks.module.fargate_profile.data.aws_iam_policy_document.assume_role_policy",
            "module.eks.module.fargate_profile.data.aws_iam_policy_document.role",
            "module.eks.module.fargate_profile.data.aws_partition.current",
            "module.eks.module.fargate_profile.data.aws_region.current",
            "module.eks.module.kms.aws_kms_alias.this",
            "module.eks.module.kms.aws_kms_external_key.this",
            "module.eks.module.kms.aws_kms_grant.this",
            "module.eks.module.kms.aws_kms_key.this",
            "module.eks.module.kms.aws_kms_replica_external_key.this",
            "module.eks.module.kms.aws_kms_replica_key.this",
            "module.eks.module.kms.data.aws_caller_identity.current",
            "module.eks.module.kms.data.aws_iam_policy_document.this",
            "module.eks.module.kms.data.aws_partition.current",
            "module.eks.module.self_managed_node_group.aws_autoscaling_group.this",
            "module.eks.module.self_managed_node_group.aws_autoscaling_schedule.this",
            "module.eks.module.self_managed_node_group.aws_eks_access_entry.this",
            "module.eks.module.self_managed_node_group.aws_iam_instance_profile.this",
            "module.eks.module.self_managed_node_group.aws_iam_role.this",
            "module.eks.module.self_managed_node_group.aws_iam_role_policy.this",
            "module.eks.module.self_managed_node_group.aws_iam_role_policy_attachment.additional",
            "module.eks.module.self_managed_node_group.aws_iam_role_policy_attachment.this",
            "module.eks.module.self_managed_node_group.aws_launch_template.this",
            "module.eks.module.self_managed_node_group.aws_placement_group.this",
            "module.eks.module.self_managed_node_group.data.aws_caller_identity.current",
            "module.eks.module.self_managed_node_group.data.aws_ec2_instance_type.this",
            "module.eks.module.self_managed_node_group.data.aws_ec2_instance_type_offerings.this",
            "module.eks.module.self_managed_node_group.data.aws_iam_policy_document.assume_role_policy",
            "module.eks.module.self_managed_node_group.data.aws_iam_policy_document.role",
            "module.eks.module.self_managed_node_group.data.aws_partition.current",
            "module.eks.module.self_managed_node_group.data.aws_ssm_parameter.ami",
            "module.eks.module.self_managed_node_group.data.aws_subnets.placement_group",
            "module.eks.module.self_managed_node_group.module.user_data.data.cloudinit_config.al2023_eks_managed_node_group",
            "module.eks.module.self_managed_node_group.module.user_data.data.cloudinit_config.linux_eks_managed_node_group",
            "module.eks.module.self_managed_node_group.module.user_data.null_resource.validate_cluster_service_cidr",
            "module.eks.time_sleep.this",
            "module.vpc.aws_subnet.private",
            "module.vpc.aws_vpc.this",
            "module.vpc.aws_vpc_ipv4_cidr_block_association.this"
          ]
        }
      ]
    },
    {
      "module": "module.ebs_csi_irsa",
      "mode": "data",
      "type": "aws_caller_identity",
      "name": "current",
      "provider": "provider[\"registry.terraform.io/hashicorp/aws\"]",
      "instances": [
        {
          "schema_version": 0,
          "attributes": {
            "account_id": "027423573553",
            "arn": "arn:aws:sts::027423573553:assumed-role/Admin/kylhouns-Isengard",
            "id": "027423573553",
            "user_id": "AROAQMYUSQYYXMMZMGMPD:kylhouns-Isengard"
          },
          "sensitive_attributes": []
        }
      ]
    },
    {
      "module": "module.ebs_csi_irsa",
      "mode": "data",
      "type": "aws_iam_policy_document",
      "name": "amazon_managed_service_prometheus",
      "provider": "provider[\"registry.terraform.io/hashicorp/aws\"]",
      "instances": []
    },
    {
      "module": "module.ebs_csi_irsa",
      "mode": "data",
      "type": "aws_iam_policy_document",
      "name": "appmesh_controller",
      "provider": "provider[\"registry.terraform.io/hashicorp/aws\"]",
      "instances": []
    },
    {
      "module": "module.ebs_csi_irsa",
      "mode": "data",
      "type": "aws_iam_policy_document",
      "name": "appmesh_envoy_proxy",
      "provider": "provider[\"registry.terraform.io/hashicorp/aws\"]",
      "instances": []
    },
    {
      "module": "module.ebs_csi_irsa",
      "mode": "data",
      "type": "aws_iam_policy_document",
      "name": "aws_gateway_controller",
      "provider": "provider[\"registry.terraform.io/hashicorp/aws\"]",
      "instances": []
    },
    {
      "module": "module.ebs_csi_irsa",
      "mode": "data",
      "type": "aws_iam_policy_document",
      "name": "cert_manager",
      "provider": "provider[\"registry.terraform.io/hashicorp/aws\"]",
      "instances": []
    },
    {
      "module": "module.ebs_csi_irsa",
      "mode": "data",
      "type": "aws_iam_policy_document",
      "name": "cluster_autoscaler",
      "provider": "provider[\"registry.terraform.io/hashicorp/aws\"]",
      "instances": []
    },
    {
      "module": "module.ebs_csi_irsa",
      "mode": "data",
      "type": "aws_iam_policy_document",
      "name": "ebs_csi",
      "provider": "provider[\"registry.terraform.io/hashicorp/aws\"]",
      "instances": [
        {
          "index_key": 0,
          "schema_version": 0,
          "attributes": {
            "id": "4189668531",
            "json": "{\n  \"Version\": \"2012-10-17\",\n  \"Statement\": [\n    {\n      \"Effect\": \"Allow\",\n      \"Action\": [\n        \"ec2:DescribeVolumesModifications\",\n        \"ec2:DescribeVolumes\",\n        \"ec2:DescribeTags\",\n        \"ec2:DescribeSnapshots\",\n        \"ec2:DescribeInstances\",\n        \"ec2:DescribeAvailabilityZones\"\n      ],\n      \"Resource\": \"*\"\n    },\n    {\n      \"Effect\": \"Allow\",\n      \"Action\": [\n        \"ec2:ModifyVolume\",\n        \"ec2:CreateSnapshot\"\n      ],\n      \"Resource\": \"arn:aws:ec2:*:*:volume/*\"\n    },\n    {\n      \"Effect\": \"Allow\",\n      \"Action\": [\n        \"ec2:DetachVolume\",\n        \"ec2:AttachVolume\"\n      ],\n      \"Resource\": [\n        \"arn:aws:ec2:*:*:volume/*\",\n        \"arn:aws:ec2:*:*:instance/*\"\n      ]\n    },\n    {\n      \"Effect\": \"Allow\",\n      \"Action\": [\n        \"ec2:EnableFastSnapshotRestores\",\n        \"ec2:CreateVolume\"\n      ],\n      \"Resource\": \"arn:aws:ec2:*:*:snapshot/*\"\n    },\n    {\n      \"Effect\": \"Allow\",\n      \"Action\": \"ec2:CreateTags\",\n      \"Resource\": [\n        \"arn:aws:ec2:*:*:volume/*\",\n        \"arn:aws:ec2:*:*:snapshot/*\"\n      ],\n      \"Condition\": {\n        \"StringEquals\": {\n          \"ec2:CreateAction\": [\n            \"CreateVolume\",\n            \"CreateSnapshot\"\n          ]\n        }\n      }\n    },\n    {\n      \"Effect\": \"Allow\",\n      \"Action\": \"ec2:DeleteTags\",\n      \"Resource\": [\n        \"arn:aws:ec2:*:*:volume/*\",\n        \"arn:aws:ec2:*:*:snapshot/*\"\n      ]\n    },\n    {\n      \"Effect\": \"Allow\",\n      \"Action\": \"ec2:CreateVolume\",\n      \"Resource\": \"arn:aws:ec2:*:*:volume/*\",\n      \"Condition\": {\n        \"StringLike\": {\n          \"aws:RequestTag/ebs.csi.aws.com/cluster\": \"true\"\n        }\n      }\n    },\n    {\n      \"Effect\": \"Allow\",\n      \"Action\": \"ec2:CreateVolume\",\n      \"Resource\": \"arn:aws:ec2:*:*:volume/*\",\n      \"Condition\": {\n        \"StringLike\": {\n          \"aws:RequestTag/CSIVolumeName\": \"*\"\n        }\n      }\n    },\n    {\n      \"Effect\": \"Allow\",\n      \"Action\": \"ec2:DeleteVolume\",\n      \"Resource\": \"arn:aws:ec2:*:*:volume/*\",\n      \"Condition\": {\n        \"StringLike\": {\n          \"aws:ResourceTag/ebs.csi.aws.com/cluster\": \"true\"\n        }\n      }\n    },\n    {\n      \"Effect\": \"Allow\",\n      \"Action\": \"ec2:DeleteVolume\",\n      \"Resource\": \"arn:aws:ec2:*:*:volume/*\",\n      \"Condition\": {\n        \"StringLike\": {\n          \"aws:ResourceTag/CSIVolumeName\": \"*\"\n        }\n      }\n    },\n    {\n      \"Effect\": \"Allow\",\n      \"Action\": \"ec2:DeleteVolume\",\n      \"Resource\": \"arn:aws:ec2:*:*:volume/*\",\n      \"Condition\": {\n        \"StringLike\": {\n          \"ec2:ResourceTag/kubernetes.io/created-for/pvc/name\": \"*\"\n        }\n      }\n    },\n    {\n      \"Effect\": \"Allow\",\n      \"Action\": \"ec2:CreateSnapshot\",\n      \"Resource\": \"arn:aws:ec2:*:*:snapshot/*\",\n      \"Condition\": {\n        \"StringLike\": {\n          \"aws:RequestTag/CSIVolumeSnapshotName\": \"*\"\n        }\n      }\n    },\n    {\n      \"Effect\": \"Allow\",\n      \"Action\": \"ec2:CreateSnapshot\",\n      \"Resource\": \"arn:aws:ec2:*:*:snapshot/*\",\n      \"Condition\": {\n        \"StringLike\": {\n          \"aws:RequestTag/ebs.csi.aws.com/cluster\": \"true\"\n        }\n      }\n    },\n    {\n      \"Effect\": \"Allow\",\n      \"Action\": \"ec2:DeleteSnapshot\",\n      \"Resource\": \"arn:aws:ec2:*:*:snapshot/*\",\n      \"Condition\": {\n        \"StringLike\": {\n          \"aws:ResourceTag/CSIVolumeSnapshotName\": \"*\"\n        }\n      }\n    },\n    {\n      \"Effect\": \"Allow\",\n      \"Action\": \"ec2:DeleteSnapshot\",\n      \"Resource\": \"arn:aws:ec2:*:*:snapshot/*\",\n      \"Condition\": {\n        \"StringLike\": {\n          \"aws:ResourceTag/ebs.csi.aws.com/cluster\": \"true\"\n        }\n      }\n    }\n  ]\n}",
            "minified_json": "{\"Version\":\"2012-10-17\",\"Statement\":[{\"Effect\":\"Allow\",\"Action\":[\"ec2:DescribeVolumesModifications\",\"ec2:DescribeVolumes\",\"ec2:DescribeTags\",\"ec2:DescribeSnapshots\",\"ec2:DescribeInstances\",\"ec2:DescribeAvailabilityZones\"],\"Resource\":\"*\"},{\"Effect\":\"Allow\",\"Action\":[\"ec2:ModifyVolume\",\"ec2:CreateSnapshot\"],\"Resource\":\"arn:aws:ec2:*:*:volume/*\"},{\"Effect\":\"Allow\",\"Action\":[\"ec2:DetachVolume\",\"ec2:AttachVolume\"],\"Resource\":[\"arn:aws:ec2:*:*:volume/*\",\"arn:aws:ec2:*:*:instance/*\"]},{\"Effect\":\"Allow\",\"Action\":[\"ec2:EnableFastSnapshotRestores\",\"ec2:CreateVolume\"],\"Resource\":\"arn:aws:ec2:*:*:snapshot/*\"},{\"Effect\":\"Allow\",\"Action\":\"ec2:CreateTags\",\"Resource\":[\"arn:aws:ec2:*:*:volume/*\",\"arn:aws:ec2:*:*:snapshot/*\"],\"Condition\":{\"StringEquals\":{\"ec2:CreateAction\":[\"CreateVolume\",\"CreateSnapshot\"]}}},{\"Effect\":\"Allow\",\"Action\":\"ec2:DeleteTags\",\"Resource\":[\"arn:aws:ec2:*:*:volume/*\",\"arn:aws:ec2:*:*:snapshot/*\"]},{\"Effect\":\"Allow\",\"Action\":\"ec2:CreateVolume\",\"Resource\":\"arn:aws:ec2:*:*:volume/*\",\"Condition\":{\"StringLike\":{\"aws:RequestTag/ebs.csi.aws.com/cluster\":\"true\"}}},{\"Effect\":\"Allow\",\"Action\":\"ec2:CreateVolume\",\"Resource\":\"arn:aws:ec2:*:*:volume/*\",\"Condition\":{\"StringLike\":{\"aws:RequestTag/CSIVolumeName\":\"*\"}}},{\"Effect\":\"Allow\",\"Action\":\"ec2:DeleteVolume\",\"Resource\":\"arn:aws:ec2:*:*:volume/*\",\"Condition\":{\"StringLike\":{\"aws:ResourceTag/ebs.csi.aws.com/cluster\":\"true\"}}},{\"Effect\":\"Allow\",\"Action\":\"ec2:DeleteVolume\",\"Resource\":\"arn:aws:ec2:*:*:volume/*\",\"Condition\":{\"StringLike\":{\"aws:ResourceTag/CSIVolumeName\":\"*\"}}},{\"Effect\":\"Allow\",\"Action\":\"ec2:DeleteVolume\",\"Resource\":\"arn:aws:ec2:*:*:volume/*\",\"Condition\":{\"StringLike\":{\"ec2:ResourceTag/kubernetes.io/created-for/pvc/name\":\"*\"}}},{\"Effect\":\"Allow\",\"Action\":\"ec2:CreateSnapshot\",\"Resource\":\"arn:aws:ec2:*:*:snapshot/*\",\"Condition\":{\"StringLike\":{\"aws:RequestTag/CSIVolumeSnapshotName\":\"*\"}}},{\"Effect\":\"Allow\",\"Action\":\"ec2:CreateSnapshot\",\"Resource\":\"arn:aws:ec2:*:*:snapshot/*\",\"Condition\":{\"StringLike\":{\"aws:RequestTag/ebs.csi.aws.com/cluster\":\"true\"}}},{\"Effect\":\"Allow\",\"Action\":\"ec2:DeleteSnapshot\",\"Resource\":\"arn:aws:ec2:*:*:snapshot/*\",\"Condition\":{\"StringLike\":{\"aws:ResourceTag/CSIVolumeSnapshotName\":\"*\"}}},{\"Effect\":\"Allow\",\"Action\":\"ec2:DeleteSnapshot\",\"Resource\":\"arn:aws:ec2:*:*:snapshot/*\",\"Condition\":{\"StringLike\":{\"aws:ResourceTag/ebs.csi.aws.com/cluster\":\"true\"}}}]}",
            "override_json": null,
            "override_policy_documents": null,
            "policy_id": null,
            "source_json": null,
            "source_policy_documents": null,
            "statement": [
              {
                "actions": [
                  "ec2:DescribeAvailabilityZones",
                  "ec2:DescribeInstances",
                  "ec2:DescribeSnapshots",
                  "ec2:DescribeTags",
                  "ec2:DescribeVolumes",
                  "ec2:DescribeVolumesModifications"
                ],
                "condition": [],
                "effect": "Allow",
                "not_actions": [],
                "not_principals": [],
                "not_resources": [],
                "principals": [],
                "resources": [
                  "*"
                ],
                "sid": ""
              },
              {
                "actions": [
                  "ec2:CreateSnapshot",
                  "ec2:ModifyVolume"
                ],
                "condition": [],
                "effect": "Allow",
                "not_actions": [],
                "not_principals": [],
                "not_resources": [],
                "principals": [],
                "resources": [
                  "arn:aws:ec2:*:*:volume/*"
                ],
                "sid": ""
              },
              {
                "actions": [
                  "ec2:AttachVolume",
                  "ec2:DetachVolume"
                ],
                "condition": [],
                "effect": "Allow",
                "not_actions": [],
                "not_principals": [],
                "not_resources": [],
                "principals": [],
                "resources": [
                  "arn:aws:ec2:*:*:instance/*",
                  "arn:aws:ec2:*:*:volume/*"
                ],
                "sid": ""
              },
              {
                "actions": [
                  "ec2:CreateVolume",
                  "ec2:EnableFastSnapshotRestores"
                ],
                "condition": [],
                "effect": "Allow",
                "not_actions": [],
                "not_principals": [],
                "not_resources": [],
                "principals": [],
                "resources": [
                  "arn:aws:ec2:*:*:snapshot/*"
                ],
                "sid": ""
              },
              {
                "actions": [
                  "ec2:CreateTags"
                ],
                "condition": [
                  {
                    "test": "StringEquals",
                    "values": [
                      "CreateVolume",
                      "CreateSnapshot"
                    ],
                    "variable": "ec2:CreateAction"
                  }
                ],
                "effect": "Allow",
                "not_actions": [],
                "not_principals": [],
                "not_resources": [],
                "principals": [],
                "resources": [
                  "arn:aws:ec2:*:*:snapshot/*",
                  "arn:aws:ec2:*:*:volume/*"
                ],
                "sid": ""
              },
              {
                "actions": [
                  "ec2:DeleteTags"
                ],
                "condition": [],
                "effect": "Allow",
                "not_actions": [],
                "not_principals": [],
                "not_resources": [],
                "principals": [],
                "resources": [
                  "arn:aws:ec2:*:*:snapshot/*",
                  "arn:aws:ec2:*:*:volume/*"
                ],
                "sid": ""
              },
              {
                "actions": [
                  "ec2:CreateVolume"
                ],
                "condition": [
                  {
                    "test": "StringLike",
                    "values": [
                      "true"
                    ],
                    "variable": "aws:RequestTag/ebs.csi.aws.com/cluster"
                  }
                ],
                "effect": "Allow",
                "not_actions": [],
                "not_principals": [],
                "not_resources": [],
                "principals": [],
                "resources": [
                  "arn:aws:ec2:*:*:volume/*"
                ],
                "sid": ""
              },
              {
                "actions": [
                  "ec2:CreateVolume"
                ],
                "condition": [
                  {
                    "test": "StringLike",
                    "values": [
                      "*"
                    ],
                    "variable": "aws:RequestTag/CSIVolumeName"
                  }
                ],
                "effect": "Allow",
                "not_actions": [],
                "not_principals": [],
                "not_resources": [],
                "principals": [],
                "resources": [
                  "arn:aws:ec2:*:*:volume/*"
                ],
                "sid": ""
              },
              {
                "actions": [
                  "ec2:DeleteVolume"
                ],
                "condition": [
                  {
                    "test": "StringLike",
                    "values": [
                      "true"
                    ],
                    "variable": "aws:ResourceTag/ebs.csi.aws.com/cluster"
                  }
                ],
                "effect": "Allow",
                "not_actions": [],
                "not_principals": [],
                "not_resources": [],
                "principals": [],
                "resources": [
                  "arn:aws:ec2:*:*:volume/*"
                ],
                "sid": ""
              },
              {
                "actions": [
                  "ec2:DeleteVolume"
                ],
                "condition": [
                  {
                    "test": "StringLike",
                    "values": [
                      "*"
                    ],
                    "variable": "aws:ResourceTag/CSIVolumeName"
                  }
                ],
                "effect": "Allow",
                "not_actions": [],
                "not_principals": [],
                "not_resources": [],
                "principals": [],
                "resources": [
                  "arn:aws:ec2:*:*:volume/*"
                ],
                "sid": ""
              },
              {
                "actions": [
                  "ec2:DeleteVolume"
                ],
                "condition": [
                  {
                    "test": "StringLike",
                    "values": [
                      "*"
                    ],
                    "variable": "ec2:ResourceTag/kubernetes.io/created-for/pvc/name"
                  }
                ],
                "effect": "Allow",
                "not_actions": [],
                "not_principals": [],
                "not_resources": [],
                "principals": [],
                "resources": [
                  "arn:aws:ec2:*:*:volume/*"
                ],
                "sid": ""
              },
              {
                "actions": [
                  "ec2:CreateSnapshot"
                ],
                "condition": [
                  {
                    "test": "StringLike",
                    "values": [
                      "*"
                    ],
                    "variable": "aws:RequestTag/CSIVolumeSnapshotName"
                  }
                ],
                "effect": "Allow",
                "not_actions": [],
                "not_principals": [],
                "not_resources": [],
                "principals": [],
                "resources": [
                  "arn:aws:ec2:*:*:snapshot/*"
                ],
                "sid": ""
              },
              {
                "actions": [
                  "ec2:CreateSnapshot"
                ],
                "condition": [
                  {
                    "test": "StringLike",
                    "values": [
                      "true"
                    ],
                    "variable": "aws:RequestTag/ebs.csi.aws.com/cluster"
                  }
                ],
                "effect": "Allow",
                "not_actions": [],
                "not_principals": [],
                "not_resources": [],
                "principals": [],
                "resources": [
                  "arn:aws:ec2:*:*:snapshot/*"
                ],
                "sid": ""
              },
              {
                "actions": [
                  "ec2:DeleteSnapshot"
                ],
                "condition": [
                  {
                    "test": "StringLike",
                    "values": [
                      "*"
                    ],
                    "variable": "aws:ResourceTag/CSIVolumeSnapshotName"
                  }
                ],
                "effect": "Allow",
                "not_actions": [],
                "not_principals": [],
                "not_resources": [],
                "principals": [],
                "resources": [
                  "arn:aws:ec2:*:*:snapshot/*"
                ],
                "sid": ""
              },
              {
                "actions": [
                  "ec2:DeleteSnapshot"
                ],
                "condition": [
                  {
                    "test": "StringLike",
                    "values": [
                      "true"
                    ],
                    "variable": "aws:ResourceTag/ebs.csi.aws.com/cluster"
                  }
                ],
                "effect": "Allow",
                "not_actions": [],
                "not_principals": [],
                "not_resources": [],
                "principals": [],
                "resources": [
                  "arn:aws:ec2:*:*:snapshot/*"
                ],
                "sid": ""
              }
            ],
            "version": "2012-10-17"
          },
          "sensitive_attributes": []
        }
      ]
    },
    {
      "module": "module.ebs_csi_irsa",
      "mode": "data",
      "type": "aws_iam_policy_document",
      "name": "efs_csi",
      "provider": "provider[\"registry.terraform.io/hashicorp/aws\"]",
      "instances": []
    },
    {
      "module": "module.ebs_csi_irsa",
      "mode": "data",
      "type": "aws_iam_policy_document",
      "name": "external_dns",
      "provider": "provider[\"registry.terraform.io/hashicorp/aws\"]",
      "instances": []
    },
    {
      "module": "module.ebs_csi_irsa",
      "mode": "data",
      "type": "aws_iam_policy_document",
      "name": "external_secrets",
      "provider": "provider[\"registry.terraform.io/hashicorp/aws\"]",
      "instances": []
    },
    {
      "module": "module.ebs_csi_irsa",
      "mode": "data",
      "type": "aws_iam_policy_document",
      "name": "fsx_lustre_csi",
      "provider": "provider[\"registry.terraform.io/hashicorp/aws\"]",
      "instances": []
    },
    {
      "module": "module.ebs_csi_irsa",
      "mode": "data",
      "type": "aws_iam_policy_document",
      "name": "fsx_openzfs_csi",
      "provider": "provider[\"registry.terraform.io/hashicorp/aws\"]",
      "instances": []
    },
    {
      "module": "module.ebs_csi_irsa",
      "mode": "data",
      "type": "aws_iam_policy_document",
      "name": "karpenter_controller",
      "provider": "provider[\"registry.terraform.io/hashicorp/aws\"]",
      "instances": []
    },
    {
      "module": "module.ebs_csi_irsa",
      "mode": "data",
      "type": "aws_iam_policy_document",
      "name": "load_balancer_controller",
      "provider": "provider[\"registry.terraform.io/hashicorp/aws\"]",
      "instances": []
    },
    {
      "module": "module.ebs_csi_irsa",
      "mode": "data",
      "type": "aws_iam_policy_document",
      "name": "load_balancer_controller_targetgroup_only",
      "provider": "provider[\"registry.terraform.io/hashicorp/aws\"]",
      "instances": []
    },
    {
      "module": "module.ebs_csi_irsa",
      "mode": "data",
      "type": "aws_iam_policy_document",
      "name": "mountpoint_s3_csi",
      "provider": "provider[\"registry.terraform.io/hashicorp/aws\"]",
      "instances": []
    },
    {
      "module": "module.ebs_csi_irsa",
      "mode": "data",
      "type": "aws_iam_policy_document",
      "name": "node_termination_handler",
      "provider": "provider[\"registry.terraform.io/hashicorp/aws\"]",
      "instances": []
    },
    {
      "module": "module.ebs_csi_irsa",
      "mode": "data",
      "type": "aws_iam_policy_document",
      "name": "this",
      "provider": "provider[\"registry.terraform.io/hashicorp/aws\"]",
      "instances": [
        {
          "index_key": 0,
          "schema_version": 0,
          "attributes": {
            "id": "214328930",
            "json": "{\n  \"Version\": \"2012-10-17\",\n  \"Statement\": [\n    {\n      \"Effect\": \"Allow\",\n      \"Action\": \"sts:AssumeRoleWithWebIdentity\",\n      \"Principal\": {\n        \"Federated\": \"arn:aws:iam::027423573553:oidc-provider/oidc.eks.us-west-2.amazonaws.com/id/91D986DCB52447A7F312838B02FCD62D\"\n      },\n      \"Condition\": {\n        \"StringEquals\": {\n          \"oidc.eks.us-west-2.amazonaws.com/id/91D986DCB52447A7F312838B02FCD62D:aud\": \"sts.amazonaws.com\",\n          \"oidc.eks.us-west-2.amazonaws.com/id/91D986DCB52447A7F312838B02FCD62D:sub\": \"system:serviceaccount:kube-system:ebs-csi-controller-sa\"\n        }\n      }\n    }\n  ]\n}",
            "minified_json": "{\"Version\":\"2012-10-17\",\"Statement\":[{\"Effect\":\"Allow\",\"Action\":\"sts:AssumeRoleWithWebIdentity\",\"Principal\":{\"Federated\":\"arn:aws:iam::027423573553:oidc-provider/oidc.eks.us-west-2.amazonaws.com/id/91D986DCB52447A7F312838B02FCD62D\"},\"Condition\":{\"StringEquals\":{\"oidc.eks.us-west-2.amazonaws.com/id/91D986DCB52447A7F312838B02FCD62D:aud\":\"sts.amazonaws.com\",\"oidc.eks.us-west-2.amazonaws.com/id/91D986DCB52447A7F312838B02FCD62D:sub\":\"system:serviceaccount:kube-system:ebs-csi-controller-sa\"}}}]}",
            "override_json": null,
            "override_policy_documents": null,
            "policy_id": null,
            "source_json": null,
            "source_policy_documents": null,
            "statement": [
              {
                "actions": [
                  "sts:AssumeRoleWithWebIdentity"
                ],
                "condition": [
                  {
                    "test": "StringEquals",
                    "values": [
                      "sts.amazonaws.com"
                    ],
                    "variable": "oidc.eks.us-west-2.amazonaws.com/id/91D986DCB52447A7F312838B02FCD62D:aud"
                  },
                  {
                    "test": "StringEquals",
                    "values": [
                      "system:serviceaccount:kube-system:ebs-csi-controller-sa"
                    ],
                    "variable": "oidc.eks.us-west-2.amazonaws.com/id/91D986DCB52447A7F312838B02FCD62D:sub"
                  }
                ],
                "effect": "Allow",
                "not_actions": [],
                "not_principals": [],
                "not_resources": [],
                "principals": [
                  {
                    "identifiers": [
                      "arn:aws:iam::027423573553:oidc-provider/oidc.eks.us-west-2.amazonaws.com/id/91D986DCB52447A7F312838B02FCD62D"
                    ],
                    "type": "Federated"
                  }
                ],
                "resources": [],
                "sid": ""
              }
            ],
            "version": "2012-10-17"
          },
          "sensitive_attributes": []
        }
      ]
    },
    {
      "module": "module.ebs_csi_irsa",
      "mode": "data",
      "type": "aws_iam_policy_document",
      "name": "velero",
      "provider": "provider[\"registry.terraform.io/hashicorp/aws\"]",
      "instances": []
    },
    {
      "module": "module.ebs_csi_irsa",
      "mode": "data",
      "type": "aws_iam_policy_document",
      "name": "vpc_cni",
      "provider": "provider[\"registry.terraform.io/hashicorp/aws\"]",
      "instances": []
    },
    {
      "module": "module.ebs_csi_irsa",
      "mode": "data",
      "type": "aws_partition",
      "name": "current",
      "provider": "provider[\"registry.terraform.io/hashicorp/aws\"]",
      "instances": [
        {
          "schema_version": 0,
          "attributes": {
            "dns_suffix": "amazonaws.com",
            "id": "aws",
            "partition": "aws",
            "reverse_dns_prefix": "com.amazonaws"
          },
          "sensitive_attributes": []
        }
      ]
    },
    {
      "module": "module.ebs_csi_irsa",
      "mode": "data",
      "type": "aws_region",
      "name": "current",
      "provider": "provider[\"registry.terraform.io/hashicorp/aws\"]",
      "instances": [
        {
          "schema_version": 0,
          "attributes": {
            "description": "US West (Oregon)",
            "endpoint": "ec2.us-west-2.amazonaws.com",
            "id": "us-west-2",
            "name": "us-west-2"
          },
          "sensitive_attributes": []
        }
      ]
    },
    {
      "module": "module.ebs_csi_irsa",
      "mode": "managed",
      "type": "aws_iam_policy",
      "name": "amazon_managed_service_prometheus",
      "provider": "provider[\"registry.terraform.io/hashicorp/aws\"]",
      "instances": []
    },
    {
      "module": "module.ebs_csi_irsa",
      "mode": "managed",
      "type": "aws_iam_policy",
      "name": "appmesh_controller",
      "provider": "provider[\"registry.terraform.io/hashicorp/aws\"]",
      "instances": []
    },
    {
      "module": "module.ebs_csi_irsa",
      "mode": "managed",
      "type": "aws_iam_policy",
      "name": "appmesh_envoy_proxy",
      "provider": "provider[\"registry.terraform.io/hashicorp/aws\"]",
      "instances": []
    },
    {
      "module": "module.ebs_csi_irsa",
      "mode": "managed",
      "type": "aws_iam_policy",
      "name": "aws_gateway_controller",
      "provider": "provider[\"registry.terraform.io/hashicorp/aws\"]",
      "instances": []
    },
    {
      "module": "module.ebs_csi_irsa",
      "mode": "managed",
      "type": "aws_iam_policy",
      "name": "cert_manager",
      "provider": "provider[\"registry.terraform.io/hashicorp/aws\"]",
      "instances": []
    },
    {
      "module": "module.ebs_csi_irsa",
      "mode": "managed",
      "type": "aws_iam_policy",
      "name": "cluster_autoscaler",
      "provider": "provider[\"registry.terraform.io/hashicorp/aws\"]",
      "instances": []
    },
    {
      "module": "module.ebs_csi_irsa",
      "mode": "managed",
      "type": "aws_iam_policy",
      "name": "ebs_csi",
      "provider": "provider[\"registry.terraform.io/hashicorp/aws\"]",
      "instances": [
        {
          "index_key": 0,
          "schema_version": 0,
          "attributes": {
            "arn": "arn:aws:iam::027423573553:policy/AmazonEKS_EBS_CSI_Policy-20260318201827555200000005",
            "attachment_count": 1,
            "description": "Provides permissions to manage EBS volumes via the container storage interface driver",
            "id": "arn:aws:iam::027423573553:policy/AmazonEKS_EBS_CSI_Policy-20260318201827555200000005",
            "name": "AmazonEKS_EBS_CSI_Policy-20260318201827555200000005",
            "name_prefix": "AmazonEKS_EBS_CSI_Policy-",
            "path": "/",
            "policy": "{\"Statement\":[{\"Action\":[\"ec2:DescribeVolumesModifications\",\"ec2:DescribeVolumes\",\"ec2:DescribeTags\",\"ec2:DescribeSnapshots\",\"ec2:DescribeInstances\",\"ec2:DescribeAvailabilityZones\"],\"Effect\":\"Allow\",\"Resource\":\"*\"},{\"Action\":[\"ec2:ModifyVolume\",\"ec2:CreateSnapshot\"],\"Effect\":\"Allow\",\"Resource\":\"arn:aws:ec2:*:*:volume/*\"},{\"Action\":[\"ec2:DetachVolume\",\"ec2:AttachVolume\"],\"Effect\":\"Allow\",\"Resource\":[\"arn:aws:ec2:*:*:volume/*\",\"arn:aws:ec2:*:*:instance/*\"]},{\"Action\":[\"ec2:EnableFastSnapshotRestores\",\"ec2:CreateVolume\"],\"Effect\":\"Allow\",\"Resource\":\"arn:aws:ec2:*:*:snapshot/*\"},{\"Action\":\"ec2:CreateTags\",\"Condition\":{\"StringEquals\":{\"ec2:CreateAction\":[\"CreateVolume\",\"CreateSnapshot\"]}},\"Effect\":\"Allow\",\"Resource\":[\"arn:aws:ec2:*:*:volume/*\",\"arn:aws:ec2:*:*:snapshot/*\"]},{\"Action\":\"ec2:DeleteTags\",\"Effect\":\"Allow\",\"Resource\":[\"arn:aws:ec2:*:*:volume/*\",\"arn:aws:ec2:*:*:snapshot/*\"]},{\"Action\":\"ec2:CreateVolume\",\"Condition\":{\"StringLike\":{\"aws:RequestTag/ebs.csi.aws.com/cluster\":\"true\"}},\"Effect\":\"Allow\",\"Resource\":\"arn:aws:ec2:*:*:volume/*\"},{\"Action\":\"ec2:CreateVolume\",\"Condition\":{\"StringLike\":{\"aws:RequestTag/CSIVolumeName\":\"*\"}},\"Effect\":\"Allow\",\"Resource\":\"arn:aws:ec2:*:*:volume/*\"},{\"Action\":\"ec2:DeleteVolume\",\"Condition\":{\"StringLike\":{\"aws:ResourceTag/ebs.csi.aws.com/cluster\":\"true\"}},\"Effect\":\"Allow\",\"Resource\":\"arn:aws:ec2:*:*:volume/*\"},{\"Action\":\"ec2:DeleteVolume\",\"Condition\":{\"StringLike\":{\"aws:ResourceTag/CSIVolumeName\":\"*\"}},\"Effect\":\"Allow\",\"Resource\":\"arn:aws:ec2:*:*:volume/*\"},{\"Action\":\"ec2:DeleteVolume\",\"Condition\":{\"StringLike\":{\"ec2:ResourceTag/kubernetes.io/created-for/pvc/name\":\"*\"}},\"Effect\":\"Allow\",\"Resource\":\"arn:aws:ec2:*:*:volume/*\"},{\"Action\":\"ec2:CreateSnapshot\",\"Condition\":{\"StringLike\":{\"aws:RequestTag/CSIVolumeSnapshotName\":\"*\"}},\"Effect\":\"Allow\",\"Resource\":\"arn:aws:ec2:*:*:snapshot/*\"},{\"Action\":\"ec2:CreateSnapshot\",\"Condition\":{\"StringLike\":{\"aws:RequestTag/ebs.csi.aws.com/cluster\":\"true\"}},\"Effect\":\"Allow\",\"Resource\":\"arn:aws:ec2:*:*:snapshot/*\"},{\"Action\":\"ec2:DeleteSnapshot\",\"Condition\":{\"StringLike\":{\"aws:ResourceTag/CSIVolumeSnapshotName\":\"*\"}},\"Effect\":\"Allow\",\"Resource\":\"arn:aws:ec2:*:*:snapshot/*\"},{\"Action\":\"ec2:DeleteSnapshot\",\"Condition\":{\"StringLike\":{\"aws:ResourceTag/ebs.csi.aws.com/cluster\":\"true\"}},\"Effect\":\"Allow\",\"Resource\":\"arn:aws:ec2:*:*:snapshot/*\"}],\"Version\":\"2012-10-17\"}",
            "policy_id": "ANPAQMYUSQYYQZREZBTEK",
            "tags": {},
            "tags_all": {
              "ManagedBy": "terraform",
              "Project": "observability-stack"
            }
          },
          "sensitive_attributes": [],
          "private": "bnVsbA==",
          "dependencies": [
            "module.ebs_csi_irsa.data.aws_iam_policy_document.ebs_csi",
            "module.ebs_csi_irsa.data.aws_partition.current"
          ]
        }
      ]
    },
    {
      "module": "module.ebs_csi_irsa",
      "mode": "managed",
      "type": "aws_iam_policy",
      "name": "efs_csi",
      "provider": "provider[\"registry.terraform.io/hashicorp/aws\"]",
      "instances": []
    },
    {
      "module": "module.ebs_csi_irsa",
      "mode": "managed",
      "type": "aws_iam_policy",
      "name": "external_dns",
      "provider": "provider[\"registry.terraform.io/hashicorp/aws\"]",
      "instances": []
    },
    {
      "module": "module.ebs_csi_irsa",
      "mode": "managed",
      "type": "aws_iam_policy",
      "name": "external_secrets",
      "provider": "provider[\"registry.terraform.io/hashicorp/aws\"]",
      "instances": []
    },
    {
      "module": "module.ebs_csi_irsa",
      "mode": "managed",
      "type": "aws_iam_policy",
      "name": "fsx_lustre_csi",
      "provider": "provider[\"registry.terraform.io/hashicorp/aws\"]",
      "instances": []
    },
    {
      "module": "module.ebs_csi_irsa",
      "mode": "managed",
      "type": "aws_iam_policy",
      "name": "fsx_openzfs_csi",
      "provider": "provider[\"registry.terraform.io/hashicorp/aws\"]",
      "instances": []
    },
    {
      "module": "module.ebs_csi_irsa",
      "mode": "managed",
      "type": "aws_iam_policy",
      "name": "karpenter_controller",
      "provider": "provider[\"registry.terraform.io/hashicorp/aws\"]",
      "instances": []
    },
    {
      "module": "module.ebs_csi_irsa",
      "mode": "managed",
      "type": "aws_iam_policy",
      "name": "load_balancer_controller",
      "provider": "provider[\"registry.terraform.io/hashicorp/aws\"]",
      "instances": []
    },
    {
      "module": "module.ebs_csi_irsa",
      "mode": "managed",
      "type": "aws_iam_policy",
      "name": "load_balancer_controller_targetgroup_only",
      "provider": "provider[\"registry.terraform.io/hashicorp/aws\"]",
      "instances": []
    },
    {
      "module": "module.ebs_csi_irsa",
      "mode": "managed",
      "type": "aws_iam_policy",
      "name": "mountpoint_s3_csi",
      "provider": "provider[\"registry.terraform.io/hashicorp/aws\"]",
      "instances": []
    },
    {
      "module": "module.ebs_csi_irsa",
      "mode": "managed",
      "type": "aws_iam_policy",
      "name": "node_termination_handler",
      "provider": "provider[\"registry.terraform.io/hashicorp/aws\"]",
      "instances": []
    },
    {
      "module": "module.ebs_csi_irsa",
      "mode": "managed",
      "type": "aws_iam_policy",
      "name": "velero",
      "provider": "provider[\"registry.terraform.io/hashicorp/aws\"]",
      "instances": []
    },
    {
      "module": "module.ebs_csi_irsa",
      "mode": "managed",
      "type": "aws_iam_policy",
      "name": "vpc_cni",
      "provider": "provider[\"registry.terraform.io/hashicorp/aws\"]",
      "instances": []
    },
    {
      "module": "module.ebs_csi_irsa",
      "mode": "managed",
      "type": "aws_iam_role",
      "name": "this",
      "provider": "provider[\"registry.terraform.io/hashicorp/aws\"]",
      "instances": [
        {
          "index_key": 0,
          "schema_version": 0,
          "attributes": {
            "arn": "arn:aws:iam::027423573553:role/observability-stack-ebs-csi",
            "assume_role_policy": "{\"Statement\":[{\"Action\":\"sts:AssumeRoleWithWebIdentity\",\"Condition\":{\"StringEquals\":{\"oidc.eks.us-west-2.amazonaws.com/id/91D986DCB52447A7F312838B02FCD62D:aud\":\"sts.amazonaws.com\",\"oidc.eks.us-west-2.amazonaws.com/id/91D986DCB52447A7F312838B02FCD62D:sub\":\"system:serviceaccount:kube-system:ebs-csi-controller-sa\"}},\"Effect\":\"Allow\",\"Principal\":{\"Federated\":\"arn:aws:iam::027423573553:oidc-provider/oidc.eks.us-west-2.amazonaws.com/id/91D986DCB52447A7F312838B02FCD62D\"}}],\"Version\":\"2012-10-17\"}",
            "create_date": "2026-03-18T20:28:14Z",
            "description": "",
            "force_detach_policies": true,
            "id": "observability-stack-ebs-csi",
            "inline_policy": [],
            "managed_policy_arns": [
              "arn:aws:iam::027423573553:policy/AmazonEKS_EBS_CSI_Policy-20260318201827555200000005"
            ],
            "max_session_duration": 3600,
            "name": "observability-stack-ebs-csi",
            "name_prefix": "",
            "path": "/",
            "permissions_boundary": "",
            "tags": {},
            "tags_all": {
              "ManagedBy": "terraform",
              "Project": "observability-stack"
            },
            "unique_id": "AROAQMYUSQYY7QHA4MYZO"
          },
          "sensitive_attributes": [],
          "private": "bnVsbA==",
          "dependencies": [
            "data.aws_availability_zones.available",
            "module.ebs_csi_irsa.data.aws_caller_identity.current",
            "module.ebs_csi_irsa.data.aws_iam_policy_document.this",
            "module.ebs_csi_irsa.data.aws_partition.current",
            "module.eks.aws_cloudwatch_log_group.this",
            "module.eks.aws_eks_cluster.this",
            "module.eks.aws_iam_openid_connect_provider.oidc_provider",
            "module.eks.aws_iam_policy.cni_ipv6_policy",
            "module.eks.aws_iam_role.eks_auto",
            "module.eks.aws_iam_role.this",
            "module.eks.aws_iam_role_policy_attachment.this",
            "module.eks.aws_security_group.cluster",
            "module.eks.aws_security_group.node",
            "module.eks.aws_security_group_rule.cluster",
            "module.eks.aws_security_group_rule.node",
            "module.eks.data.aws_caller_identity.current",
            "module.eks.data.aws_iam_policy_document.assume_role_policy",
            "module.eks.data.aws_iam_policy_document.cni_ipv6_policy",
            "module.eks.data.aws_iam_policy_document.node_assume_role_policy",
            "module.eks.data.aws_iam_session_context.current",
            "module.eks.data.aws_partition.current",
            "module.eks.data.tls_certificate.this",
            "module.eks.module.kms.aws_kms_external_key.this",
            "module.eks.module.kms.aws_kms_key.this",
            "module.eks.module.kms.aws_kms_replica_external_key.this",
            "module.eks.module.kms.aws_kms_replica_key.this",
            "module.eks.module.kms.data.aws_caller_identity.current",
            "module.eks.module.kms.data.aws_iam_policy_document.this",
            "module.eks.module.kms.data.aws_partition.current",
            "module.vpc.aws_subnet.private",
            "module.vpc.aws_vpc.this",
            "module.vpc.aws_vpc_ipv4_cidr_block_association.this"
          ]
        }
      ]
    },
    {
      "module": "module.ebs_csi_irsa",
      "mode": "managed",
      "type": "aws_iam_role_policy_attachment",
      "name": "amazon_cloudwatch_observability",
      "provider": "provider[\"registry.terraform.io/hashicorp/aws\"]",
      "instances": []
    },
    {
      "module": "module.ebs_csi_irsa",
      "mode": "managed",
      "type": "aws_iam_role_policy_attachment",
      "name": "amazon_managed_service_prometheus",
      "provider": "provider[\"registry.terraform.io/hashicorp/aws\"]",
      "instances": []
    },
    {
      "module": "module.ebs_csi_irsa",
      "mode": "managed",
      "type": "aws_iam_role_policy_attachment",
      "name": "appmesh_controller",
      "provider": "provider[\"registry.terraform.io/hashicorp/aws\"]",
      "instances": []
    },
    {
      "module": "module.ebs_csi_irsa",
      "mode": "managed",
      "type": "aws_iam_role_policy_attachment",
      "name": "appmesh_envoy_proxy",
      "provider": "provider[\"registry.terraform.io/hashicorp/aws\"]",
      "instances": []
    },
    {
      "module": "module.ebs_csi_irsa",
      "mode": "managed",
      "type": "aws_iam_role_policy_attachment",
      "name": "aws_gateway_controller",
      "provider": "provider[\"registry.terraform.io/hashicorp/aws\"]",
      "instances": []
    },
    {
      "module": "module.ebs_csi_irsa",
      "mode": "managed",
      "type": "aws_iam_role_policy_attachment",
      "name": "cert_manager",
      "provider": "provider[\"registry.terraform.io/hashicorp/aws\"]",
      "instances": []
    },
    {
      "module": "module.ebs_csi_irsa",
      "mode": "managed",
      "type": "aws_iam_role_policy_attachment",
      "name": "cluster_autoscaler",
      "provider": "provider[\"registry.terraform.io/hashicorp/aws\"]",
      "instances": []
    },
    {
      "module": "module.ebs_csi_irsa",
      "mode": "managed",
      "type": "aws_iam_role_policy_attachment",
      "name": "ebs_csi",
      "provider": "provider[\"registry.terraform.io/hashicorp/aws\"]",
      "instances": [
        {
          "index_key": 0,
          "schema_version": 0,
          "attributes": {
            "id": "observability-stack-ebs-csi-20260318202815382700000015",
            "policy_arn": "arn:aws:iam::027423573553:policy/AmazonEKS_EBS_CSI_Policy-20260318201827555200000005",
            "role": "observability-stack-ebs-csi"
          },
          "sensitive_attributes": [],
          "private": "bnVsbA==",
          "dependencies": [
            "data.aws_availability_zones.available",
            "module.ebs_csi_irsa.aws_iam_policy.ebs_csi",
            "module.ebs_csi_irsa.aws_iam_role.this",
            "module.ebs_csi_irsa.data.aws_caller_identity.current",
            "module.ebs_csi_irsa.data.aws_iam_policy_document.ebs_csi",
            "module.ebs_csi_irsa.data.aws_iam_policy_document.this",
            "module.ebs_csi_irsa.data.aws_partition.current",
            "module.eks.aws_cloudwatch_log_group.this",
            "module.eks.aws_eks_cluster.this",
            "module.eks.aws_iam_openid_connect_provider.oidc_provider",
            "module.eks.aws_iam_policy.cni_ipv6_policy",
            "module.eks.aws_iam_role.eks_auto",
            "module.eks.aws_iam_role.this",
            "module.eks.aws_iam_role_policy_attachment.this",
            "module.eks.aws_security_group.cluster",
            "module.eks.aws_security_group.node",
            "module.eks.aws_security_group_rule.cluster",
            "module.eks.aws_security_group_rule.node",
            "module.eks.data.aws_caller_identity.current",
            "module.eks.data.aws_iam_policy_document.assume_role_policy",
            "module.eks.data.aws_iam_policy_document.cni_ipv6_policy",
            "module.eks.data.aws_iam_policy_document.node_assume_role_policy",
            "module.eks.data.aws_iam_session_context.current",
            "module.eks.data.aws_partition.current",
            "module.eks.data.tls_certificate.this",
            "module.eks.module.kms.aws_kms_external_key.this",
            "module.eks.module.kms.aws_kms_key.this",
            "module.eks.module.kms.aws_kms_replica_external_key.this",
            "module.eks.module.kms.aws_kms_replica_key.this",
            "module.eks.module.kms.data.aws_caller_identity.current",
            "module.eks.module.kms.data.aws_iam_policy_document.this",
            "module.eks.module.kms.data.aws_partition.current",
            "module.vpc.aws_subnet.private",
            "module.vpc.aws_vpc.this",
            "module.vpc.aws_vpc_ipv4_cidr_block_association.this"
          ]
        }
      ]
    },
    {
      "module": "module.ebs_csi_irsa",
      "mode": "managed",
      "type": "aws_iam_role_policy_attachment",
      "name": "efs_csi",
      "provider": "provider[\"registry.terraform.io/hashicorp/aws\"]",
      "instances": []
    },
    {
      "module": "module.ebs_csi_irsa",
      "mode": "managed",
      "type": "aws_iam_role_policy_attachment",
      "name": "external_dns",
      "provider": "provider[\"registry.terraform.io/hashicorp/aws\"]",
      "instances": []
    },
    {
      "module": "module.ebs_csi_irsa",
      "mode": "managed",
      "type": "aws_iam_role_policy_attachment",
      "name": "external_secrets",
      "provider": "provider[\"registry.terraform.io/hashicorp/aws\"]",
      "instances": []
    },
    {
      "module": "module.ebs_csi_irsa",
      "mode": "managed",
      "type": "aws_iam_role_policy_attachment",
      "name": "fsx_lustre_csi",
      "provider": "provider[\"registry.terraform.io/hashicorp/aws\"]",
      "instances": []
    },
    {
      "module": "module.ebs_csi_irsa",
      "mode": "managed",
      "type": "aws_iam_role_policy_attachment",
      "name": "fsx_openzfs_csi",
      "provider": "provider[\"registry.terraform.io/hashicorp/aws\"]",
      "instances": []
    },
    {
      "module": "module.ebs_csi_irsa",
      "mode": "managed",
      "type": "aws_iam_role_policy_attachment",
      "name": "karpenter_controller",
      "provider": "provider[\"registry.terraform.io/hashicorp/aws\"]",
      "instances": []
    },
    {
      "module": "module.ebs_csi_irsa",
      "mode": "managed",
      "type": "aws_iam_role_policy_attachment",
      "name": "load_balancer_controller",
      "provider": "provider[\"registry.terraform.io/hashicorp/aws\"]",
      "instances": []
    },
    {
      "module": "module.ebs_csi_irsa",
      "mode": "managed",
      "type": "aws_iam_role_policy_attachment",
      "name": "load_balancer_controller_targetgroup_only",
      "provider": "provider[\"registry.terraform.io/hashicorp/aws\"]",
      "instances": []
    },
    {
      "module": "module.ebs_csi_irsa",
      "mode": "managed",
      "type": "aws_iam_role_policy_attachment",
      "name": "mountpoint_s3_csi",
      "provider": "provider[\"registry.terraform.io/hashicorp/aws\"]",
      "instances": []
    },
    {
      "module": "module.ebs_csi_irsa",
      "mode": "managed",
      "type": "aws_iam_role_policy_attachment",
      "name": "node_termination_handler",
      "provider": "provider[\"registry.terraform.io/hashicorp/aws\"]",
      "instances": []
    },
    {
      "module": "module.ebs_csi_irsa",
      "mode": "managed",
      "type": "aws_iam_role_policy_attachment",
      "name": "this",
      "provider": "provider[\"registry.terraform.io/hashicorp/aws\"]",
      "instances": []
    },
    {
      "module": "module.ebs_csi_irsa",
      "mode": "managed",
      "type": "aws_iam_role_policy_attachment",
      "name": "velero",
      "provider": "provider[\"registry.terraform.io/hashicorp/aws\"]",
      "instances": []
    },
    {
      "module": "module.ebs_csi_irsa",
      "mode": "managed",
      "type": "aws_iam_role_policy_attachment",
      "name": "vpc_cni",
      "provider": "provider[\"registry.terraform.io/hashicorp/aws\"]",
      "instances": []
    },
    {
      "module": "module.eks",
      "mode": "data",
      "type": "aws_caller_identity",
      "name": "current",
      "provider": "provider[\"registry.terraform.io/hashicorp/aws\"]",
      "instances": [
        {
          "index_key": 0,
          "schema_version": 0,
          "attributes": {
            "account_id": "027423573553",
            "arn": "arn:aws:sts::027423573553:assumed-role/Admin/kylhouns-Isengard",
            "id": "027423573553",
            "user_id": "AROAQMYUSQYYXMMZMGMPD:kylhouns-Isengard"
          },
          "sensitive_attributes": []
        }
      ]
    },
    {
      "module": "module.eks",
      "mode": "data",
      "type": "aws_eks_addon_version",
      "name": "this",
      "provider": "provider[\"registry.terraform.io/hashicorp/aws\"]",
      "instances": [
        {
          "index_key": "aws-ebs-csi-driver",
          "schema_version": 0,
          "attributes": {
            "addon_name": "aws-ebs-csi-driver",
            "id": "aws-ebs-csi-driver",
            "kubernetes_version": "1.32",
            "most_recent": false,
            "version": "v1.56.0-eksbuild.1"
          },
          "sensitive_attributes": []
        },
        {
          "index_key": "coredns",
          "schema_version": 0,
          "attributes": {
            "addon_name": "coredns",
            "id": "coredns",
            "kubernetes_version": "1.32",
            "most_recent": false,
            "version": "v1.11.4-eksbuild.2"
          },
          "sensitive_attributes": []
        },
        {
          "index_key": "eks-pod-identity-agent",
          "schema_version": 0,
          "attributes": {
            "addon_name": "eks-pod-identity-agent",
            "id": "eks-pod-identity-agent",
            "kubernetes_version": "1.32",
            "most_recent": false,
            "version": "v1.3.10-eksbuild.2"
          },
          "sensitive_attributes": []
        },
        {
          "index_key": "kube-proxy",
          "schema_version": 0,
          "attributes": {
            "addon_name": "kube-proxy",
            "id": "kube-proxy",
            "kubernetes_version": "1.32",
            "most_recent": false,
            "version": "v1.32.6-eksbuild.12"
          },
          "sensitive_attributes": []
        },
        {
          "index_key": "vpc-cni",
          "schema_version": 0,
          "attributes": {
            "addon_name": "vpc-cni",
            "id": "vpc-cni",
            "kubernetes_version": "1.32",
            "most_recent": false,
            "version": "v1.20.4-eksbuild.2"
          },
          "sensitive_attributes": []
        }
      ]
    },
    {
      "module": "module.eks",
      "mode": "data",
      "type": "aws_iam_policy_document",
      "name": "assume_role_policy",
      "provider": "provider[\"registry.terraform.io/hashicorp/aws\"]",
      "instances": [
        {
          "index_key": 0,
          "schema_version": 0,
          "attributes": {
            "id": "2830595799",
            "json": "{\n  \"Version\": \"2012-10-17\",\n  \"Statement\": [\n    {\n      \"Sid\": \"EKSClusterAssumeRole\",\n      \"Effect\": \"Allow\",\n      \"Action\": [\n        \"sts:TagSession\",\n        \"sts:AssumeRole\"\n      ],\n      \"Principal\": {\n        \"Service\": \"eks.amazonaws.com\"\n      }\n    }\n  ]\n}",
            "minified_json": "{\"Version\":\"2012-10-17\",\"Statement\":[{\"Sid\":\"EKSClusterAssumeRole\",\"Effect\":\"Allow\",\"Action\":[\"sts:TagSession\",\"sts:AssumeRole\"],\"Principal\":{\"Service\":\"eks.amazonaws.com\"}}]}",
            "override_json": null,
            "override_policy_documents": null,
            "policy_id": null,
            "source_json": null,
            "source_policy_documents": null,
            "statement": [
              {
                "actions": [
                  "sts:AssumeRole",
                  "sts:TagSession"
                ],
                "condition": [],
                "effect": "Allow",
                "not_actions": [],
                "not_principals": [],
                "not_resources": [],
                "principals": [
                  {
                    "identifiers": [
                      "eks.amazonaws.com"
                    ],
                    "type": "Service"
                  }
                ],
                "resources": [],
                "sid": "EKSClusterAssumeRole"
              }
            ],
            "version": "2012-10-17"
          },
          "sensitive_attributes": []
        }
      ]
    },
    {
      "module": "module.eks",
      "mode": "data",
      "type": "aws_iam_policy_document",
      "name": "cni_ipv6_policy",
      "provider": "provider[\"registry.terraform.io/hashicorp/aws\"]",
      "instances": []
    },
    {
      "module": "module.eks",
      "mode": "data",
      "type": "aws_iam_policy_document",
      "name": "custom",
      "provider": "provider[\"registry.terraform.io/hashicorp/aws\"]",
      "instances": [
        {
          "index_key": 0,
          "schema_version": 0,
          "attributes": {
            "id": "513122117",
            "json": "{\n  \"Version\": \"2012-10-17\",\n  \"Statement\": [\n    {\n      \"Sid\": \"Compute\",\n      \"Effect\": \"Allow\",\n      \"Action\": [\n        \"ec2:RunInstances\",\n        \"ec2:CreateLaunchTemplate\",\n        \"ec2:CreateFleet\"\n      ],\n      \"Resource\": \"*\",\n      \"Condition\": {\n        \"StringEquals\": {\n          \"aws:RequestTag/eks:eks-cluster-name\": \"${aws:PrincipalTag/eks:eks-cluster-name}\"\n        },\n        \"StringLike\": {\n          \"aws:RequestTag/eks:kubernetes-node-class-name\": \"*\",\n          \"aws:RequestTag/eks:kubernetes-node-pool-name\": \"*\"\n        }\n      }\n    },\n    {\n      \"Sid\": \"Storage\",\n      \"Effect\": \"Allow\",\n      \"Action\": [\n        \"ec2:CreateVolume\",\n        \"ec2:CreateSnapshot\"\n      ],\n      \"Resource\": [\n        \"arn:aws:ec2:*:*:volume/*\",\n        \"arn:aws:ec2:*:*:snapshot/*\"\n      ],\n      \"Condition\": {\n        \"StringEquals\": {\n          \"aws:RequestTag/eks:eks-cluster-name\": \"${aws:PrincipalTag/eks:eks-cluster-name}\"\n        }\n      }\n    },\n    {\n      \"Sid\": \"Networking\",\n      \"Effect\": \"Allow\",\n      \"Action\": \"ec2:CreateNetworkInterface\",\n      \"Resource\": \"*\",\n      \"Condition\": {\n        \"StringEquals\": {\n          \"aws:RequestTag/eks:eks-cluster-name\": \"${aws:PrincipalTag/eks:eks-cluster-name}\",\n          \"aws:RequestTag/eks:kubernetes-cni-node-name\": \"*\"\n        }\n      }\n    },\n    {\n      \"Sid\": \"LoadBalancer\",\n      \"Effect\": \"Allow\",\n      \"Action\": [\n        \"elasticloadbalancing:CreateTargetGroup\",\n        \"elasticloadbalancing:CreateRule\",\n        \"elasticloadbalancing:CreateLoadBalancer\",\n        \"elasticloadbalancing:CreateListener\",\n        \"ec2:CreateSecurityGroup\"\n      ],\n      \"Resource\": \"*\",\n      \"Condition\": {\n        \"StringEquals\": {\n          \"aws:RequestTag/eks:eks-cluster-name\": \"${aws:PrincipalTag/eks:eks-cluster-name}\"\n        }\n      }\n    },\n    {\n      \"Sid\": \"ShieldProtection\",\n      \"Effect\": \"Allow\",\n      \"Action\": \"shield:CreateProtection\",\n      \"Resource\": \"*\",\n      \"Condition\": {\n        \"StringEquals\": {\n          \"aws:RequestTag/eks:eks-cluster-name\": \"${aws:PrincipalTag/eks:eks-cluster-name}\"\n        }\n      }\n    },\n    {\n      \"Sid\": \"ShieldTagResource\",\n      \"Effect\": \"Allow\",\n      \"Action\": \"shield:TagResource\",\n      \"Resource\": \"arn:aws:shield::*:protection/*\",\n      \"Condition\": {\n        \"StringEquals\": {\n          \"aws:RequestTag/eks:eks-cluster-name\": \"${aws:PrincipalTag/eks:eks-cluster-name}\"\n        }\n      }\n    }\n  ]\n}",
            "minified_json": "{\"Version\":\"2012-10-17\",\"Statement\":[{\"Sid\":\"Compute\",\"Effect\":\"Allow\",\"Action\":[\"ec2:RunInstances\",\"ec2:CreateLaunchTemplate\",\"ec2:CreateFleet\"],\"Resource\":\"*\",\"Condition\":{\"StringEquals\":{\"aws:RequestTag/eks:eks-cluster-name\":\"${aws:PrincipalTag/eks:eks-cluster-name}\"},\"StringLike\":{\"aws:RequestTag/eks:kubernetes-node-class-name\":\"*\",\"aws:RequestTag/eks:kubernetes-node-pool-name\":\"*\"}}},{\"Sid\":\"Storage\",\"Effect\":\"Allow\",\"Action\":[\"ec2:CreateVolume\",\"ec2:CreateSnapshot\"],\"Resource\":[\"arn:aws:ec2:*:*:volume/*\",\"arn:aws:ec2:*:*:snapshot/*\"],\"Condition\":{\"StringEquals\":{\"aws:RequestTag/eks:eks-cluster-name\":\"${aws:PrincipalTag/eks:eks-cluster-name}\"}}},{\"Sid\":\"Networking\",\"Effect\":\"Allow\",\"Action\":\"ec2:CreateNetworkInterface\",\"Resource\":\"*\",\"Condition\":{\"StringEquals\":{\"aws:RequestTag/eks:eks-cluster-name\":\"${aws:PrincipalTag/eks:eks-cluster-name}\",\"aws:RequestTag/eks:kubernetes-cni-node-name\":\"*\"}}},{\"Sid\":\"LoadBalancer\",\"Effect\":\"Allow\",\"Action\":[\"elasticloadbalancing:CreateTargetGroup\",\"elasticloadbalancing:CreateRule\",\"elasticloadbalancing:CreateLoadBalancer\",\"elasticloadbalancing:CreateListener\",\"ec2:CreateSecurityGroup\"],\"Resource\":\"*\",\"Condition\":{\"StringEquals\":{\"aws:RequestTag/eks:eks-cluster-name\":\"${aws:PrincipalTag/eks:eks-cluster-name}\"}}},{\"Sid\":\"ShieldProtection\",\"Effect\":\"Allow\",\"Action\":\"shield:CreateProtection\",\"Resource\":\"*\",\"Condition\":{\"StringEquals\":{\"aws:RequestTag/eks:eks-cluster-name\":\"${aws:PrincipalTag/eks:eks-cluster-name}\"}}},{\"Sid\":\"ShieldTagResource\",\"Effect\":\"Allow\",\"Action\":\"shield:TagResource\",\"Resource\":\"arn:aws:shield::*:protection/*\",\"Condition\":{\"StringEquals\":{\"aws:RequestTag/eks:eks-cluster-name\":\"${aws:PrincipalTag/eks:eks-cluster-name}\"}}}]}",
            "override_json": null,
            "override_policy_documents": null,
            "policy_id": null,
            "source_json": null,
            "source_policy_documents": null,
            "statement": [
              {
                "actions": [
                  "ec2:CreateFleet",
                  "ec2:CreateLaunchTemplate",
                  "ec2:RunInstances"
                ],
                "condition": [
                  {
                    "test": "StringEquals",
                    "values": [
                      "${aws:PrincipalTag/eks:eks-cluster-name}"
                    ],
                    "variable": "aws:RequestTag/eks:eks-cluster-name"
                  },
                  {
                    "test": "StringLike",
                    "values": [
                      "*"
                    ],
                    "variable": "aws:RequestTag/eks:kubernetes-node-class-name"
                  },
                  {
                    "test": "StringLike",
                    "values": [
                      "*"
                    ],
                    "variable": "aws:RequestTag/eks:kubernetes-node-pool-name"
                  }
                ],
                "effect": "Allow",
                "not_actions": [],
                "not_principals": [],
                "not_resources": [],
                "principals": [],
                "resources": [
                  "*"
                ],
                "sid": "Compute"
              },
              {
                "actions": [
                  "ec2:CreateSnapshot",
                  "ec2:CreateVolume"
                ],
                "condition": [
                  {
                    "test": "StringEquals",
                    "values": [
                      "${aws:PrincipalTag/eks:eks-cluster-name}"
                    ],
                    "variable": "aws:RequestTag/eks:eks-cluster-name"
                  }
                ],
                "effect": "Allow",
                "not_actions": [],
                "not_principals": [],
                "not_resources": [],
                "principals": [],
                "resources": [
                  "arn:aws:ec2:*:*:snapshot/*",
                  "arn:aws:ec2:*:*:volume/*"
                ],
                "sid": "Storage"
              },
              {
                "actions": [
                  "ec2:CreateNetworkInterface"
                ],
                "condition": [
                  {
                    "test": "StringEquals",
                    "values": [
                      "${aws:PrincipalTag/eks:eks-cluster-name}"
                    ],
                    "variable": "aws:RequestTag/eks:eks-cluster-name"
                  },
                  {
                    "test": "StringEquals",
                    "values": [
                      "*"
                    ],
                    "variable": "aws:RequestTag/eks:kubernetes-cni-node-name"
                  }
                ],
                "effect": "Allow",
                "not_actions": [],
                "not_principals": [],
                "not_resources": [],
                "principals": [],
                "resources": [
                  "*"
                ],
                "sid": "Networking"
              },
              {
                "actions": [
                  "ec2:CreateSecurityGroup",
                  "elasticloadbalancing:CreateListener",
                  "elasticloadbalancing:CreateLoadBalancer",
                  "elasticloadbalancing:CreateRule",
                  "elasticloadbalancing:CreateTargetGroup"
                ],
                "condition": [
                  {
                    "test": "StringEquals",
                    "values": [
                      "${aws:PrincipalTag/eks:eks-cluster-name}"
                    ],
                    "variable": "aws:RequestTag/eks:eks-cluster-name"
                  }
                ],
                "effect": "Allow",
                "not_actions": [],
                "not_principals": [],
                "not_resources": [],
                "principals": [],
                "resources": [
                  "*"
                ],
                "sid": "LoadBalancer"
              },
              {
                "actions": [
                  "shield:CreateProtection"
                ],
                "condition": [
                  {
                    "test": "StringEquals",
                    "values": [
                      "${aws:PrincipalTag/eks:eks-cluster-name}"
                    ],
                    "variable": "aws:RequestTag/eks:eks-cluster-name"
                  }
                ],
                "effect": "Allow",
                "not_actions": [],
                "not_principals": [],
                "not_resources": [],
                "principals": [],
                "resources": [
                  "*"
                ],
                "sid": "ShieldProtection"
              },
              {
                "actions": [
                  "shield:TagResource"
                ],
                "condition": [
                  {
                    "test": "StringEquals",
                    "values": [
                      "${aws:PrincipalTag/eks:eks-cluster-name}"
                    ],
                    "variable": "aws:RequestTag/eks:eks-cluster-name"
                  }
                ],
                "effect": "Allow",
                "not_actions": [],
                "not_principals": [],
                "not_resources": [],
                "principals": [],
                "resources": [
                  "arn:aws:shield::*:protection/*"
                ],
                "sid": "ShieldTagResource"
              }
            ],
            "version": "2012-10-17"
          },
          "sensitive_attributes": []
        }
      ]
    },
    {
      "module": "module.eks",
      "mode": "data",
      "type": "aws_iam_policy_document",
      "name": "node_assume_role_policy",
      "provider": "provider[\"registry.terraform.io/hashicorp/aws\"]",
      "instances": []
    },
    {
      "module": "module.eks",
      "mode": "data",
      "type": "aws_iam_session_context",
      "name": "current",
      "provider": "provider[\"registry.terraform.io/hashicorp/aws\"]",
      "instances": [
        {
          "index_key": 0,
          "schema_version": 0,
          "attributes": {
            "arn": "arn:aws:sts::027423573553:assumed-role/Admin/kylhouns-Isengard",
            "id": "arn:aws:sts::027423573553:assumed-role/Admin/kylhouns-Isengard",
            "issuer_arn": "arn:aws:iam::027423573553:role/Admin",
            "issuer_id": "AROAQMYUSQYYXMMZMGMPD",
            "issuer_name": "Admin",
            "session_name": "kylhouns-Isengard"
          },
          "sensitive_attributes": []
        }
      ]
    },
    {
      "module": "module.eks",
      "mode": "data",
      "type": "aws_partition",
      "name": "current",
      "provider": "provider[\"registry.terraform.io/hashicorp/aws\"]",
      "instances": [
        {
          "index_key": 0,
          "schema_version": 0,
          "attributes": {
            "dns_suffix": "amazonaws.com",
            "id": "aws",
            "partition": "aws",
            "reverse_dns_prefix": "com.amazonaws"
          },
          "sensitive_attributes": []
        }
      ]
    },
    {
      "module": "module.eks",
      "mode": "data",
      "type": "tls_certificate",
      "name": "this",
      "provider": "provider[\"registry.terraform.io/hashicorp/tls\"]",
      "instances": [
        {
          "index_key": 0,
          "schema_version": 0,
          "attributes": {
            "certificates": [
              {
                "cert_pem": "-----BEGIN CERTIFICATE-----\nMIIEkjCCA3qgAwIBAgITBn+USionzfP6wq4rAfkI7rnExjANBgkqhkiG9w0BAQsF\nADCBmDELMAkGA1UEBhMCVVMxEDAOBgNVBAgTB0FyaXpvbmExEzARBgNVBAcTClNj\nb3R0c2RhbGUxJTAjBgNVBAoTHFN0YXJmaWVsZCBUZWNobm9sb2dpZXMsIEluYy4x\nOzA5BgNVBAMTMlN0YXJmaWVsZCBTZXJ2aWNlcyBSb290IENlcnRpZmljYXRlIEF1\ndGhvcml0eSAtIEcyMB4XDTE1MDUyNTEyMDAwMFoXDTM3MTIzMTAxMDAwMFowOTEL\nMAkGA1UEBhMCVVMxDzANBgNVBAoTBkFtYXpvbjEZMBcGA1UEAxMQQW1hem9uIFJv\nb3QgQ0EgMTCCASIwDQYJKoZIhvcNAQEBBQADggEPADCCAQoCggEBALJ4gHHKeNXj\nca9HgFB0fW7Y14h29Jlo91ghYPl0hAEvrAIthtOgQ3pOsqTQNroBvo3bSMgHFzZM\n9O6II8c+6zf1tRn4SWiw3te5djgdYZ6k/oI2peVKVuRF4fn9tBb6dNqcmzU5L/qw\nIFAGbHrQgLKm+a/sRxmPUDgH3KKHOVj4utWp+UhnMJbulHheb4mjUcAwhmahRWa6\nVOujw5H5SNz/0egwLX0tdHA114gk957EWW67c4cX8jJGKLhD+rcdqsq08p8kDi1L\n93FcXmn/6pUCyziKrlA4b9v7LWIbxcceVOF34GfID5yHI9Y/QCB/IIDEgEw+OyQm\njgSubJrIqg0CAwEAAaOCATEwggEtMA8GA1UdEwEB/wQFMAMBAf8wDgYDVR0PAQH/\nBAQDAgGGMB0GA1UdDgQWBBSEGMyFNOy8DJSULghZnMeyEE4KCDAfBgNVHSMEGDAW\ngBScXwDfqgHXMCs4iKK4bUqc8hGRgzB4BggrBgEFBQcBAQRsMGowLgYIKwYBBQUH\nMAGGImh0dHA6Ly9vY3NwLnJvb3RnMi5hbWF6b250cnVzdC5jb20wOAYIKwYBBQUH\nMAKGLGh0dHA6Ly9jcnQucm9vdGcyLmFtYXpvbnRydXN0LmNvbS9yb290ZzIuY2Vy\nMD0GA1UdHwQ2MDQwMqAwoC6GLGh0dHA6Ly9jcmwucm9vdGcyLmFtYXpvbnRydXN0\nLmNvbS9yb290ZzIuY3JsMBEGA1UdIAQKMAgwBgYEVR0gADANBgkqhkiG9w0BAQsF\nAAOCAQEAYjdCXLwQtT6LLOkMm2xF4gcAevnFWAu5CIw+7bMlPLVvUOTNNWqnkzSW\nMiGpSESrnO09tKpzbeR/FoCJbM8oAxiDR3mjEH4wW6w7sGDgd9QIpuEdfF7Au/ma\neyKdpwAJfqxGF4PcnCZXmTA5YpaP7dreqsXMGz7KQ2hsVxa81Q4gLv7/wmpdLqBK\nbRRYh5TmOTFffHPLkIhqhBGWJ6bt2YFGpn6jcgAKUj6DiAdjd4lpFw85hdKrCEVN\n0FE6/V1dN2RMfjCyVSRCnTawXZwXgWHxyvkQAiSr6w10kY17RSlQOYiypok1JR4U\nakcjMS9cmvqtmg5iUaQqqcT5NJ0hGA==\n-----END CERTIFICATE-----\n",
                "is_ca": true,
                "issuer": "CN=Starfield Services Root Certificate Authority - G2,O=Starfield Technologies\\, Inc.,L=Scottsdale,ST=Arizona,C=US",
                "max_path_length": -1,
                "not_after": "2037-12-31T01:00:00Z",
                "not_before": "2015-05-25T12:00:00Z",
                "public_key_algorithm": "RSA",
                "serial_number": "144918191876577076464031512351042010504348870",
                "sha1_fingerprint": "06b25927c42a721631c1efd9431e648fa62e1e39",
                "signature_algorithm": "SHA256-RSA",
                "subject": "CN=Amazon Root CA 1,O=Amazon,C=US",
                "version": 3
              },
              {
                "cert_pem": "-----BEGIN CERTIFICATE-----\nMIIEXjCCA0agAwIBAgITB3MSTyqVLj7Rili9uF0bwM5fJzANBgkqhkiG9w0BAQsF\nADA5MQswCQYDVQQGEwJVUzEPMA0GA1UEChMGQW1hem9uMRkwFwYDVQQDExBBbWF6\nb24gUm9vdCBDQSAxMB4XDTIyMDgyMzIyMjYzNVoXDTMwMDgyMzIyMjYzNVowPDEL\nMAkGA1UEBhMCVVMxDzANBgNVBAoTBkFtYXpvbjEcMBoGA1UEAxMTQW1hem9uIFJT\nQSAyMDQ4IE0wNDCCASIwDQYJKoZIhvcNAQEBBQADggEPADCCAQoCggEBAM3pVR6A\nlQOp4xe776FdePXyejgA38mYx1ou9/jrpV6Sfn+/oqBKgwhY6ePsQHHQayWBJdBn\nv4Wz363qRI4XUh9swBFJ11TnZ3LqOMvHmWq2+loA0QPtOfXdJ2fHBLrBrngtJ/GB\n0p5olAVYrSZgvQGP16Rf8ddtNyxEEhYm3HuhmNi+vSeAq1tLYJPAvRCXonTpWdSD\nxY6hvdmxlqTYi82AtBXSfpGQ58HHM0hw0C6aQakghrwWi5fGslLOqzpimNMIsT7c\nqa0GJx6JfKqJqmQQNplO2h8n9ZsFJgBowof01ppdoLAWg6caMOM0om/VILKaa30F\n9W/r8Qjah7ltGVkCAwEAAaOCAVowggFWMBIGA1UdEwEB/wQIMAYBAf8CAQAwDgYD\nVR0PAQH/BAQDAgGGMB0GA1UdJQQWMBQGCCsGAQUFBwMBBggrBgEFBQcDAjAdBgNV\nHQ4EFgQUH1KSYVaCVH+BZtgdPQqqMlyH3QgwHwYDVR0jBBgwFoAUhBjMhTTsvAyU\nlC4IWZzHshBOCggwewYIKwYBBQUHAQEEbzBtMC8GCCsGAQUFBzABhiNodHRwOi8v\nb2NzcC5yb290Y2ExLmFtYXpvbnRydXN0LmNvbTA6BggrBgEFBQcwAoYuaHR0cDov\nL2NydC5yb290Y2ExLmFtYXpvbnRydXN0LmNvbS9yb290Y2ExLmNlcjA/BgNVHR8E\nODA2MDSgMqAwhi5odHRwOi8vY3JsLnJvb3RjYTEuYW1hem9udHJ1c3QuY29tL3Jv\nb3RjYTEuY3JsMBMGA1UdIAQMMAowCAYGZ4EMAQIBMA0GCSqGSIb3DQEBCwUAA4IB\nAQA+1O5UsAaNuW3lHzJtpNGwBnZd9QEYFtxpiAnIaV4qApnGS9OCw5ZPwie7YSlD\nZF5yyFPsFhUC2Q9uJHY/CRV1b5hIiGH0+6+w5PgKiY1MWuWT8VAaJjFxvuhM7a/e\nfN2TIw1Wd6WCl6YRisunjQOrSP+unqC8A540JNyZ1JOE3jVqat3OZBGgMvihdj2w\nY23EpwesrKiQzkHzmvSH67PVW4ycbPy08HVZnBxZ5NrlGG9bwXR3fNTaz+c+Ej6c\n5AnwI3qkOFgSkg3Y75cdFz6pO/olK+e3AqygAcv0WjzmkDPuBjssuZjCHMC56oH3\nGJkV29Di2j5prHJbwZjG1inU\n-----END CERTIFICATE-----\n",
                "is_ca": true,
                "issuer": "CN=Amazon Root CA 1,O=Amazon,C=US",
                "max_path_length": 0,
                "not_after": "2030-08-23T22:26:35Z",
                "not_before": "2022-08-23T22:26:35Z",
                "public_key_algorithm": "RSA",
                "serial_number": "166129359584585245282080020727744908546170663",
                "sha1_fingerprint": "e7b8b5a6743ce1b2f17b041de59558a41472d70c",
                "signature_algorithm": "SHA256-RSA",
                "subject": "CN=Amazon RSA 2048 M04,O=Amazon,C=US",
                "version": 3
              },
              {
                "cert_pem": "-----BEGIN CERTIFICATE-----\nMIIF3DCCBMSgAwIBAgIQDQV9d1Pckakw9/avbXdLkzANBgkqhkiG9w0BAQsFADA8\nMQswCQYDVQQGEwJVUzEPMA0GA1UEChMGQW1hem9uMRwwGgYDVQQDExNBbWF6b24g\nUlNBIDIwNDggTTA0MB4XDTI2MDIwMTAwMDAwMFoXDTI3MDMwMjIzNTk1OVowKDEm\nMCQGA1UEAwwdKi5la3MudXMtd2VzdC0yLmFtYXpvbmF3cy5jb20wggEiMA0GCSqG\nSIb3DQEBAQUAA4IBDwAwggEKAoIBAQDUrtybLxNh6kicFXKyZ80JadVMf81AAUe7\n+uNNPUoirB6E/eJOMYFcpOMRegRr1+Bj5GkIllgpQkblG5FML0JpoV0U7KKJ/KLq\nXcaoMso2Z1enLUrXsp09jWaLC0JAvWVfQ1zywX7l7gDv1VYQUjEMnHjtmIRBDOvI\n6yfIeQ/vamYC4wBUTgYuNDt2M1W6dHlWFSckQj1gAoQJeTF7MFvTxNphD/UuJ+/z\ngVCg5EX5zY4J1m0WdYNYHBO1k86FgkBwPpfl3CoTk+dr/HtNtecEoyXVcar3kGdP\n6XaEQjTpSmnLMwiUdXeaO6y/ycjucTlEdCJymTlQi7oCrrFQkb89AgMBAAGjggLs\nMIIC6DAfBgNVHSMEGDAWgBQfUpJhVoJUf4Fm2B09CqoyXIfdCDAdBgNVHQ4EFgQU\nS6cIgvI3+EyOstSdOMBsAFpq+PAwKAYDVR0RBCEwH4IdKi5la3MudXMtd2VzdC0y\nLmFtYXpvbmF3cy5jb20wEwYDVR0gBAwwCjAIBgZngQwBAgEwDgYDVR0PAQH/BAQD\nAgWgMBMGA1UdJQQMMAoGCCsGAQUFBwMBMDsGA1UdHwQ0MDIwMKAuoCyGKmh0dHA6\nLy9jcmwucjJtMDQuYW1hem9udHJ1c3QuY29tL3IybTA0LmNybDB1BggrBgEFBQcB\nAQRpMGcwLQYIKwYBBQUHMAGGIWh0dHA6Ly9vY3NwLnIybTA0LmFtYXpvbnRydXN0\nLmNvbTA2BggrBgEFBQcwAoYqaHR0cDovL2NydC5yMm0wNC5hbWF6b250cnVzdC5j\nb20vcjJtMDQuY2VyMAwGA1UdEwEB/wQCMAAwggF+BgorBgEEAdZ5AgQCBIIBbgSC\nAWoBaAB2AExj3JjlnB2riPYeij3ero+rRKM3e1+blMP7oZz8wb4mAAABnBadJOkA\nAAQDAEcwRQIhAMefEVRWmXr8K/0vkj+gjXXQTbRXw9CQqnmdz1aetKPiAiBzBfYw\nh9vz9Qhgsn1IUqNClM6X0+0X6ewSuA3gbbFVpAB3AByfaCzp+vBFaVD4G5aKh93b\nMhDYTObIsuOCUkrEz1mfAAABnBadJOgAAAQDAEgwRgIhAJuTj3hURPwYbgM5Ws/z\ngyzFrm6zqJhNm/9URF9ChtSeAiEAzMZR7unXCg/JwSBEztJvfTHX6kmG8E8WPpr1\niaOxvHcAdQBgTJqven93XwHUBvySDciZ6wscffjJUhv6+hd3O5eLyQAAAZwWnSXI\nAAAEAwBGMEQCIFP2mgbUhpxZWXI00D4UfkBddoqj4KYmlFKI3yO7OvEeAiA72WEB\n0YRrnqH9RiMQCRPmpx0Jeb9W0meF5XD3XhuqljANBgkqhkiG9w0BAQsFAAOCAQEA\nyU9ItZOuE69q8N2HTgB3Mn6KVOTbFjvHEAXZg9j+wxLBzvpUmQmkvtg/bw5coOYZ\nkLtI4Lwl0qPMgVB5jWjVMq2CR2wpebMUxfTektNV+831n1Nd0v/J0k1Pw9IX7BNz\nstV5kMcw1UmcWZjRK4DFqiv5hHLl/+Pm/Kkszk80ljNihZhlTRUWA0iQPHrkiwMe\nj1NbGk5QWJUCI9X0OfmfvwKILD383irwt+b78J78clcg4GjixGz8MU4v8GzQwc6x\nGMzH9ui7E7TktJ4XwjAS6ST4Qm+zmZdpnYwnTpSmbF2PztIF2G7zW0Bm1RyjXnun\nCEEHt64OMliW3oLkjdFKbg==\n-----END CERTIFICATE-----\n",
                "is_ca": false,
                "issuer": "CN=Amazon RSA 2048 M04,O=Amazon,C=US",
                "max_path_length": -1,
                "not_after": "2027-03-02T23:59:59Z",
                "not_before": "2026-02-01T00:00:00Z",
                "public_key_algorithm": "RSA",
                "serial_number": "17308470184802283501806495047878134675",
                "sha1_fingerprint": "a84554e91b2f69f6035a36b183074726b12ffa9c",
                "signature_algorithm": "SHA256-RSA",
                "subject": "CN=*.eks.us-west-2.amazonaws.com",
                "version": 3
              }
            ],
            "content": null,
            "id": "f97f646c2cd14cc0db0f757f0fccc96abbbe2af5",
            "url": "https://oidc.eks.us-west-2.amazonaws.com/id/91D986DCB52447A7F312838B02FCD62D",
            "verify_chain": true
          },
          "sensitive_attributes": []
        }
      ]
    },
    {
      "module": "module.eks",
      "mode": "managed",
      "type": "aws_cloudwatch_log_group",
      "name": "this",
      "provider": "provider[\"registry.terraform.io/hashicorp/aws\"]",
      "instances": [
        {
          "index_key": 0,
          "schema_version": 0,
          "attributes": {
            "arn": "arn:aws:logs:us-west-2:027423573553:log-group:/aws/eks/observability-stack/cluster",
            "id": "/aws/eks/observability-stack/cluster",
            "kms_key_id": "",
            "log_group_class": "STANDARD",
            "name": "/aws/eks/observability-stack/cluster",
            "name_prefix": "",
            "retention_in_days": 90,
            "skip_destroy": false,
            "tags": {
              "Name": "/aws/eks/observability-stack/cluster"
            },
            "tags_all": {
              "ManagedBy": "terraform",
              "Name": "/aws/eks/observability-stack/cluster",
              "Project": "observability-stack"
            }
          },
          "sensitive_attributes": [],
          "private": "bnVsbA==",
          "create_before_destroy": true
        }
      ]
    },
    {
      "module": "module.eks",
      "mode": "managed",
      "type": "aws_ec2_tag",
      "name": "cluster_primary_security_group",
      "provider": "provider[\"registry.terraform.io/hashicorp/aws\"]",
      "instances": []
    },
    {
      "module": "module.eks",
      "mode": "managed",
      "type": "aws_eks_access_entry",
      "name": "this",
      "provider": "provider[\"registry.terraform.io/hashicorp/aws\"]",
      "instances": [
        {
          "index_key": "cluster_creator",
          "schema_version": 0,
          "attributes": {
            "access_entry_arn": "arn:aws:eks:us-west-2:027423573553:access-entry/observability-stack/role/027423573553/Admin/9ece8151-38a7-c96c-85de-6283191ef290",
            "cluster_name": "observability-stack",
            "created_at": "2026-03-18T20:28:13Z",
            "id": "observability-stack:arn:aws:iam::027423573553:role/Admin",
            "kubernetes_groups": [],
            "modified_at": "2026-03-18T20:28:13Z",
            "principal_arn": "arn:aws:iam::027423573553:role/Admin",
            "tags": {},
            "tags_all": {
              "ManagedBy": "terraform",
              "Project": "observability-stack"
            },
            "timeouts": null,
            "type": "STANDARD",
            "user_name": "arn:aws:sts::027423573553:assumed-role/Admin/{{SessionName}}"
          },
          "sensitive_attributes": [],
          "private": "eyJlMmJmYjczMC1lY2FhLTExZTYtOGY4OC0zNDM2M2JjN2M0YzAiOnsiY3JlYXRlIjo2MDAwMDAwMDAwMDAsImRlbGV0ZSI6NjAwMDAwMDAwMDAwfX0=",
          "dependencies": [
            "data.aws_availability_zones.available",
            "module.eks.aws_cloudwatch_log_group.this",
            "module.eks.aws_eks_cluster.this",
            "module.eks.aws_iam_policy.cni_ipv6_policy",
            "module.eks.aws_iam_role.eks_auto",
            "module.eks.aws_iam_role.this",
            "module.eks.aws_iam_role_policy_attachment.this",
            "module.eks.aws_security_group.cluster",
            "module.eks.aws_security_group.node",
            "module.eks.aws_security_group_rule.cluster",
            "module.eks.aws_security_group_rule.node",
            "module.eks.data.aws_caller_identity.current",
            "module.eks.data.aws_iam_policy_document.assume_role_policy",
            "module.eks.data.aws_iam_policy_document.cni_ipv6_policy",
            "module.eks.data.aws_iam_policy_document.node_assume_role_policy",
            "module.eks.data.aws_iam_session_context.current",
            "module.eks.data.aws_partition.current",
            "module.eks.module.kms.aws_kms_external_key.this",
            "module.eks.module.kms.aws_kms_key.this",
            "module.eks.module.kms.aws_kms_replica_external_key.this",
            "module.eks.module.kms.aws_kms_replica_key.this",
            "module.eks.module.kms.data.aws_caller_identity.current",
            "module.eks.module.kms.data.aws_iam_policy_document.this",
            "module.eks.module.kms.data.aws_partition.current",
            "module.vpc.aws_subnet.private",
            "module.vpc.aws_vpc.this",
            "module.vpc.aws_vpc_ipv4_cidr_block_association.this"
          ]
        }
      ]
    },
    {
      "module": "module.eks",
      "mode": "managed",
      "type": "aws_eks_access_policy_association",
      "name": "this",
      "provider": "provider[\"registry.terraform.io/hashicorp/aws\"]",
      "instances": [
        {
          "index_key": "cluster_creator_admin",
          "schema_version": 0,
          "attributes": {
            "access_scope": [
              {
                "namespaces": [],
                "type": "cluster"
              }
            ],
            "associated_at": "2026-03-18 20:28:14.487 +0000 UTC",
            "cluster_name": "observability-stack",
            "id": "observability-stack#arn:aws:iam::027423573553:role/Admin#arn:aws:eks::aws:cluster-access-policy/AmazonEKSClusterAdminPolicy",
            "modified_at": "2026-03-18 20:28:14.487 +0000 UTC",
            "policy_arn": "arn:aws:eks::aws:cluster-access-policy/AmazonEKSClusterAdminPolicy",
            "principal_arn": "arn:aws:iam::027423573553:role/Admin",
            "timeouts": null
          },
          "sensitive_attributes": [],
          "private": "eyJlMmJmYjczMC1lY2FhLTExZTYtOGY4OC0zNDM2M2JjN2M0YzAiOnsiY3JlYXRlIjo2MDAwMDAwMDAwMDAsImRlbGV0ZSI6NjAwMDAwMDAwMDAwfX0=",
          "dependencies": [
            "data.aws_availability_zones.available",
            "module.eks.aws_cloudwatch_log_group.this",
            "module.eks.aws_eks_access_entry.this",
            "module.eks.aws_eks_cluster.this",
            "module.eks.aws_iam_policy.cni_ipv6_policy",
            "module.eks.aws_iam_role.eks_auto",
            "module.eks.aws_iam_role.this",
            "module.eks.aws_iam_role_policy_attachment.this",
            "module.eks.aws_security_group.cluster",
            "module.eks.aws_security_group.node",
            "module.eks.aws_security_group_rule.cluster",
            "module.eks.aws_security_group_rule.node",
            "module.eks.data.aws_caller_identity.current",
            "module.eks.data.aws_iam_policy_document.assume_role_policy",
            "module.eks.data.aws_iam_policy_document.cni_ipv6_policy",
            "module.eks.data.aws_iam_policy_document.node_assume_role_policy",
            "module.eks.data.aws_iam_session_context.current",
            "module.eks.data.aws_partition.current",
            "module.eks.module.kms.aws_kms_external_key.this",
            "module.eks.module.kms.aws_kms_key.this",
            "module.eks.module.kms.aws_kms_replica_external_key.this",
            "module.eks.module.kms.aws_kms_replica_key.this",
            "module.eks.module.kms.data.aws_caller_identity.current",
            "module.eks.module.kms.data.aws_iam_policy_document.this",
            "module.eks.module.kms.data.aws_partition.current",
            "module.vpc.aws_subnet.private",
            "module.vpc.aws_vpc.this",
            "module.vpc.aws_vpc_ipv4_cidr_block_association.this"
          ]
        }
      ]
    },
    {
      "module": "module.eks",
      "mode": "managed",
      "type": "aws_eks_addon",
      "name": "before_compute",
      "provider": "provider[\"registry.terraform.io/hashicorp/aws\"]",
      "instances": []
    },
    {
      "module": "module.eks",
      "mode": "managed",
      "type": "aws_eks_addon",
      "name": "this",
      "provider": "provider[\"registry.terraform.io/hashicorp/aws\"]",
      "instances": [
        {
          "index_key": "aws-ebs-csi-driver",
          "schema_version": 0,
          "attributes": {
            "addon_name": "aws-ebs-csi-driver",
            "addon_version": "v1.56.0-eksbuild.1",
            "arn": "arn:aws:eks:us-west-2:027423573553:addon/observability-stack/aws-ebs-csi-driver/1cce8155-62e0-1e46-d21c-1448c01c8528",
            "cluster_name": "observability-stack",
            "configuration_values": "",
            "created_at": "2026-03-18T20:37:19Z",
            "id": "observability-stack:aws-ebs-csi-driver",
            "modified_at": "2026-03-18T20:38:26Z",
            "pod_identity_association": [],
            "preserve": true,
            "resolve_conflicts": null,
            "resolve_conflicts_on_create": "OVERWRITE",
            "resolve_conflicts_on_update": "OVERWRITE",
            "service_account_role_arn": "arn:aws:iam::027423573553:role/observability-stack-ebs-csi",
            "tags": {},
            "tags_all": {
              "ManagedBy": "terraform",
              "Project": "observability-stack"
            },
            "timeouts": {
              "create": null,
              "delete": null,
              "update": null
            }
          },
          "sensitive_attributes": [],
          "private": "eyJlMmJmYjczMC1lY2FhLTExZTYtOGY4OC0zNDM2M2JjN2M0YzAiOnsiY3JlYXRlIjoxMjAwMDAwMDAwMDAwLCJkZWxldGUiOjI0MDAwMDAwMDAwMDAsInVwZGF0ZSI6MTIwMDAwMDAwMDAwMH19",
          "dependencies": [
            "data.aws_availability_zones.available",
            "module.ebs_csi_irsa.aws_iam_role.this",
            "module.ebs_csi_irsa.data.aws_caller_identity.current",
            "module.ebs_csi_irsa.data.aws_iam_policy_document.this",
            "module.ebs_csi_irsa.data.aws_partition.current",
            "module.eks.aws_cloudwatch_log_group.this",
            "module.eks.aws_eks_cluster.this",
            "module.eks.aws_iam_openid_connect_provider.oidc_provider",
            "module.eks.aws_iam_policy.cni_ipv6_policy",
            "module.eks.aws_iam_role.eks_auto",
            "module.eks.aws_iam_role.this",
            "module.eks.aws_iam_role_policy_attachment.this",
            "module.eks.aws_security_group.cluster",
            "module.eks.aws_security_group.node",
            "module.eks.aws_security_group_rule.cluster",
            "module.eks.aws_security_group_rule.node",
            "module.eks.data.aws_caller_identity.current",
            "module.eks.data.aws_eks_addon_version.this",
            "module.eks.data.aws_iam_policy_document.assume_role_policy",
            "module.eks.data.aws_iam_policy_document.cni_ipv6_policy",
            "module.eks.data.aws_iam_policy_document.node_assume_role_policy",
            "module.eks.data.aws_iam_session_context.current",
            "module.eks.data.aws_partition.current",
            "module.eks.data.tls_certificate.this",
            "module.eks.module.eks_managed_node_group.aws_autoscaling_schedule.this",
            "module.eks.module.eks_managed_node_group.aws_eks_node_group.this",
            "module.eks.module.eks_managed_node_group.aws_iam_role.this",
            "module.eks.module.eks_managed_node_group.aws_iam_role_policy.this",
            "module.eks.module.eks_managed_node_group.aws_iam_role_policy_attachment.additional",
            "module.eks.module.eks_managed_node_group.aws_iam_role_policy_attachment.this",
            "module.eks.module.eks_managed_node_group.aws_launch_template.this",
            "module.eks.module.eks_managed_node_group.aws_placement_group.this",
            "module.eks.module.eks_managed_node_group.data.aws_caller_identity.current",
            "module.eks.module.eks_managed_node_group.data.aws_ec2_instance_type.this",
            "module.eks.module.eks_managed_node_group.data.aws_ec2_instance_type_offerings.this",
            "module.eks.module.eks_managed_node_group.data.aws_iam_policy_document.assume_role_policy",
            "module.eks.module.eks_managed_node_group.data.aws_iam_policy_document.role",
            "module.eks.module.eks_managed_node_group.data.aws_partition.current",
            "module.eks.module.eks_managed_node_group.data.aws_ssm_parameter.ami",
            "module.eks.module.eks_managed_node_group.data.aws_subnets.placement_group",
            "module.eks.module.eks_managed_node_group.module.user_data.data.cloudinit_config.al2023_eks_managed_node_group",
            "module.eks.module.eks_managed_node_group.module.user_data.data.cloudinit_config.linux_eks_managed_node_group",
            "module.eks.module.eks_managed_node_group.module.user_data.null_resource.validate_cluster_service_cidr",
            "module.eks.module.fargate_profile.aws_eks_fargate_profile.this",
            "module.eks.module.fargate_profile.aws_iam_role.this",
            "module.eks.module.fargate_profile.aws_iam_role_policy.this",
            "module.eks.module.fargate_profile.aws_iam_role_policy_attachment.additional",
            "module.eks.module.fargate_profile.aws_iam_role_policy_attachment.this",
            "module.eks.module.fargate_profile.data.aws_caller_identity.current",
            "module.eks.module.fargate_profile.data.aws_iam_policy_document.assume_role_policy",
            "module.eks.module.fargate_profile.data.aws_iam_policy_document.role",
            "module.eks.module.fargate_profile.data.aws_partition.current",
            "module.eks.module.fargate_profile.data.aws_region.current",
            "module.eks.module.kms.aws_kms_external_key.this",
            "module.eks.module.kms.aws_kms_key.this",
            "module.eks.module.kms.aws_kms_replica_external_key.this",
            "module.eks.module.kms.aws_kms_replica_key.this",
            "module.eks.module.kms.data.aws_caller_identity.current",
            "module.eks.module.kms.data.aws_iam_policy_document.this",
            "module.eks.module.kms.data.aws_partition.current",
            "module.eks.module.self_managed_node_group.aws_autoscaling_group.this",
            "module.eks.module.self_managed_node_group.aws_autoscaling_schedule.this",
            "module.eks.module.self_managed_node_group.aws_eks_access_entry.this",
            "module.eks.module.self_managed_node_group.aws_iam_instance_profile.this",
            "module.eks.module.self_managed_node_group.aws_iam_role.this",
            "module.eks.module.self_managed_node_group.aws_iam_role_policy.this",
            "module.eks.module.self_managed_node_group.aws_iam_role_policy_attachment.additional",
            "module.eks.module.self_managed_node_group.aws_iam_role_policy_attachment.this",
            "module.eks.module.self_managed_node_group.aws_launch_template.this",
            "module.eks.module.self_managed_node_group.aws_placement_group.this",
            "module.eks.module.self_managed_node_group.data.aws_caller_identity.current",
            "module.eks.module.self_managed_node_group.data.aws_ec2_instance_type.this",
            "module.eks.module.self_managed_node_group.data.aws_ec2_instance_type_offerings.this",
            "module.eks.module.self_managed_node_group.data.aws_iam_policy_document.assume_role_policy",
            "module.eks.module.self_managed_node_group.data.aws_iam_policy_document.role",
            "module.eks.module.self_managed_node_group.data.aws_partition.current",
            "module.eks.module.self_managed_node_group.data.aws_ssm_parameter.ami",
            "module.eks.module.self_managed_node_group.data.aws_subnets.placement_group",
            "module.eks.module.self_managed_node_group.module.user_data.data.cloudinit_config.al2023_eks_managed_node_group",
            "module.eks.module.self_managed_node_group.module.user_data.data.cloudinit_config.linux_eks_managed_node_group",
            "module.eks.module.self_managed_node_group.module.user_data.null_resource.validate_cluster_service_cidr",
            "module.eks.time_sleep.this",
            "module.vpc.aws_subnet.private",
            "module.vpc.aws_vpc.this",
            "module.vpc.aws_vpc_ipv4_cidr_block_association.this"
          ]
        },
        {
          "index_key": "coredns",
          "schema_version": 0,
          "attributes": {
            "addon_name": "coredns",
            "addon_version": "v1.11.4-eksbuild.2",
            "arn": "arn:aws:eks:us-west-2:027423573553:addon/observability-stack/coredns/d6ce8155-62e5-5137-dfcc-62867816d439",
            "cluster_name": "observability-stack",
            "configuration_values": "",
            "created_at": "2026-03-18T20:37:19Z",
            "id": "observability-stack:coredns",
            "modified_at": "2026-03-18T20:37:31Z",
            "pod_identity_association": [],
            "preserve": true,
            "resolve_conflicts": null,
            "resolve_conflicts_on_create": "OVERWRITE",
            "resolve_conflicts_on_update": "OVERWRITE",
            "service_account_role_arn": "",
            "tags": {},
            "tags_all": {
              "ManagedBy": "terraform",
              "Project": "observability-stack"
            },
            "timeouts": {
              "create": null,
              "delete": null,
              "update": null
            }
          },
          "sensitive_attributes": [],
          "private": "eyJlMmJmYjczMC1lY2FhLTExZTYtOGY4OC0zNDM2M2JjN2M0YzAiOnsiY3JlYXRlIjoxMjAwMDAwMDAwMDAwLCJkZWxldGUiOjI0MDAwMDAwMDAwMDAsInVwZGF0ZSI6MTIwMDAwMDAwMDAwMH19",
          "dependencies": [
            "data.aws_availability_zones.available",
            "module.ebs_csi_irsa.aws_iam_role.this",
            "module.ebs_csi_irsa.data.aws_caller_identity.current",
            "module.ebs_csi_irsa.data.aws_iam_policy_document.this",
            "module.ebs_csi_irsa.data.aws_partition.current",
            "module.eks.aws_cloudwatch_log_group.this",
            "module.eks.aws_eks_cluster.this",
            "module.eks.aws_iam_openid_connect_provider.oidc_provider",
            "module.eks.aws_iam_policy.cni_ipv6_policy",
            "module.eks.aws_iam_role.eks_auto",
            "module.eks.aws_iam_role.this",
            "module.eks.aws_iam_role_policy_attachment.this",
            "module.eks.aws_security_group.cluster",
            "module.eks.aws_security_group.node",
            "module.eks.aws_security_group_rule.cluster",
            "module.eks.aws_security_group_rule.node",
            "module.eks.data.aws_caller_identity.current",
            "module.eks.data.aws_eks_addon_version.this",
            "module.eks.data.aws_iam_policy_document.assume_role_policy",
            "module.eks.data.aws_iam_policy_document.cni_ipv6_policy",
            "module.eks.data.aws_iam_policy_document.node_assume_role_policy",
            "module.eks.data.aws_iam_session_context.current",
            "module.eks.data.aws_partition.current",
            "module.eks.data.tls_certificate.this",
            "module.eks.module.eks_managed_node_group.aws_autoscaling_schedule.this",
            "module.eks.module.eks_managed_node_group.aws_eks_node_group.this",
            "module.eks.module.eks_managed_node_group.aws_iam_role.this",
            "module.eks.module.eks_managed_node_group.aws_iam_role_policy.this",
            "module.eks.module.eks_managed_node_group.aws_iam_role_policy_attachment.additional",
            "module.eks.module.eks_managed_node_group.aws_iam_role_policy_attachment.this",
            "module.eks.module.eks_managed_node_group.aws_launch_template.this",
            "module.eks.module.eks_managed_node_group.aws_placement_group.this",
            "module.eks.module.eks_managed_node_group.data.aws_caller_identity.current",
            "module.eks.module.eks_managed_node_group.data.aws_ec2_instance_type.this",
            "module.eks.module.eks_managed_node_group.data.aws_ec2_instance_type_offerings.this",
            "module.eks.module.eks_managed_node_group.data.aws_iam_policy_document.assume_role_policy",
            "module.eks.module.eks_managed_node_group.data.aws_iam_policy_document.role",
            "module.eks.module.eks_managed_node_group.data.aws_partition.current",
            "module.eks.module.eks_managed_node_group.data.aws_ssm_parameter.ami",
            "module.eks.module.eks_managed_node_group.data.aws_subnets.placement_group",
            "module.eks.module.eks_managed_node_group.module.user_data.data.cloudinit_config.al2023_eks_managed_node_group",
            "module.eks.module.eks_managed_node_group.module.user_data.data.cloudinit_config.linux_eks_managed_node_group",
            "module.eks.module.eks_managed_node_group.module.user_data.null_resource.validate_cluster_service_cidr",
            "module.eks.module.fargate_profile.aws_eks_fargate_profile.this",
            "module.eks.module.fargate_profile.aws_iam_role.this",
            "module.eks.module.fargate_profile.aws_iam_role_policy.this",
            "module.eks.module.fargate_profile.aws_iam_role_policy_attachment.additional",
            "module.eks.module.fargate_profile.aws_iam_role_policy_attachment.this",
            "module.eks.module.fargate_profile.data.aws_caller_identity.current",
            "module.eks.module.fargate_profile.data.aws_iam_policy_document.assume_role_policy",
            "module.eks.module.fargate_profile.data.aws_iam_policy_document.role",
            "module.eks.module.fargate_profile.data.aws_partition.current",
            "module.eks.module.fargate_profile.data.aws_region.current",
            "module.eks.module.kms.aws_kms_external_key.this",
            "module.eks.module.kms.aws_kms_key.this",
            "module.eks.module.kms.aws_kms_replica_external_key.this",
            "module.eks.module.kms.aws_kms_replica_key.this",
            "module.eks.module.kms.data.aws_caller_identity.current",
            "module.eks.module.kms.data.aws_iam_policy_document.this",
            "module.eks.module.kms.data.aws_partition.current",
            "module.eks.module.self_managed_node_group.aws_autoscaling_group.this",
            "module.eks.module.self_managed_node_group.aws_autoscaling_schedule.this",
            "module.eks.module.self_managed_node_group.aws_eks_access_entry.this",
            "module.eks.module.self_managed_node_group.aws_iam_instance_profile.this",
            "module.eks.module.self_managed_node_group.aws_iam_role.this",
            "module.eks.module.self_managed_node_group.aws_iam_role_policy.this",
            "module.eks.module.self_managed_node_group.aws_iam_role_policy_attachment.additional",
            "module.eks.module.self_managed_node_group.aws_iam_role_policy_attachment.this",
            "module.eks.module.self_managed_node_group.aws_launch_template.this",
            "module.eks.module.self_managed_node_group.aws_placement_group.this",
            "module.eks.module.self_managed_node_group.data.aws_caller_identity.current",
            "module.eks.module.self_managed_node_group.data.aws_ec2_instance_type.this",
            "module.eks.module.self_managed_node_group.data.aws_ec2_instance_type_offerings.this",
            "module.eks.module.self_managed_node_group.data.aws_iam_policy_document.assume_role_policy",
            "module.eks.module.self_managed_node_group.data.aws_iam_policy_document.role",
            "module.eks.module.self_managed_node_group.data.aws_partition.current",
            "module.eks.module.self_managed_node_group.data.aws_ssm_parameter.ami",
            "module.eks.module.self_managed_node_group.data.aws_subnets.placement_group",
            "module.eks.module.self_managed_node_group.module.user_data.data.cloudinit_config.al2023_eks_managed_node_group",
            "module.eks.module.self_managed_node_group.module.user_data.data.cloudinit_config.linux_eks_managed_node_group",
            "module.eks.module.self_managed_node_group.module.user_data.null_resource.validate_cluster_service_cidr",
            "module.eks.time_sleep.this",
            "module.vpc.aws_subnet.private",
            "module.vpc.aws_vpc.this",
            "module.vpc.aws_vpc_ipv4_cidr_block_association.this"
          ]
        },
        {
          "index_key": "eks-pod-identity-agent",
          "schema_version": 0,
          "attributes": {
            "addon_name": "eks-pod-identity-agent",
            "addon_version": "v1.3.10-eksbuild.2",
            "arn": "arn:aws:eks:us-west-2:027423573553:addon/observability-stack/eks-pod-identity-agent/96ce8155-62df-5974-2a55-aef2242ebd35",
            "cluster_name": "observability-stack",
            "configuration_values": "",
            "created_at": "2026-03-18T20:37:19Z",
            "id": "observability-stack:eks-pod-identity-agent",
            "modified_at": "2026-03-18T20:37:55Z",
            "pod_identity_association": [],
            "preserve": true,
            "resolve_conflicts": null,
            "resolve_conflicts_on_create": "OVERWRITE",
            "resolve_conflicts_on_update": "OVERWRITE",
            "service_account_role_arn": "",
            "tags": {},
            "tags_all": {
              "ManagedBy": "terraform",
              "Project": "observability-stack"
            },
            "timeouts": {
              "create": null,
              "delete": null,
              "update": null
            }
          },
          "sensitive_attributes": [],
          "private": "eyJlMmJmYjczMC1lY2FhLTExZTYtOGY4OC0zNDM2M2JjN2M0YzAiOnsiY3JlYXRlIjoxMjAwMDAwMDAwMDAwLCJkZWxldGUiOjI0MDAwMDAwMDAwMDAsInVwZGF0ZSI6MTIwMDAwMDAwMDAwMH19",
          "dependencies": [
            "data.aws_availability_zones.available",
            "module.ebs_csi_irsa.aws_iam_role.this",
            "module.ebs_csi_irsa.data.aws_caller_identity.current",
            "module.ebs_csi_irsa.data.aws_iam_policy_document.this",
            "module.ebs_csi_irsa.data.aws_partition.current",
            "module.eks.aws_cloudwatch_log_group.this",
            "module.eks.aws_eks_cluster.this",
            "module.eks.aws_iam_openid_connect_provider.oidc_provider",
            "module.eks.aws_iam_policy.cni_ipv6_policy",
            "module.eks.aws_iam_role.eks_auto",
            "module.eks.aws_iam_role.this",
            "module.eks.aws_iam_role_policy_attachment.this",
            "module.eks.aws_security_group.cluster",
            "module.eks.aws_security_group.node",
            "module.eks.aws_security_group_rule.cluster",
            "module.eks.aws_security_group_rule.node",
            "module.eks.data.aws_caller_identity.current",
            "module.eks.data.aws_eks_addon_version.this",
            "module.eks.data.aws_iam_policy_document.assume_role_policy",
            "module.eks.data.aws_iam_policy_document.cni_ipv6_policy",
            "module.eks.data.aws_iam_policy_document.node_assume_role_policy",
            "module.eks.data.aws_iam_session_context.current",
            "module.eks.data.aws_partition.current",
            "module.eks.data.tls_certificate.this",
            "module.eks.module.eks_managed_node_group.aws_autoscaling_schedule.this",
            "module.eks.module.eks_managed_node_group.aws_eks_node_group.this",
            "module.eks.module.eks_managed_node_group.aws_iam_role.this",
            "module.eks.module.eks_managed_node_group.aws_iam_role_policy.this",
            "module.eks.module.eks_managed_node_group.aws_iam_role_policy_attachment.additional",
            "module.eks.module.eks_managed_node_group.aws_iam_role_policy_attachment.this",
            "module.eks.module.eks_managed_node_group.aws_launch_template.this",
            "module.eks.module.eks_managed_node_group.aws_placement_group.this",
            "module.eks.module.eks_managed_node_group.data.aws_caller_identity.current",
            "module.eks.module.eks_managed_node_group.data.aws_ec2_instance_type.this",
            "module.eks.module.eks_managed_node_group.data.aws_ec2_instance_type_offerings.this",
            "module.eks.module.eks_managed_node_group.data.aws_iam_policy_document.assume_role_policy",
            "module.eks.module.eks_managed_node_group.data.aws_iam_policy_document.role",
            "module.eks.module.eks_managed_node_group.data.aws_partition.current",
            "module.eks.module.eks_managed_node_group.data.aws_ssm_parameter.ami",
            "module.eks.module.eks_managed_node_group.data.aws_subnets.placement_group",
            "module.eks.module.eks_managed_node_group.module.user_data.data.cloudinit_config.al2023_eks_managed_node_group",
            "module.eks.module.eks_managed_node_group.module.user_data.data.cloudinit_config.linux_eks_managed_node_group",
            "module.eks.module.eks_managed_node_group.module.user_data.null_resource.validate_cluster_service_cidr",
            "module.eks.module.fargate_profile.aws_eks_fargate_profile.this",
            "module.eks.module.fargate_profile.aws_iam_role.this",
            "module.eks.module.fargate_profile.aws_iam_role_policy.this",
            "module.eks.module.fargate_profile.aws_iam_role_policy_attachment.additional",
            "module.eks.module.fargate_profile.aws_iam_role_policy_attachment.this",
            "module.eks.module.fargate_profile.data.aws_caller_identity.current",
            "module.eks.module.fargate_profile.data.aws_iam_policy_document.assume_role_policy",
            "module.eks.module.fargate_profile.data.aws_iam_policy_document.role",
            "module.eks.module.fargate_profile.data.aws_partition.current",
            "module.eks.module.fargate_profile.data.aws_region.current",
            "module.eks.module.kms.aws_kms_external_key.this",
            "module.eks.module.kms.aws_kms_key.this",
            "module.eks.module.kms.aws_kms_replica_external_key.this",
            "module.eks.module.kms.aws_kms_replica_key.this",
            "module.eks.module.kms.data.aws_caller_identity.current",
            "module.eks.module.kms.data.aws_iam_policy_document.this",
            "module.eks.module.kms.data.aws_partition.current",
            "module.eks.module.self_managed_node_group.aws_autoscaling_group.this",
            "module.eks.module.self_managed_node_group.aws_autoscaling_schedule.this",
            "module.eks.module.self_managed_node_group.aws_eks_access_entry.this",
            "module.eks.module.self_managed_node_group.aws_iam_instance_profile.this",
            "module.eks.module.self_managed_node_group.aws_iam_role.this",
            "module.eks.module.self_managed_node_group.aws_iam_role_policy.this",
            "module.eks.module.self_managed_node_group.aws_iam_role_policy_attachment.additional",
            "module.eks.module.self_managed_node_group.aws_iam_role_policy_attachment.this",
            "module.eks.module.self_managed_node_group.aws_launch_template.this",
            "module.eks.module.self_managed_node_group.aws_placement_group.this",
            "module.eks.module.self_managed_node_group.data.aws_caller_identity.current",
            "module.eks.module.self_managed_node_group.data.aws_ec2_instance_type.this",
            "module.eks.module.self_managed_node_group.data.aws_ec2_instance_type_offerings.this",
            "module.eks.module.self_managed_node_group.data.aws_iam_policy_document.assume_role_policy",
            "module.eks.module.self_managed_node_group.data.aws_iam_policy_document.role",
            "module.eks.module.self_managed_node_group.data.aws_partition.current",
            "module.eks.module.self_managed_node_group.data.aws_ssm_parameter.ami",
            "module.eks.module.self_managed_node_group.data.aws_subnets.placement_group",
            "module.eks.module.self_managed_node_group.module.user_data.data.cloudinit_config.al2023_eks_managed_node_group",
            "module.eks.module.self_managed_node_group.module.user_data.data.cloudinit_config.linux_eks_managed_node_group",
            "module.eks.module.self_managed_node_group.module.user_data.null_resource.validate_cluster_service_cidr",
            "module.eks.time_sleep.this",
            "module.vpc.aws_subnet.private",
            "module.vpc.aws_vpc.this",
            "module.vpc.aws_vpc_ipv4_cidr_block_association.this"
          ]
        },
        {
          "index_key": "kube-proxy",
          "schema_version": 0,
          "attributes": {
            "addon_name": "kube-proxy",
            "addon_version": "v1.32.6-eksbuild.12",
            "arn": "arn:aws:eks:us-west-2:027423573553:addon/observability-stack/kube-proxy/0cce8155-62dd-23e7-cb36-895daa5ca9b6",
            "cluster_name": "observability-stack",
            "configuration_values": "",
            "created_at": "2026-03-18T20:37:19Z",
            "id": "observability-stack:kube-proxy",
            "modified_at": "2026-03-18T20:37:55Z",
            "pod_identity_association": [],
            "preserve": true,
            "resolve_conflicts": null,
            "resolve_conflicts_on_create": "OVERWRITE",
            "resolve_conflicts_on_update": "OVERWRITE",
            "service_account_role_arn": "",
            "tags": {},
            "tags_all": {
              "ManagedBy": "terraform",
              "Project": "observability-stack"
            },
            "timeouts": {
              "create": null,
              "delete": null,
              "update": null
            }
          },
          "sensitive_attributes": [],
          "private": "eyJlMmJmYjczMC1lY2FhLTExZTYtOGY4OC0zNDM2M2JjN2M0YzAiOnsiY3JlYXRlIjoxMjAwMDAwMDAwMDAwLCJkZWxldGUiOjI0MDAwMDAwMDAwMDAsInVwZGF0ZSI6MTIwMDAwMDAwMDAwMH19",
          "dependencies": [
            "data.aws_availability_zones.available",
            "module.ebs_csi_irsa.aws_iam_role.this",
            "module.ebs_csi_irsa.data.aws_caller_identity.current",
            "module.ebs_csi_irsa.data.aws_iam_policy_document.this",
            "module.ebs_csi_irsa.data.aws_partition.current",
            "module.eks.aws_cloudwatch_log_group.this",
            "module.eks.aws_eks_cluster.this",
            "module.eks.aws_iam_openid_connect_provider.oidc_provider",
            "module.eks.aws_iam_policy.cni_ipv6_policy",
            "module.eks.aws_iam_role.eks_auto",
            "module.eks.aws_iam_role.this",
            "module.eks.aws_iam_role_policy_attachment.this",
            "module.eks.aws_security_group.cluster",
            "module.eks.aws_security_group.node",
            "module.eks.aws_security_group_rule.cluster",
            "module.eks.aws_security_group_rule.node",
            "module.eks.data.aws_caller_identity.current",
            "module.eks.data.aws_eks_addon_version.this",
            "module.eks.data.aws_iam_policy_document.assume_role_policy",
            "module.eks.data.aws_iam_policy_document.cni_ipv6_policy",
            "module.eks.data.aws_iam_policy_document.node_assume_role_policy",
            "module.eks.data.aws_iam_session_context.current",
            "module.eks.data.aws_partition.current",
            "module.eks.data.tls_certificate.this",
            "module.eks.module.eks_managed_node_group.aws_autoscaling_schedule.this",
            "module.eks.module.eks_managed_node_group.aws_eks_node_group.this",
            "module.eks.module.eks_managed_node_group.aws_iam_role.this",
            "module.eks.module.eks_managed_node_group.aws_iam_role_policy.this",
            "module.eks.module.eks_managed_node_group.aws_iam_role_policy_attachment.additional",
            "module.eks.module.eks_managed_node_group.aws_iam_role_policy_attachment.this",
            "module.eks.module.eks_managed_node_group.aws_launch_template.this",
            "module.eks.module.eks_managed_node_group.aws_placement_group.this",
            "module.eks.module.eks_managed_node_group.data.aws_caller_identity.current",
            "module.eks.module.eks_managed_node_group.data.aws_ec2_instance_type.this",
            "module.eks.module.eks_managed_node_group.data.aws_ec2_instance_type_offerings.this",
            "module.eks.module.eks_managed_node_group.data.aws_iam_policy_document.assume_role_policy",
            "module.eks.module.eks_managed_node_group.data.aws_iam_policy_document.role",
            "module.eks.module.eks_managed_node_group.data.aws_partition.current",
            "module.eks.module.eks_managed_node_group.data.aws_ssm_parameter.ami",
            "module.eks.module.eks_managed_node_group.data.aws_subnets.placement_group",
            "module.eks.module.eks_managed_node_group.module.user_data.data.cloudinit_config.al2023_eks_managed_node_group",
            "module.eks.module.eks_managed_node_group.module.user_data.data.cloudinit_config.linux_eks_managed_node_group",
            "module.eks.module.eks_managed_node_group.module.user_data.null_resource.validate_cluster_service_cidr",
            "module.eks.module.fargate_profile.aws_eks_fargate_profile.this",
            "module.eks.module.fargate_profile.aws_iam_role.this",
            "module.eks.module.fargate_profile.aws_iam_role_policy.this",
            "module.eks.module.fargate_profile.aws_iam_role_policy_attachment.additional",
            "module.eks.module.fargate_profile.aws_iam_role_policy_attachment.this",
            "module.eks.module.fargate_profile.data.aws_caller_identity.current",
            "module.eks.module.fargate_profile.data.aws_iam_policy_document.assume_role_policy",
            "module.eks.module.fargate_profile.data.aws_iam_policy_document.role",
            "module.eks.module.fargate_profile.data.aws_partition.current",
            "module.eks.module.fargate_profile.data.aws_region.current",
            "module.eks.module.kms.aws_kms_external_key.this",
            "module.eks.module.kms.aws_kms_key.this",
            "module.eks.module.kms.aws_kms_replica_external_key.this",
            "module.eks.module.kms.aws_kms_replica_key.this",
            "module.eks.module.kms.data.aws_caller_identity.current",
            "module.eks.module.kms.data.aws_iam_policy_document.this",
            "module.eks.module.kms.data.aws_partition.current",
            "module.eks.module.self_managed_node_group.aws_autoscaling_group.this",
            "module.eks.module.self_managed_node_group.aws_autoscaling_schedule.this",
            "module.eks.module.self_managed_node_group.aws_eks_access_entry.this",
            "module.eks.module.self_managed_node_group.aws_iam_instance_profile.this",
            "module.eks.module.self_managed_node_group.aws_iam_role.this",
            "module.eks.module.self_managed_node_group.aws_iam_role_policy.this",
            "module.eks.module.self_managed_node_group.aws_iam_role_policy_attachment.additional",
            "module.eks.module.self_managed_node_group.aws_iam_role_policy_attachment.this",
            "module.eks.module.self_managed_node_group.aws_launch_template.this",
            "module.eks.module.self_managed_node_group.aws_placement_group.this",
            "module.eks.module.self_managed_node_group.data.aws_caller_identity.current",
            "module.eks.module.self_managed_node_group.data.aws_ec2_instance_type.this",
            "module.eks.module.self_managed_node_group.data.aws_ec2_instance_type_offerings.this",
            "module.eks.module.self_managed_node_group.data.aws_iam_policy_document.assume_role_policy",
            "module.eks.module.self_managed_node_group.data.aws_iam_policy_document.role",
            "module.eks.module.self_managed_node_group.data.aws_partition.current",
            "module.eks.module.self_managed_node_group.data.aws_ssm_parameter.ami",
            "module.eks.module.self_managed_node_group.data.aws_subnets.placement_group",
            "module.eks.module.self_managed_node_group.module.user_data.data.cloudinit_config.al2023_eks_managed_node_group",
            "module.eks.module.self_managed_node_group.module.user_data.data.cloudinit_config.linux_eks_managed_node_group",
            "module.eks.module.self_managed_node_group.module.user_data.null_resource.validate_cluster_service_cidr",
            "module.eks.time_sleep.this",
            "module.vpc.aws_subnet.private",
            "module.vpc.aws_vpc.this",
            "module.vpc.aws_vpc_ipv4_cidr_block_association.this"
          ]
        },
        {
          "index_key": "vpc-cni",
          "schema_version": 0,
          "attributes": {
            "addon_name": "vpc-cni",
            "addon_version": "v1.20.4-eksbuild.2",
            "arn": "arn:aws:eks:us-west-2:027423573553:addon/observability-stack/vpc-cni/16ce8155-62df-b015-0f55-9d22607b5bf1",
            "cluster_name": "observability-stack",
            "configuration_values": "",
            "created_at": "2026-03-18T20:37:19Z",
            "id": "observability-stack:vpc-cni",
            "modified_at": "2026-03-18T20:37:56Z",
            "pod_identity_association": [],
            "preserve": true,
            "resolve_conflicts": null,
            "resolve_conflicts_on_create": "OVERWRITE",
            "resolve_conflicts_on_update": "OVERWRITE",
            "service_account_role_arn": "",
            "tags": {},
            "tags_all": {
              "ManagedBy": "terraform",
              "Project": "observability-stack"
            },
            "timeouts": {
              "create": null,
              "delete": null,
              "update": null
            }
          },
          "sensitive_attributes": [],
          "private": "eyJlMmJmYjczMC1lY2FhLTExZTYtOGY4OC0zNDM2M2JjN2M0YzAiOnsiY3JlYXRlIjoxMjAwMDAwMDAwMDAwLCJkZWxldGUiOjI0MDAwMDAwMDAwMDAsInVwZGF0ZSI6MTIwMDAwMDAwMDAwMH19",
          "dependencies": [
            "data.aws_availability_zones.available",
            "module.ebs_csi_irsa.aws_iam_role.this",
            "module.ebs_csi_irsa.data.aws_caller_identity.current",
            "module.ebs_csi_irsa.data.aws_iam_policy_document.this",
            "module.ebs_csi_irsa.data.aws_partition.current",
            "module.eks.aws_cloudwatch_log_group.this",
            "module.eks.aws_eks_cluster.this",
            "module.eks.aws_iam_openid_connect_provider.oidc_provider",
            "module.eks.aws_iam_policy.cni_ipv6_policy",
            "module.eks.aws_iam_role.eks_auto",
            "module.eks.aws_iam_role.this",
            "module.eks.aws_iam_role_policy_attachment.this",
            "module.eks.aws_security_group.cluster",
            "module.eks.aws_security_group.node",
            "module.eks.aws_security_group_rule.cluster",
            "module.eks.aws_security_group_rule.node",
            "module.eks.data.aws_caller_identity.current",
            "module.eks.data.aws_eks_addon_version.this",
            "module.eks.data.aws_iam_policy_document.assume_role_policy",
            "module.eks.data.aws_iam_policy_document.cni_ipv6_policy",
            "module.eks.data.aws_iam_policy_document.node_assume_role_policy",
            "module.eks.data.aws_iam_session_context.current",
            "module.eks.data.aws_partition.current",
            "module.eks.data.tls_certificate.this",
            "module.eks.module.eks_managed_node_group.aws_autoscaling_schedule.this",
            "module.eks.module.eks_managed_node_group.aws_eks_node_group.this",
            "module.eks.module.eks_managed_node_group.aws_iam_role.this",
            "module.eks.module.eks_managed_node_group.aws_iam_role_policy.this",
            "module.eks.module.eks_managed_node_group.aws_iam_role_policy_attachment.additional",
            "module.eks.module.eks_managed_node_group.aws_iam_role_policy_attachment.this",
            "module.eks.module.eks_managed_node_group.aws_launch_template.this",
            "module.eks.module.eks_managed_node_group.aws_placement_group.this",
            "module.eks.module.eks_managed_node_group.data.aws_caller_identity.current",
            "module.eks.module.eks_managed_node_group.data.aws_ec2_instance_type.this",
            "module.eks.module.eks_managed_node_group.data.aws_ec2_instance_type_offerings.this",
            "module.eks.module.eks_managed_node_group.data.aws_iam_policy_document.assume_role_policy",
            "module.eks.module.eks_managed_node_group.data.aws_iam_policy_document.role",
            "module.eks.module.eks_managed_node_group.data.aws_partition.current",
            "module.eks.module.eks_managed_node_group.data.aws_ssm_parameter.ami",
            "module.eks.module.eks_managed_node_group.data.aws_subnets.placement_group",
            "module.eks.module.eks_managed_node_group.module.user_data.data.cloudinit_config.al2023_eks_managed_node_group",
            "module.eks.module.eks_managed_node_group.module.user_data.data.cloudinit_config.linux_eks_managed_node_group",
            "module.eks.module.eks_managed_node_group.module.user_data.null_resource.validate_cluster_service_cidr",
            "module.eks.module.fargate_profile.aws_eks_fargate_profile.this",
            "module.eks.module.fargate_profile.aws_iam_role.this",
            "module.eks.module.fargate_profile.aws_iam_role_policy.this",
            "module.eks.module.fargate_profile.aws_iam_role_policy_attachment.additional",
            "module.eks.module.fargate_profile.aws_iam_role_policy_attachment.this",
            "module.eks.module.fargate_profile.data.aws_caller_identity.current",
            "module.eks.module.fargate_profile.data.aws_iam_policy_document.assume_role_policy",
            "module.eks.module.fargate_profile.data.aws_iam_policy_document.role",
            "module.eks.module.fargate_profile.data.aws_partition.current",
            "module.eks.module.fargate_profile.data.aws_region.current",
            "module.eks.module.kms.aws_kms_external_key.this",
            "module.eks.module.kms.aws_kms_key.this",
            "module.eks.module.kms.aws_kms_replica_external_key.this",
            "module.eks.module.kms.aws_kms_replica_key.this",
            "module.eks.module.kms.data.aws_caller_identity.current",
            "module.eks.module.kms.data.aws_iam_policy_document.this",
            "module.eks.module.kms.data.aws_partition.current",
            "module.eks.module.self_managed_node_group.aws_autoscaling_group.this",
            "module.eks.module.self_managed_node_group.aws_autoscaling_schedule.this",
            "module.eks.module.self_managed_node_group.aws_eks_access_entry.this",
            "module.eks.module.self_managed_node_group.aws_iam_instance_profile.this",
            "module.eks.module.self_managed_node_group.aws_iam_role.this",
            "module.eks.module.self_managed_node_group.aws_iam_role_policy.this",
            "module.eks.module.self_managed_node_group.aws_iam_role_policy_attachment.additional",
            "module.eks.module.self_managed_node_group.aws_iam_role_policy_attachment.this",
            "module.eks.module.self_managed_node_group.aws_launch_template.this",
            "module.eks.module.self_managed_node_group.aws_placement_group.this",
            "module.eks.module.self_managed_node_group.data.aws_caller_identity.current",
            "module.eks.module.self_managed_node_group.data.aws_ec2_instance_type.this",
            "module.eks.module.self_managed_node_group.data.aws_ec2_instance_type_offerings.this",
            "module.eks.module.self_managed_node_group.data.aws_iam_policy_document.assume_role_policy",
            "module.eks.module.self_managed_node_group.data.aws_iam_policy_document.role",
            "module.eks.module.self_managed_node_group.data.aws_partition.current",
            "module.eks.module.self_managed_node_group.data.aws_ssm_parameter.ami",
            "module.eks.module.self_managed_node_group.data.aws_subnets.placement_group",
            "module.eks.module.self_managed_node_group.module.user_data.data.cloudinit_config.al2023_eks_managed_node_group",
            "module.eks.module.self_managed_node_group.module.user_data.data.cloudinit_config.linux_eks_managed_node_group",
            "module.eks.module.self_managed_node_group.module.user_data.null_resource.validate_cluster_service_cidr",
            "module.eks.time_sleep.this",
            "module.vpc.aws_subnet.private",
            "module.vpc.aws_vpc.this",
            "module.vpc.aws_vpc_ipv4_cidr_block_association.this"
          ]
        }
      ]
    },
    {
      "module": "module.eks",
      "mode": "managed",
      "type": "aws_eks_cluster",
      "name": "this",
      "provider": "provider[\"registry.terraform.io/hashicorp/aws\"]",
      "instances": [
        {
          "index_key": 0,
          "schema_version": 1,
          "attributes": {
            "access_config": [
              {
                "authentication_mode": "API_AND_CONFIG_MAP",
                "bootstrap_cluster_creator_admin_permissions": false
              }
            ],
            "arn": "arn:aws:eks:us-west-2:027423573553:cluster/observability-stack",
            "bootstrap_self_managed_addons": true,
            "certificate_authority": [
              {
                "data": "LS0tLS1CRUdJTiBDRVJUSUZJQ0FURS0tLS0tCk1JSURCVENDQWUyZ0F3SUJBZ0lJWUw3U21MRHdoQ1F3RFFZSktvWklodmNOQVFFTEJRQXdGVEVUTUJFR0ExVUUKQXhNS2EzVmlaWEp1WlhSbGN6QWVGdzB5TmpBek1UZ3lNREU1TURsYUZ3MHpOakF6TVRVeU1ESTBNRGxhTUJVeApFekFSQmdOVkJBTVRDbXQxWW1WeWJtVjBaWE13Z2dFaU1BMEdDU3FHU0liM0RRRUJBUVVBQTRJQkR3QXdnZ0VLCkFvSUJBUURoYjF3aHBHSVlpa3U5TUV6Mnl3ck5DMnNHNUVnL3M3Tkd1Q1BaYzREOWxaclk0dE9ldmhyZFcvTWoKTHp3T21POXBTMnVxd2FFWnBDTmxMVWdDMXV6Z3JJRi9abFRqU2x6c0VJaldYbFRUQWE1N05FWmpLR28xeFJKTwpBbFovZy9TaHVXcFd2NFU1UHNLN2NlK3lwbDI0NVIzRzVrVnFWbkkwdkRwMjU1YVg1V0N6bnpSUm5yNU9WVE5QCndmMGh3bC9QUEpvYVRLYkhKcGk5QWRmMVIrbFdWZlFEdmhKckcwN2JBSGNncWhGYnNLd0JkWVlaK2JWYzdCVmQKd0dnb2NqYU4xMkI1SnlnKzBjUmFHN3NEdmdibk9zQ2hMbVdJeWRwL0tEVldSOGwwWU54dkdBR1c4R1I3S3AyUApLTHV1R290bVRyZ2xMN1pZZkJVRjQxU1o0VVBOQWdNQkFBR2pXVEJYTUE0R0ExVWREd0VCL3dRRUF3SUNwREFQCkJnTlZIUk1CQWY4RUJUQURBUUgvTUIwR0ExVWREZ1FXQkJRQlc3RG1rSGpQUmkycWpLR01uM2I2cnRWTThqQVYKQmdOVkhSRUVEakFNZ2dwcmRXSmxjbTVsZEdWek1BMEdDU3FHU0liM0RRRUJDd1VBQTRJQkFRQlBBS3NwcjFCdwo4Tk9qTWVGTTZ6NEpsQ0pSaVRBNWVxd01XdDZpcGk0a2xnT0l0WDEwV2M4S25IeEpIME9uNG9CdVo5d1NsQmRTCmxocHk4elpmSXkreVVKVFRuMC9SdWlmbVdtd2NpNXlFZzZjWmpzclh1TVA2Nm5aektZNzdVVitVb05INzlKNlYKdlBOeVBQaVo4N1ZIdzJ2SVFGWFFjczIyQ09LQnB1YUNpWGZONUROdnpiaHJLWGQ3d3NaMTRLY1NEaTVBK3hrTwpGWHRTRFVHS09IdXNZcEQ5L3R3NkZ1d0lMYWY4WFFBb2toK0Z3aHc5OWltU0hzVlkrKys2dGQycVhKT0J6TjVNCnlVUi9lWGhTZGdpazFTSTFNZVZ5c1d2RDFJejlhNFNsUFJlZG1jSGRxdC9tejRLUFFaMjBGUmVsN0NWQVEyOHEKaDlTeXV3UFRPcWc2Ci0tLS0tRU5EIENFUlRJRklDQVRFLS0tLS0K"
              }
            ],
            "cluster_id": null,
            "compute_config": [],
            "created_at": "2026-03-18T20:18:51Z",
            "enabled_cluster_log_types": [
              "api",
              "audit",
              "authenticator"
            ],
            "encryption_config": [
              {
                "provider": [
                  {
                    "key_arn": "arn:aws:kms:us-west-2:027423573553:key/12030f91-64b4-40e3-b7ad-77340e0391c7"
                  }
                ],
                "resources": [
                  "secrets"
                ]
              }
            ],
            "endpoint": "https://91D986DCB52447A7F312838B02FCD62D.gr7.us-west-2.eks.amazonaws.com",
            "force_update_version": null,
            "id": "observability-stack",
            "identity": [
              {
                "oidc": [
                  {
                    "issuer": "https://oidc.eks.us-west-2.amazonaws.com/id/91D986DCB52447A7F312838B02FCD62D"
                  }
                ]
              }
            ],
            "kubernetes_network_config": [
              {
                "elastic_load_balancing": [
                  {
                    "enabled": false
                  }
                ],
                "ip_family": "ipv4",
                "service_ipv4_cidr": "172.20.0.0/16",
                "service_ipv6_cidr": ""
              }
            ],
            "name": "observability-stack",
            "outpost_config": [],
            "platform_version": "eks.39",
            "remote_network_config": [],
            "role_arn": "arn:aws:iam::027423573553:role/observability-stack-cluster-20260318201827553600000003",
            "status": "ACTIVE",
            "storage_config": [],
            "tags": {
              "terraform-aws-modules": "eks"
            },
            "tags_all": {
              "ManagedBy": "terraform",
              "Project": "observability-stack",
              "terraform-aws-modules": "eks"
            },
            "timeouts": {
              "create": null,
              "delete": null,
              "update": null
            },
            "upgrade_policy": [
              {
                "support_type": "EXTENDED"
              }
            ],
            "version": "1.32",
            "vpc_config": [
              {
                "cluster_security_group_id": "sg-03c8bf9784bd7274e",
                "endpoint_private_access": true,
                "endpoint_public_access": true,
                "public_access_cidrs": [
                  "0.0.0.0/0"
                ],
                "security_group_ids": [
                  "sg-0a09a2f98bc2b809b"
                ],
                "subnet_ids": [
                  "subnet-00bc6b6598ab09efb",
                  "subnet-06f8647c688701ae4",
                  "subnet-0862c3b38b530fd97"
                ],
                "vpc_id": "vpc-03aefcf5aa0581d7a"
              }
            ],
            "zonal_shift_config": []
          },
          "sensitive_attributes": [],
          "private": "eyJlMmJmYjczMC1lY2FhLTExZTYtOGY4OC0zNDM2M2JjN2M0YzAiOnsiY3JlYXRlIjoxODAwMDAwMDAwMDAwLCJkZWxldGUiOjkwMDAwMDAwMDAwMCwidXBkYXRlIjozNjAwMDAwMDAwMDAwfSwic2NoZW1hX3ZlcnNpb24iOiIxIn0=",
          "dependencies": [
            "data.aws_availability_zones.available",
            "module.eks.aws_cloudwatch_log_group.this",
            "module.eks.aws_iam_policy.cni_ipv6_policy",
            "module.eks.aws_iam_role.eks_auto",
            "module.eks.aws_iam_role.this",
            "module.eks.aws_iam_role_policy_attachment.this",
            "module.eks.aws_security_group.cluster",
            "module.eks.aws_security_group.node",
            "module.eks.aws_security_group_rule.cluster",
            "module.eks.aws_security_group_rule.node",
            "module.eks.data.aws_caller_identity.current",
            "module.eks.data.aws_iam_policy_document.assume_role_policy",
            "module.eks.data.aws_iam_policy_document.cni_ipv6_policy",
            "module.eks.data.aws_iam_policy_document.node_assume_role_policy",
            "module.eks.data.aws_iam_session_context.current",
            "module.eks.data.aws_partition.current",
            "module.eks.module.kms.aws_kms_external_key.this",
            "module.eks.module.kms.aws_kms_key.this",
            "module.eks.module.kms.aws_kms_replica_external_key.this",
            "module.eks.module.kms.aws_kms_replica_key.this",
            "module.eks.module.kms.data.aws_caller_identity.current",
            "module.eks.module.kms.data.aws_iam_policy_document.this",
            "module.eks.module.kms.data.aws_partition.current",
            "module.vpc.aws_subnet.private",
            "module.vpc.aws_vpc.this",
            "module.vpc.aws_vpc_ipv4_cidr_block_association.this"
          ],
          "create_before_destroy": true
        }
      ]
    },
    {
      "module": "module.eks",
      "mode": "managed",
      "type": "aws_eks_identity_provider_config",
      "name": "this",
      "provider": "provider[\"registry.terraform.io/hashicorp/aws\"]",
      "instances": []
    },
    {
      "module": "module.eks",
      "mode": "managed",
      "type": "aws_iam_openid_connect_provider",
      "name": "oidc_provider",
      "provider": "provider[\"registry.terraform.io/hashicorp/aws\"]",
      "instances": [
        {
          "index_key": 0,
          "schema_version": 0,
          "attributes": {
            "arn": "arn:aws:iam::027423573553:oidc-provider/oidc.eks.us-west-2.amazonaws.com/id/91D986DCB52447A7F312838B02FCD62D",
            "client_id_list": [
              "sts.amazonaws.com"
            ],
            "id": "arn:aws:iam::027423573553:oidc-provider/oidc.eks.us-west-2.amazonaws.com/id/91D986DCB52447A7F312838B02FCD62D",
            "tags": {
              "Name": "observability-stack-eks-irsa"
            },
            "tags_all": {
              "ManagedBy": "terraform",
              "Name": "observability-stack-eks-irsa",
              "Project": "observability-stack"
            },
            "thumbprint_list": [
              "06b25927c42a721631c1efd9431e648fa62e1e39"
            ],
            "url": "oidc.eks.us-west-2.amazonaws.com/id/91D986DCB52447A7F312838B02FCD62D"
          },
          "sensitive_attributes": [],
          "private": "bnVsbA==",
          "dependencies": [
            "data.aws_availability_zones.available",
            "module.eks.aws_cloudwatch_log_group.this",
            "module.eks.aws_eks_cluster.this",
            "module.eks.aws_iam_policy.cni_ipv6_policy",
            "module.eks.aws_iam_role.eks_auto",
            "module.eks.aws_iam_role.this",
            "module.eks.aws_iam_role_policy_attachment.this",
            "module.eks.aws_security_group.cluster",
            "module.eks.aws_security_group.node",
            "module.eks.aws_security_group_rule.cluster",
            "module.eks.aws_security_group_rule.node",
            "module.eks.data.aws_caller_identity.current",
            "module.eks.data.aws_iam_policy_document.assume_role_policy",
            "module.eks.data.aws_iam_policy_document.cni_ipv6_policy",
            "module.eks.data.aws_iam_policy_document.node_assume_role_policy",
            "module.eks.data.aws_iam_session_context.current",
            "module.eks.data.aws_partition.current",
            "module.eks.data.tls_certificate.this",
            "module.eks.module.kms.aws_kms_external_key.this",
            "module.eks.module.kms.aws_kms_key.this",
            "module.eks.module.kms.aws_kms_replica_external_key.this",
            "module.eks.module.kms.aws_kms_replica_key.this",
            "module.eks.module.kms.data.aws_caller_identity.current",
            "module.eks.module.kms.data.aws_iam_policy_document.this",
            "module.eks.module.kms.data.aws_partition.current",
            "module.vpc.aws_subnet.private",
            "module.vpc.aws_vpc.this",
            "module.vpc.aws_vpc_ipv4_cidr_block_association.this"
          ]
        }
      ]
    },
    {
      "module": "module.eks",
      "mode": "managed",
      "type": "aws_iam_policy",
      "name": "cluster_encryption",
      "provider": "provider[\"registry.terraform.io/hashicorp/aws\"]",
      "instances": [
        {
          "index_key": 0,
          "schema_version": 0,
          "attributes": {
            "arn": "arn:aws:iam::027423573553:policy/observability-stack-cluster-ClusterEncryption20260318201849029100000012",
            "attachment_count": 1,
            "description": "Cluster encryption policy to allow cluster role to utilize CMK provided",
            "id": "arn:aws:iam::027423573553:policy/observability-stack-cluster-ClusterEncryption20260318201849029100000012",
            "name": "observability-stack-cluster-ClusterEncryption20260318201849029100000012",
            "name_prefix": "observability-stack-cluster-ClusterEncryption",
            "path": "/",
            "policy": "{\"Statement\":[{\"Action\":[\"kms:Encrypt\",\"kms:Decrypt\",\"kms:ListGrants\",\"kms:DescribeKey\"],\"Effect\":\"Allow\",\"Resource\":\"arn:aws:kms:us-west-2:027423573553:key/12030f91-64b4-40e3-b7ad-77340e0391c7\"}],\"Version\":\"2012-10-17\"}",
            "policy_id": "ANPAQMYUSQYYRD4S5DT4O",
            "tags": {},
            "tags_all": {
              "ManagedBy": "terraform",
              "Project": "observability-stack"
            }
          },
          "sensitive_attributes": [],
          "private": "bnVsbA==",
          "dependencies": [
            "module.eks.aws_iam_role.this",
            "module.eks.data.aws_caller_identity.current",
            "module.eks.data.aws_iam_policy_document.assume_role_policy",
            "module.eks.data.aws_iam_session_context.current",
            "module.eks.module.kms.aws_kms_external_key.this",
            "module.eks.module.kms.aws_kms_key.this",
            "module.eks.module.kms.aws_kms_replica_external_key.this",
            "module.eks.module.kms.aws_kms_replica_key.this",
            "module.eks.module.kms.data.aws_caller_identity.current",
            "module.eks.module.kms.data.aws_iam_policy_document.this",
            "module.eks.module.kms.data.aws_partition.current"
          ]
        }
      ]
    },
    {
      "module": "module.eks",
      "mode": "managed",
      "type": "aws_iam_policy",
      "name": "cni_ipv6_policy",
      "provider": "provider[\"registry.terraform.io/hashicorp/aws\"]",
      "instances": []
    },
    {
      "module": "module.eks",
      "mode": "managed",
      "type": "aws_iam_policy",
      "name": "custom",
      "provider": "provider[\"registry.terraform.io/hashicorp/aws\"]",
      "instances": [
        {
          "index_key": 0,
          "schema_version": 0,
          "attributes": {
            "arn": "arn:aws:iam::027423573553:policy/observability-stack-cluster-20260318201827554500000004",
            "attachment_count": 1,
            "description": "",
            "id": "arn:aws:iam::027423573553:policy/observability-stack-cluster-20260318201827554500000004",
            "name": "observability-stack-cluster-20260318201827554500000004",
            "name_prefix": "observability-stack-cluster-",
            "path": "/",
            "policy": "{\"Statement\":[{\"Action\":[\"ec2:RunInstances\",\"ec2:CreateLaunchTemplate\",\"ec2:CreateFleet\"],\"Condition\":{\"StringEquals\":{\"aws:RequestTag/eks:eks-cluster-name\":\"${aws:PrincipalTag/eks:eks-cluster-name}\"},\"StringLike\":{\"aws:RequestTag/eks:kubernetes-node-class-name\":\"*\",\"aws:RequestTag/eks:kubernetes-node-pool-name\":\"*\"}},\"Effect\":\"Allow\",\"Resource\":\"*\",\"Sid\":\"Compute\"},{\"Action\":[\"ec2:CreateVolume\",\"ec2:CreateSnapshot\"],\"Condition\":{\"StringEquals\":{\"aws:RequestTag/eks:eks-cluster-name\":\"${aws:PrincipalTag/eks:eks-cluster-name}\"}},\"Effect\":\"Allow\",\"Resource\":[\"arn:aws:ec2:*:*:volume/*\",\"arn:aws:ec2:*:*:snapshot/*\"],\"Sid\":\"Storage\"},{\"Action\":\"ec2:CreateNetworkInterface\",\"Condition\":{\"StringEquals\":{\"aws:RequestTag/eks:eks-cluster-name\":\"${aws:PrincipalTag/eks:eks-cluster-name}\",\"aws:RequestTag/eks:kubernetes-cni-node-name\":\"*\"}},\"Effect\":\"Allow\",\"Resource\":\"*\",\"Sid\":\"Networking\"},{\"Action\":[\"elasticloadbalancing:CreateTargetGroup\",\"elasticloadbalancing:CreateRule\",\"elasticloadbalancing:CreateLoadBalancer\",\"elasticloadbalancing:CreateListener\",\"ec2:CreateSecurityGroup\"],\"Condition\":{\"StringEquals\":{\"aws:RequestTag/eks:eks-cluster-name\":\"${aws:PrincipalTag/eks:eks-cluster-name}\"}},\"Effect\":\"Allow\",\"Resource\":\"*\",\"Sid\":\"LoadBalancer\"},{\"Action\":\"shield:CreateProtection\",\"Condition\":{\"StringEquals\":{\"aws:RequestTag/eks:eks-cluster-name\":\"${aws:PrincipalTag/eks:eks-cluster-name}\"}},\"Effect\":\"Allow\",\"Resource\":\"*\",\"Sid\":\"ShieldProtection\"},{\"Action\":\"shield:TagResource\",\"Condition\":{\"StringEquals\":{\"aws:RequestTag/eks:eks-cluster-name\":\"${aws:PrincipalTag/eks:eks-cluster-name}\"}},\"Effect\":\"Allow\",\"Resource\":\"arn:aws:shield::*:protection/*\",\"Sid\":\"ShieldTagResource\"}],\"Version\":\"2012-10-17\"}",
            "policy_id": "ANPAQMYUSQYYXYGTCPHVU",
            "tags": {},
            "tags_all": {
              "ManagedBy": "terraform",
              "Project": "observability-stack"
            }
          },
          "sensitive_attributes": [],
          "private": "bnVsbA==",
          "dependencies": [
            "module.eks.data.aws_iam_policy_document.custom",
            "module.eks.data.aws_partition.current"
          ]
        }
      ]
    },
    {
      "module": "module.eks",
      "mode": "managed",
      "type": "aws_iam_role",
      "name": "eks_auto",
      "provider": "provider[\"registry.terraform.io/hashicorp/aws\"]",
      "instances": []
    },
    {
      "module": "module.eks",
      "mode": "managed",
      "type": "aws_iam_role",
      "name": "this",
      "provider": "provider[\"registry.terraform.io/hashicorp/aws\"]",
      "instances": [
        {
          "index_key": 0,
          "schema_version": 0,
          "attributes": {
            "arn": "arn:aws:iam::027423573553:role/observability-stack-cluster-20260318201827553600000003",
            "assume_role_policy": "{\"Statement\":[{\"Action\":[\"sts:TagSession\",\"sts:AssumeRole\"],\"Effect\":\"Allow\",\"Principal\":{\"Service\":\"eks.amazonaws.com\"},\"Sid\":\"EKSClusterAssumeRole\"}],\"Version\":\"2012-10-17\"}",
            "create_date": "2026-03-18T20:18:27Z",
            "description": "",
            "force_detach_policies": true,
            "id": "observability-stack-cluster-20260318201827553600000003",
            "inline_policy": [],
            "managed_policy_arns": [
              "arn:aws:iam::027423573553:policy/observability-stack-cluster-20260318201827554500000004",
              "arn:aws:iam::027423573553:policy/observability-stack-cluster-ClusterEncryption20260318201849029100000012",
              "arn:aws:iam::aws:policy/AmazonEKSClusterPolicy",
              "arn:aws:iam::aws:policy/AmazonEKSVPCResourceController"
            ],
            "max_session_duration": 3600,
            "name": "observability-stack-cluster-20260318201827553600000003",
            "name_prefix": "observability-stack-cluster-",
            "path": "/",
            "permissions_boundary": "",
            "tags": {},
            "tags_all": {
              "ManagedBy": "terraform",
              "Project": "observability-stack"
            },
            "unique_id": "AROAQMYUSQYY2A3WUUJBE"
          },
          "sensitive_attributes": [],
          "private": "bnVsbA==",
          "dependencies": [
            "module.eks.data.aws_iam_policy_document.assume_role_policy"
          ],
          "create_before_destroy": true
        }
      ]
    },
    {
      "module": "module.eks",
      "mode": "managed",
      "type": "aws_iam_role_policy_attachment",
      "name": "additional",
      "provider": "provider[\"registry.terraform.io/hashicorp/aws\"]",
      "instances": []
    },
    {
      "module": "module.eks",
      "mode": "managed",
      "type": "aws_iam_role_policy_attachment",
      "name": "cluster_encryption",
      "provider": "provider[\"registry.terraform.io/hashicorp/aws\"]",
      "instances": [
        {
          "index_key": 0,
          "schema_version": 0,
          "attributes": {
            "id": "observability-stack-cluster-20260318201827553600000003-20260318201849597300000013",
            "policy_arn": "arn:aws:iam::027423573553:policy/observability-stack-cluster-ClusterEncryption20260318201849029100000012",
            "role": "observability-stack-cluster-20260318201827553600000003"
          },
          "sensitive_attributes": [],
          "private": "bnVsbA==",
          "dependencies": [
            "module.eks.aws_iam_policy.cluster_encryption",
            "module.eks.aws_iam_role.this",
            "module.eks.data.aws_caller_identity.current",
            "module.eks.data.aws_iam_policy_document.assume_role_policy",
            "module.eks.data.aws_iam_session_context.current",
            "module.eks.module.kms.aws_kms_external_key.this",
            "module.eks.module.kms.aws_kms_key.this",
            "module.eks.module.kms.aws_kms_replica_external_key.this",
            "module.eks.module.kms.aws_kms_replica_key.this",
            "module.eks.module.kms.data.aws_caller_identity.current",
            "module.eks.module.kms.data.aws_iam_policy_document.this",
            "module.eks.module.kms.data.aws_partition.current"
          ]
        }
      ]
    },
    {
      "module": "module.eks",
      "mode": "managed",
      "type": "aws_iam_role_policy_attachment",
      "name": "custom",
      "provider": "provider[\"registry.terraform.io/hashicorp/aws\"]",
      "instances": [
        {
          "index_key": 0,
          "schema_version": 0,
          "attributes": {
            "id": "observability-stack-cluster-20260318201827553600000003-20260318201828429000000008",
            "policy_arn": "arn:aws:iam::027423573553:policy/observability-stack-cluster-20260318201827554500000004",
            "role": "observability-stack-cluster-20260318201827553600000003"
          },
          "sensitive_attributes": [],
          "private": "bnVsbA==",
          "dependencies": [
            "module.eks.aws_iam_policy.custom",
            "module.eks.aws_iam_role.this",
            "module.eks.data.aws_iam_policy_document.assume_role_policy",
            "module.eks.data.aws_iam_policy_document.custom",
            "module.eks.data.aws_partition.current"
          ]
        }
      ]
    },
    {
      "module": "module.eks",
      "mode": "managed",
      "type": "aws_iam_role_policy_attachment",
      "name": "eks_auto",
      "provider": "provider[\"registry.terraform.io/hashicorp/aws\"]",
      "instances": []
    },
    {
      "module": "module.eks",
      "mode": "managed",
      "type": "aws_iam_role_policy_attachment",
      "name": "eks_auto_additional",
      "provider": "provider[\"registry.terraform.io/hashicorp/aws\"]",
      "instances": []
    },
    {
      "module": "module.eks",
      "mode": "managed",
      "type": "aws_iam_role_policy_attachment",
      "name": "this",
      "provider": "provider[\"registry.terraform.io/hashicorp/aws\"]",
      "instances": [
        {
          "index_key": "AmazonEKSClusterPolicy",
          "schema_version": 0,
          "attributes": {
            "id": "observability-stack-cluster-20260318201827553600000003-2026031820182842940000000a",
            "policy_arn": "arn:aws:iam::aws:policy/AmazonEKSClusterPolicy",
            "role": "observability-stack-cluster-20260318201827553600000003"
          },
          "sensitive_attributes": [],
          "private": "bnVsbA==",
          "dependencies": [
            "module.eks.aws_iam_role.this",
            "module.eks.data.aws_iam_policy_document.assume_role_policy",
            "module.eks.data.aws_partition.current"
          ],
          "create_before_destroy": true
        },
        {
          "index_key": "AmazonEKSVPCResourceController",
          "schema_version": 0,
          "attributes": {
            "id": "observability-stack-cluster-20260318201827553600000003-2026031820182843710000000c",
            "policy_arn": "arn:aws:iam::aws:policy/AmazonEKSVPCResourceController",
            "role": "observability-stack-cluster-20260318201827553600000003"
          },
          "sensitive_attributes": [],
          "private": "bnVsbA==",
          "dependencies": [
            "module.eks.aws_iam_role.this",
            "module.eks.data.aws_iam_policy_document.assume_role_policy",
            "module.eks.data.aws_partition.current"
          ],
          "create_before_destroy": true
        }
      ]
    },
    {
      "module": "module.eks",
      "mode": "managed",
      "type": "aws_security_group",
      "name": "cluster",
      "provider": "provider[\"registry.terraform.io/hashicorp/aws\"]",
      "instances": [
        {
          "index_key": 0,
          "schema_version": 1,
          "attributes": {
            "arn": "arn:aws:ec2:us-west-2:027423573553:security-group/sg-0a09a2f98bc2b809b",
            "description": "EKS cluster security group",
            "egress": [],
            "id": "sg-0a09a2f98bc2b809b",
            "ingress": [
              {
                "cidr_blocks": [],
                "description": "Node groups to cluster API",
                "from_port": 443,
                "ipv6_cidr_blocks": [],
                "prefix_list_ids": [],
                "protocol": "tcp",
                "security_groups": [
                  "sg-039c64dc512590a29"
                ],
                "self": false,
                "to_port": 443
              }
            ],
            "name": "observability-stack-cluster-2026031820184013550000000f",
            "name_prefix": "observability-stack-cluster-",
            "owner_id": "027423573553",
            "revoke_rules_on_delete": false,
            "tags": {
              "Name": "observability-stack-cluster"
            },
            "tags_all": {
              "ManagedBy": "terraform",
              "Name": "observability-stack-cluster",
              "Project": "observability-stack"
            },
            "timeouts": null,
            "vpc_id": "vpc-03aefcf5aa0581d7a"
          },
          "sensitive_attributes": [],
          "private": "eyJlMmJmYjczMC1lY2FhLTExZTYtOGY4OC0zNDM2M2JjN2M0YzAiOnsiY3JlYXRlIjo2MDAwMDAwMDAwMDAsImRlbGV0ZSI6OTAwMDAwMDAwMDAwfSwic2NoZW1hX3ZlcnNpb24iOiIxIn0=",
          "dependencies": [
            "module.vpc.aws_vpc.this"
          ],
          "create_before_destroy": true
        }
      ]
    },
    {
      "module": "module.eks",
      "mode": "managed",
      "type": "aws_security_group",
      "name": "node",
      "provider": "provider[\"registry.terraform.io/hashicorp/aws\"]",
      "instances": [
        {
          "index_key": 0,
          "schema_version": 1,
          "attributes": {
            "arn": "arn:aws:ec2:us-west-2:027423573553:security-group/sg-039c64dc512590a29",
            "description": "EKS node shared security group",
            "egress": [
              {
                "cidr_blocks": [
                  "0.0.0.0/0"
                ],
                "description": "Allow all egress",
                "from_port": 0,
                "ipv6_cidr_blocks": [],
                "prefix_list_ids": [],
                "protocol": "-1",
                "security_groups": [],
                "self": false,
                "to_port": 0
              }
            ],
            "id": "sg-039c64dc512590a29",
            "ingress": [
              {
                "cidr_blocks": [],
                "description": "Cluster API to node 4443/tcp webhook",
                "from_port": 4443,
                "ipv6_cidr_blocks": [],
                "prefix_list_ids": [],
                "protocol": "tcp",
                "security_groups": [
                  "sg-0a09a2f98bc2b809b"
                ],
                "self": false,
                "to_port": 4443
              },
              {
                "cidr_blocks": [],
                "description": "Cluster API to node 6443/tcp webhook",
                "from_port": 6443,
                "ipv6_cidr_blocks": [],
                "prefix_list_ids": [],
                "protocol": "tcp",
                "security_groups": [
                  "sg-0a09a2f98bc2b809b"
                ],
                "self": false,
                "to_port": 6443
              },
              {
                "cidr_blocks": [],
                "description": "Cluster API to node 8443/tcp webhook",
                "from_port": 8443,
                "ipv6_cidr_blocks": [],
                "prefix_list_ids": [],
                "protocol": "tcp",
                "security_groups": [
                  "sg-0a09a2f98bc2b809b"
                ],
                "self": false,
                "to_port": 8443
              },
              {
                "cidr_blocks": [],
                "description": "Cluster API to node 9443/tcp webhook",
                "from_port": 9443,
                "ipv6_cidr_blocks": [],
                "prefix_list_ids": [],
                "protocol": "tcp",
                "security_groups": [
                  "sg-0a09a2f98bc2b809b"
                ],
                "self": false,
                "to_port": 9443
              },
              {
                "cidr_blocks": [],
                "description": "Cluster API to node groups",
                "from_port": 443,
                "ipv6_cidr_blocks": [],
                "prefix_list_ids": [],
                "protocol": "tcp",
                "security_groups": [
                  "sg-0a09a2f98bc2b809b"
                ],
                "self": false,
                "to_port": 443
              },
              {
                "cidr_blocks": [],
                "description": "Cluster API to node kubelets",
                "from_port": 10250,
                "ipv6_cidr_blocks": [],
                "prefix_list_ids": [],
                "protocol": "tcp",
                "security_groups": [
                  "sg-0a09a2f98bc2b809b"
                ],
                "self": false,
                "to_port": 10250
              },
              {
                "cidr_blocks": [],
                "description": "Node to node CoreDNS UDP",
                "from_port": 53,
                "ipv6_cidr_blocks": [],
                "prefix_list_ids": [],
                "protocol": "udp",
                "security_groups": [],
                "self": true,
                "to_port": 53
              },
              {
                "cidr_blocks": [],
                "description": "Node to node CoreDNS",
                "from_port": 53,
                "ipv6_cidr_blocks": [],
                "prefix_list_ids": [],
                "protocol": "tcp",
                "security_groups": [],
                "self": true,
                "to_port": 53
              },
              {
                "cidr_blocks": [],
                "description": "Node to node ingress on ephemeral ports",
                "from_port": 1025,
                "ipv6_cidr_blocks": [],
                "prefix_list_ids": [],
                "protocol": "tcp",
                "security_groups": [],
                "self": true,
                "to_port": 65535
              },
              {
                "cidr_blocks": [],
                "description": "elbv2.k8s.aws/targetGroupBinding=shared",
                "from_port": 5601,
                "ipv6_cidr_blocks": [],
                "prefix_list_ids": [],
                "protocol": "tcp",
                "security_groups": [
                  "sg-0ec86f6fd3561da11"
                ],
                "self": false,
                "to_port": 5601
              }
            ],
            "name": "observability-stack-node-20260318201840542000000010",
            "name_prefix": "observability-stack-node-",
            "owner_id": "027423573553",
            "revoke_rules_on_delete": false,
            "tags": {
              "Name": "observability-stack-node",
              "kubernetes.io/cluster/observability-stack": "owned"
            },
            "tags_all": {
              "ManagedBy": "terraform",
              "Name": "observability-stack-node",
              "Project": "observability-stack",
              "kubernetes.io/cluster/observability-stack": "owned"
            },
            "timeouts": null,
            "vpc_id": "vpc-03aefcf5aa0581d7a"
          },
          "sensitive_attributes": [],
          "private": "eyJlMmJmYjczMC1lY2FhLTExZTYtOGY4OC0zNDM2M2JjN2M0YzAiOnsiY3JlYXRlIjo2MDAwMDAwMDAwMDAsImRlbGV0ZSI6OTAwMDAwMDAwMDAwfSwic2NoZW1hX3ZlcnNpb24iOiIxIn0=",
          "dependencies": [
            "module.vpc.aws_vpc.this"
          ],
          "create_before_destroy": true
        }
      ]
    },
    {
      "module": "module.eks",
      "mode": "managed",
      "type": "aws_security_group_rule",
      "name": "cluster",
      "provider": "provider[\"registry.terraform.io/hashicorp/aws\"]",
      "instances": [
        {
          "index_key": "ingress_nodes_443",
          "schema_version": 2,
          "attributes": {
            "cidr_blocks": null,
            "description": "Node groups to cluster API",
            "from_port": 443,
            "id": "sgrule-1181540205",
            "ipv6_cidr_blocks": null,
            "prefix_list_ids": null,
            "protocol": "tcp",
            "security_group_id": "sg-0a09a2f98bc2b809b",
            "security_group_rule_id": "sgr-077f102466a349635",
            "self": false,
            "source_security_group_id": "sg-039c64dc512590a29",
            "timeouts": null,
            "to_port": 443,
            "type": "ingress"
          },
          "sensitive_attributes": [],
          "private": "eyJlMmJmYjczMC1lY2FhLTExZTYtOGY4OC0zNDM2M2JjN2M0YzAiOnsiY3JlYXRlIjozMDAwMDAwMDAwMDB9LCJzY2hlbWFfdmVyc2lvbiI6IjIifQ==",
          "dependencies": [
            "module.eks.aws_security_group.cluster",
            "module.eks.aws_security_group.node",
            "module.vpc.aws_vpc.this"
          ],
          "create_before_destroy": true
        }
      ]
    },
    {
      "module": "module.eks",
      "mode": "managed",
      "type": "aws_security_group_rule",
      "name": "node",
      "provider": "provider[\"registry.terraform.io/hashicorp/aws\"]",
      "instances": [
        {
          "index_key": "egress_all",
          "schema_version": 2,
          "attributes": {
            "cidr_blocks": [
              "0.0.0.0/0"
            ],
            "description": "Allow all egress",
            "from_port": 0,
            "id": "sgrule-2475787203",
            "ipv6_cidr_blocks": null,
            "prefix_list_ids": [],
            "protocol": "-1",
            "security_group_id": "sg-039c64dc512590a29",
            "security_group_rule_id": "sgr-0f66e35b51a2a9856",
            "self": false,
            "source_security_group_id": null,
            "timeouts": null,
            "to_port": 0,
            "type": "egress"
          },
          "sensitive_attributes": [],
          "private": "eyJlMmJmYjczMC1lY2FhLTExZTYtOGY4OC0zNDM2M2JjN2M0YzAiOnsiY3JlYXRlIjozMDAwMDAwMDAwMDB9LCJzY2hlbWFfdmVyc2lvbiI6IjIifQ==",
          "dependencies": [
            "module.eks.aws_security_group.cluster",
            "module.eks.aws_security_group.node",
            "module.vpc.aws_vpc.this"
          ],
          "create_before_destroy": true
        },
        {
          "index_key": "ingress_cluster_443",
          "schema_version": 2,
          "attributes": {
            "cidr_blocks": null,
            "description": "Cluster API to node groups",
            "from_port": 443,
            "id": "sgrule-1462776238",
            "ipv6_cidr_blocks": null,
            "prefix_list_ids": [],
            "protocol": "tcp",
            "security_group_id": "sg-039c64dc512590a29",
            "security_group_rule_id": "sgr-092cf55f6b375a4e1",
            "self": false,
            "source_security_group_id": "sg-0a09a2f98bc2b809b",
            "timeouts": null,
            "to_port": 443,
            "type": "ingress"
          },
          "sensitive_attributes": [],
          "private": "eyJlMmJmYjczMC1lY2FhLTExZTYtOGY4OC0zNDM2M2JjN2M0YzAiOnsiY3JlYXRlIjozMDAwMDAwMDAwMDB9LCJzY2hlbWFfdmVyc2lvbiI6IjIifQ==",
          "dependencies": [
            "module.eks.aws_security_group.cluster",
            "module.eks.aws_security_group.node",
            "module.vpc.aws_vpc.this"
          ],
          "create_before_destroy": true
        },
        {
          "index_key": "ingress_cluster_4443_webhook",
          "schema_version": 2,
          "attributes": {
            "cidr_blocks": null,
            "description": "Cluster API to node 4443/tcp webhook",
            "from_port": 4443,
            "id": "sgrule-2443875299",
            "ipv6_cidr_blocks": null,
            "prefix_list_ids": [],
            "protocol": "tcp",
            "security_group_id": "sg-039c64dc512590a29",
            "security_group_rule_id": "sgr-008e3e3dfb3bfde5c",
            "self": false,
            "source_security_group_id": "sg-0a09a2f98bc2b809b",
            "timeouts": null,
            "to_port": 4443,
            "type": "ingress"
          },
          "sensitive_attributes": [],
          "private": "eyJlMmJmYjczMC1lY2FhLTExZTYtOGY4OC0zNDM2M2JjN2M0YzAiOnsiY3JlYXRlIjozMDAwMDAwMDAwMDB9LCJzY2hlbWFfdmVyc2lvbiI6IjIifQ==",
          "dependencies": [
            "module.eks.aws_security_group.cluster",
            "module.eks.aws_security_group.node",
            "module.vpc.aws_vpc.this"
          ],
          "create_before_destroy": true
        },
        {
          "index_key": "ingress_cluster_6443_webhook",
          "schema_version": 2,
          "attributes": {
            "cidr_blocks": null,
            "description": "Cluster API to node 6443/tcp webhook",
            "from_port": 6443,
            "id": "sgrule-1491661941",
            "ipv6_cidr_blocks": null,
            "prefix_list_ids": [],
            "protocol": "tcp",
            "security_group_id": "sg-039c64dc512590a29",
            "security_group_rule_id": "sgr-05878181195aef7de",
            "self": false,
            "source_security_group_id": "sg-0a09a2f98bc2b809b",
            "timeouts": null,
            "to_port": 6443,
            "type": "ingress"
          },
          "sensitive_attributes": [],
          "private": "eyJlMmJmYjczMC1lY2FhLTExZTYtOGY4OC0zNDM2M2JjN2M0YzAiOnsiY3JlYXRlIjozMDAwMDAwMDAwMDB9LCJzY2hlbWFfdmVyc2lvbiI6IjIifQ==",
          "dependencies": [
            "module.eks.aws_security_group.cluster",
            "module.eks.aws_security_group.node",
            "module.vpc.aws_vpc.this"
          ],
          "create_before_destroy": true
        },
        {
          "index_key": "ingress_cluster_8443_webhook",
          "schema_version": 2,
          "attributes": {
            "cidr_blocks": null,
            "description": "Cluster API to node 8443/tcp webhook",
            "from_port": 8443,
            "id": "sgrule-1270138964",
            "ipv6_cidr_blocks": null,
            "prefix_list_ids": [],
            "protocol": "tcp",
            "security_group_id": "sg-039c64dc512590a29",
            "security_group_rule_id": "sgr-0af67159d3876a1de",
            "self": false,
            "source_security_group_id": "sg-0a09a2f98bc2b809b",
            "timeouts": null,
            "to_port": 8443,
            "type": "ingress"
          },
          "sensitive_attributes": [],
          "private": "eyJlMmJmYjczMC1lY2FhLTExZTYtOGY4OC0zNDM2M2JjN2M0YzAiOnsiY3JlYXRlIjozMDAwMDAwMDAwMDB9LCJzY2hlbWFfdmVyc2lvbiI6IjIifQ==",
          "dependencies": [
            "module.eks.aws_security_group.cluster",
            "module.eks.aws_security_group.node",
            "module.vpc.aws_vpc.this"
          ],
          "create_before_destroy": true
        },
        {
          "index_key": "ingress_cluster_9443_webhook",
          "schema_version": 2,
          "attributes": {
            "cidr_blocks": null,
            "description": "Cluster API to node 9443/tcp webhook",
            "from_port": 9443,
            "id": "sgrule-789969823",
            "ipv6_cidr_blocks": null,
            "prefix_list_ids": [],
            "protocol": "tcp",
            "security_group_id": "sg-039c64dc512590a29",
            "security_group_rule_id": "sgr-05c24769847b5b659",
            "self": false,
            "source_security_group_id": "sg-0a09a2f98bc2b809b",
            "timeouts": null,
            "to_port": 9443,
            "type": "ingress"
          },
          "sensitive_attributes": [],
          "private": "eyJlMmJmYjczMC1lY2FhLTExZTYtOGY4OC0zNDM2M2JjN2M0YzAiOnsiY3JlYXRlIjozMDAwMDAwMDAwMDB9LCJzY2hlbWFfdmVyc2lvbiI6IjIifQ==",
          "dependencies": [
            "module.eks.aws_security_group.cluster",
            "module.eks.aws_security_group.node",
            "module.vpc.aws_vpc.this"
          ],
          "create_before_destroy": true
        },
        {
          "index_key": "ingress_cluster_kubelet",
          "schema_version": 2,
          "attributes": {
            "cidr_blocks": null,
            "description": "Cluster API to node kubelets",
            "from_port": 10250,
            "id": "sgrule-1472426363",
            "ipv6_cidr_blocks": null,
            "prefix_list_ids": [],
            "protocol": "tcp",
            "security_group_id": "sg-039c64dc512590a29",
            "security_group_rule_id": "sgr-0ffdd1c8be8659dce",
            "self": false,
            "source_security_group_id": "sg-0a09a2f98bc2b809b",
            "timeouts": null,
            "to_port": 10250,
            "type": "ingress"
          },
          "sensitive_attributes": [],
          "private": "eyJlMmJmYjczMC1lY2FhLTExZTYtOGY4OC0zNDM2M2JjN2M0YzAiOnsiY3JlYXRlIjozMDAwMDAwMDAwMDB9LCJzY2hlbWFfdmVyc2lvbiI6IjIifQ==",
          "dependencies": [
            "module.eks.aws_security_group.cluster",
            "module.eks.aws_security_group.node",
            "module.vpc.aws_vpc.this"
          ],
          "create_before_destroy": true
        },
        {
          "index_key": "ingress_nodes_ephemeral",
          "schema_version": 2,
          "attributes": {
            "cidr_blocks": null,
            "description": "Node to node ingress on ephemeral ports",
            "from_port": 1025,
            "id": "sgrule-1052607575",
            "ipv6_cidr_blocks": null,
            "prefix_list_ids": [],
            "protocol": "tcp",
            "security_group_id": "sg-039c64dc512590a29",
            "security_group_rule_id": "sgr-0357697388ca61651",
            "self": true,
            "source_security_group_id": null,
            "timeouts": null,
            "to_port": 65535,
            "type": "ingress"
          },
          "sensitive_attributes": [],
          "private": "eyJlMmJmYjczMC1lY2FhLTExZTYtOGY4OC0zNDM2M2JjN2M0YzAiOnsiY3JlYXRlIjozMDAwMDAwMDAwMDB9LCJzY2hlbWFfdmVyc2lvbiI6IjIifQ==",
          "dependencies": [
            "module.eks.aws_security_group.cluster",
            "module.eks.aws_security_group.node",
            "module.vpc.aws_vpc.this"
          ],
          "create_before_destroy": true
        },
        {
          "index_key": "ingress_self_coredns_tcp",
          "schema_version": 2,
          "attributes": {
            "cidr_blocks": null,
            "description": "Node to node CoreDNS",
            "from_port": 53,
            "id": "sgrule-2727722642",
            "ipv6_cidr_blocks": null,
            "prefix_list_ids": [],
            "protocol": "tcp",
            "security_group_id": "sg-039c64dc512590a29",
            "security_group_rule_id": "sgr-079d67d71e8513449",
            "self": true,
            "source_security_group_id": null,
            "timeouts": null,
            "to_port": 53,
            "type": "ingress"
          },
          "sensitive_attributes": [],
          "private": "eyJlMmJmYjczMC1lY2FhLTExZTYtOGY4OC0zNDM2M2JjN2M0YzAiOnsiY3JlYXRlIjozMDAwMDAwMDAwMDB9LCJzY2hlbWFfdmVyc2lvbiI6IjIifQ==",
          "dependencies": [
            "module.eks.aws_security_group.cluster",
            "module.eks.aws_security_group.node",
            "module.vpc.aws_vpc.this"
          ],
          "create_before_destroy": true
        },
        {
          "index_key": "ingress_self_coredns_udp",
          "schema_version": 2,
          "attributes": {
            "cidr_blocks": null,
            "description": "Node to node CoreDNS UDP",
            "from_port": 53,
            "id": "sgrule-113909117",
            "ipv6_cidr_blocks": null,
            "prefix_list_ids": [],
            "protocol": "udp",
            "security_group_id": "sg-039c64dc512590a29",
            "security_group_rule_id": "sgr-03497585c3ae5e8b8",
            "self": true,
            "source_security_group_id": null,
            "timeouts": null,
            "to_port": 53,
            "type": "ingress"
          },
          "sensitive_attributes": [],
          "private": "eyJlMmJmYjczMC1lY2FhLTExZTYtOGY4OC0zNDM2M2JjN2M0YzAiOnsiY3JlYXRlIjozMDAwMDAwMDAwMDB9LCJzY2hlbWFfdmVyc2lvbiI6IjIifQ==",
          "dependencies": [
            "module.eks.aws_security_group.cluster",
            "module.eks.aws_security_group.node",
            "module.vpc.aws_vpc.this"
          ],
          "create_before_destroy": true
        }
      ]
    },
    {
      "module": "module.eks",
      "mode": "managed",
      "type": "time_sleep",
      "name": "this",
      "provider": "provider[\"registry.terraform.io/hashicorp/time\"]",
      "instances": [
        {
          "index_key": 0,
          "schema_version": 0,
          "attributes": {
            "create_duration": "30s",
            "destroy_duration": null,
            "id": "2026-03-18T20:28:43Z",
            "triggers": {
              "cluster_certificate_authority_data": "LS0tLS1CRUdJTiBDRVJUSUZJQ0FURS0tLS0tCk1JSURCVENDQWUyZ0F3SUJBZ0lJWUw3U21MRHdoQ1F3RFFZSktvWklodmNOQVFFTEJRQXdGVEVUTUJFR0ExVUUKQXhNS2EzVmlaWEp1WlhSbGN6QWVGdzB5TmpBek1UZ3lNREU1TURsYUZ3MHpOakF6TVRVeU1ESTBNRGxhTUJVeApFekFSQmdOVkJBTVRDbXQxWW1WeWJtVjBaWE13Z2dFaU1BMEdDU3FHU0liM0RRRUJBUVVBQTRJQkR3QXdnZ0VLCkFvSUJBUURoYjF3aHBHSVlpa3U5TUV6Mnl3ck5DMnNHNUVnL3M3Tkd1Q1BaYzREOWxaclk0dE9ldmhyZFcvTWoKTHp3T21POXBTMnVxd2FFWnBDTmxMVWdDMXV6Z3JJRi9abFRqU2x6c0VJaldYbFRUQWE1N05FWmpLR28xeFJKTwpBbFovZy9TaHVXcFd2NFU1UHNLN2NlK3lwbDI0NVIzRzVrVnFWbkkwdkRwMjU1YVg1V0N6bnpSUm5yNU9WVE5QCndmMGh3bC9QUEpvYVRLYkhKcGk5QWRmMVIrbFdWZlFEdmhKckcwN2JBSGNncWhGYnNLd0JkWVlaK2JWYzdCVmQKd0dnb2NqYU4xMkI1SnlnKzBjUmFHN3NEdmdibk9zQ2hMbVdJeWRwL0tEVldSOGwwWU54dkdBR1c4R1I3S3AyUApLTHV1R290bVRyZ2xMN1pZZkJVRjQxU1o0VVBOQWdNQkFBR2pXVEJYTUE0R0ExVWREd0VCL3dRRUF3SUNwREFQCkJnTlZIUk1CQWY4RUJUQURBUUgvTUIwR0ExVWREZ1FXQkJRQlc3RG1rSGpQUmkycWpLR01uM2I2cnRWTThqQVYKQmdOVkhSRUVEakFNZ2dwcmRXSmxjbTVsZEdWek1BMEdDU3FHU0liM0RRRUJDd1VBQTRJQkFRQlBBS3NwcjFCdwo4Tk9qTWVGTTZ6NEpsQ0pSaVRBNWVxd01XdDZpcGk0a2xnT0l0WDEwV2M4S25IeEpIME9uNG9CdVo5d1NsQmRTCmxocHk4elpmSXkreVVKVFRuMC9SdWlmbVdtd2NpNXlFZzZjWmpzclh1TVA2Nm5aektZNzdVVitVb05INzlKNlYKdlBOeVBQaVo4N1ZIdzJ2SVFGWFFjczIyQ09LQnB1YUNpWGZONUROdnpiaHJLWGQ3d3NaMTRLY1NEaTVBK3hrTwpGWHRTRFVHS09IdXNZcEQ5L3R3NkZ1d0lMYWY4WFFBb2toK0Z3aHc5OWltU0hzVlkrKys2dGQycVhKT0J6TjVNCnlVUi9lWGhTZGdpazFTSTFNZVZ5c1d2RDFJejlhNFNsUFJlZG1jSGRxdC9tejRLUFFaMjBGUmVsN0NWQVEyOHEKaDlTeXV3UFRPcWc2Ci0tLS0tRU5EIENFUlRJRklDQVRFLS0tLS0K",
              "cluster_endpoint": "https://91D986DCB52447A7F312838B02FCD62D.gr7.us-west-2.eks.amazonaws.com",
              "cluster_name": "observability-stack",
              "cluster_service_cidr": "172.20.0.0/16",
              "cluster_version": "1.32"
            }
          },
          "sensitive_attributes": [],
          "dependencies": [
            "data.aws_availability_zones.available",
            "module.eks.aws_cloudwatch_log_group.this",
            "module.eks.aws_eks_cluster.this",
            "module.eks.aws_iam_policy.cni_ipv6_policy",
            "module.eks.aws_iam_role.eks_auto",
            "module.eks.aws_iam_role.this",
            "module.eks.aws_iam_role_policy_attachment.this",
            "module.eks.aws_security_group.cluster",
            "module.eks.aws_security_group.node",
            "module.eks.aws_security_group_rule.cluster",
            "module.eks.aws_security_group_rule.node",
            "module.eks.data.aws_caller_identity.current",
            "module.eks.data.aws_iam_policy_document.assume_role_policy",
            "module.eks.data.aws_iam_policy_document.cni_ipv6_policy",
            "module.eks.data.aws_iam_policy_document.node_assume_role_policy",
            "module.eks.data.aws_iam_session_context.current",
            "module.eks.data.aws_partition.current",
            "module.eks.module.kms.aws_kms_external_key.this",
            "module.eks.module.kms.aws_kms_key.this",
            "module.eks.module.kms.aws_kms_replica_external_key.this",
            "module.eks.module.kms.aws_kms_replica_key.this",
            "module.eks.module.kms.data.aws_caller_identity.current",
            "module.eks.module.kms.data.aws_iam_policy_document.this",
            "module.eks.module.kms.data.aws_partition.current",
            "module.vpc.aws_subnet.private",
            "module.vpc.aws_vpc.this",
            "module.vpc.aws_vpc_ipv4_cidr_block_association.this"
          ],
          "create_before_destroy": true
        }
      ]
    },
    {
      "module": "module.eks.module.eks_managed_node_group[\"default\"]",
      "mode": "data",
      "type": "aws_caller_identity",
      "name": "current",
      "provider": "provider[\"registry.terraform.io/hashicorp/aws\"]",
      "instances": [
        {
          "schema_version": 0,
          "attributes": {
            "account_id": "027423573553",
            "arn": "arn:aws:sts::027423573553:assumed-role/Admin/kylhouns-Isengard",
            "id": "027423573553",
            "user_id": "AROAQMYUSQYYXMMZMGMPD:kylhouns-Isengard"
          },
          "sensitive_attributes": []
        }
      ]
    },
    {
      "module": "module.eks.module.eks_managed_node_group[\"default\"]",
      "mode": "data",
      "type": "aws_ec2_instance_type",
      "name": "this",
      "provider": "provider[\"registry.terraform.io/hashicorp/aws\"]",
      "instances": []
    },
    {
      "module": "module.eks.module.eks_managed_node_group[\"default\"]",
      "mode": "data",
      "type": "aws_ec2_instance_type_offerings",
      "name": "this",
      "provider": "provider[\"registry.terraform.io/hashicorp/aws\"]",
      "instances": []
    },
    {
      "module": "module.eks.module.eks_managed_node_group[\"default\"]",
      "mode": "data",
      "type": "aws_iam_policy_document",
      "name": "assume_role_policy",
      "provider": "provider[\"registry.terraform.io/hashicorp/aws\"]",
      "instances": [
        {
          "index_key": 0,
          "schema_version": 0,
          "attributes": {
            "id": "2560088296",
            "json": "{\n  \"Version\": \"2012-10-17\",\n  \"Statement\": [\n    {\n      \"Sid\": \"EKSNodeAssumeRole\",\n      \"Effect\": \"Allow\",\n      \"Action\": \"sts:AssumeRole\",\n      \"Principal\": {\n        \"Service\": \"ec2.amazonaws.com\"\n      }\n    }\n  ]\n}",
            "minified_json": "{\"Version\":\"2012-10-17\",\"Statement\":[{\"Sid\":\"EKSNodeAssumeRole\",\"Effect\":\"Allow\",\"Action\":\"sts:AssumeRole\",\"Principal\":{\"Service\":\"ec2.amazonaws.com\"}}]}",
            "override_json": null,
            "override_policy_documents": null,
            "policy_id": null,
            "source_json": null,
            "source_policy_documents": null,
            "statement": [
              {
                "actions": [
                  "sts:AssumeRole"
                ],
                "condition": [],
                "effect": "Allow",
                "not_actions": [],
                "not_principals": [],
                "not_resources": [],
                "principals": [
                  {
                    "identifiers": [
                      "ec2.amazonaws.com"
                    ],
                    "type": "Service"
                  }
                ],
                "resources": [],
                "sid": "EKSNodeAssumeRole"
              }
            ],
            "version": "2012-10-17"
          },
          "sensitive_attributes": []
        }
      ]
    },
    {
      "module": "module.eks.module.eks_managed_node_group[\"default\"]",
      "mode": "data",
      "type": "aws_iam_policy_document",
      "name": "role",
      "provider": "provider[\"registry.terraform.io/hashicorp/aws\"]",
      "instances": []
    },
    {
      "module": "module.eks.module.eks_managed_node_group[\"default\"]",
      "mode": "data",
      "type": "aws_partition",
      "name": "current",
      "provider": "provider[\"registry.terraform.io/hashicorp/aws\"]",
      "instances": [
        {
          "schema_version": 0,
          "attributes": {
            "dns_suffix": "amazonaws.com",
            "id": "aws",
            "partition": "aws",
            "reverse_dns_prefix": "com.amazonaws"
          },
          "sensitive_attributes": []
        }
      ]
    },
    {
      "module": "module.eks.module.eks_managed_node_group[\"default\"]",
      "mode": "data",
      "type": "aws_ssm_parameter",
      "name": "ami",
      "provider": "provider[\"registry.terraform.io/hashicorp/aws\"]",
      "instances": []
    },
    {
      "module": "module.eks.module.eks_managed_node_group[\"default\"]",
      "mode": "data",
      "type": "aws_subnets",
      "name": "placement_group",
      "provider": "provider[\"registry.terraform.io/hashicorp/aws\"]",
      "instances": []
    },
    {
      "module": "module.eks.module.eks_managed_node_group[\"default\"]",
      "mode": "managed",
      "type": "aws_autoscaling_schedule",
      "name": "this",
      "provider": "provider[\"registry.terraform.io/hashicorp/aws\"]",
      "instances": []
    },
    {
      "module": "module.eks.module.eks_managed_node_group[\"default\"]",
      "mode": "managed",
      "type": "aws_eks_node_group",
      "name": "this",
      "provider": "provider[\"registry.terraform.io/hashicorp/aws\"]",
      "instances": [
        {
          "index_key": 0,
          "schema_version": 0,
          "attributes": {
            "ami_type": "AL2023_x86_64_STANDARD",
            "arn": "arn:aws:eks:us-west-2:027423573553:nodegroup/observability-stack/default-20260318202959387700000001/f6ce8152-07c7-695e-68a7-64098e591426",
            "capacity_type": "ON_DEMAND",
            "cluster_name": "observability-stack",
            "disk_size": 0,
            "force_update_version": null,
            "id": "observability-stack:default-20260318202959387700000001",
            "instance_types": [
              "m5.xlarge"
            ],
            "labels": {},
            "launch_template": [
              {
                "id": "lt-0fde2bc540de7fc87",
                "name": "default-20260318202843435600000017",
                "version": "1"
              }
            ],
            "node_group_name": "default-20260318202959387700000001",
            "node_group_name_prefix": "default-",
            "node_repair_config": [],
            "node_role_arn": "arn:aws:iam::027423573553:role/default-eks-node-group-20260318201827553200000002",
            "release_version": "1.32.12-20260304",
            "remote_access": [],
            "resources": [
              {
                "autoscaling_groups": [
                  {
                    "name": "eks-default-20260318202959387700000001-f6ce8152-07c7-695e-68a7-64098e591426"
                  }
                ],
                "remote_access_security_group_id": ""
              }
            ],
            "scaling_config": [
              {
                "desired_size": 4,
                "max_size": 5,
                "min_size": 4
              }
            ],
            "status": "ACTIVE",
            "subnet_ids": [
              "subnet-00bc6b6598ab09efb",
              "subnet-06f8647c688701ae4",
              "subnet-0862c3b38b530fd97"
            ],
            "tags": {
              "Name": "default"
            },
            "tags_all": {
              "ManagedBy": "terraform",
              "Name": "default",
              "Project": "observability-stack"
            },
            "taint": [],
            "timeouts": {
              "create": null,
              "delete": null,
              "update": null
            },
            "update_config": [
              {
                "max_unavailable": 0,
                "max_unavailable_percentage": 33
              }
            ],
            "version": "1.32"
          },
          "sensitive_attributes": [],
          "private": "eyJlMmJmYjczMC1lY2FhLTExZTYtOGY4OC0zNDM2M2JjN2M0YzAiOnsiY3JlYXRlIjozNjAwMDAwMDAwMDAwLCJkZWxldGUiOjM2MDAwMDAwMDAwMDAsInVwZGF0ZSI6MzYwMDAwMDAwMDAwMH19",
          "dependencies": [
            "data.aws_availability_zones.available",
            "module.eks.aws_cloudwatch_log_group.this",
            "module.eks.aws_eks_cluster.this",
            "module.eks.aws_iam_policy.cni_ipv6_policy",
            "module.eks.aws_iam_role.eks_auto",
            "module.eks.aws_iam_role.this",
            "module.eks.aws_iam_role_policy_attachment.this",
            "module.eks.aws_security_group.cluster",
            "module.eks.aws_security_group.node",
            "module.eks.aws_security_group_rule.cluster",
            "module.eks.aws_security_group_rule.node",
            "module.eks.data.aws_caller_identity.current",
            "module.eks.data.aws_iam_policy_document.assume_role_policy",
            "module.eks.data.aws_iam_policy_document.cni_ipv6_policy",
            "module.eks.data.aws_iam_policy_document.node_assume_role_policy",
            "module.eks.data.aws_iam_session_context.current",
            "module.eks.data.aws_partition.current",
            "module.eks.module.eks_managed_node_group.aws_iam_role.this",
            "module.eks.module.eks_managed_node_group.aws_iam_role_policy_attachment.additional",
            "module.eks.module.eks_managed_node_group.aws_iam_role_policy_attachment.this",
            "module.eks.module.eks_managed_node_group.aws_launch_template.this",
            "module.eks.module.eks_managed_node_group.aws_placement_group.this",
            "module.eks.module.eks_managed_node_group.data.aws_caller_identity.current",
            "module.eks.module.eks_managed_node_group.data.aws_ec2_instance_type.this",
            "module.eks.module.eks_managed_node_group.data.aws_ec2_instance_type_offerings.this",
            "module.eks.module.eks_managed_node_group.data.aws_iam_policy_document.assume_role_policy",
            "module.eks.module.eks_managed_node_group.data.aws_partition.current",
            "module.eks.module.eks_managed_node_group.data.aws_ssm_parameter.ami",
            "module.eks.module.eks_managed_node_group.data.aws_subnets.placement_group",
            "module.eks.module.eks_managed_node_group.module.user_data.data.cloudinit_config.al2023_eks_managed_node_group",
            "module.eks.module.eks_managed_node_group.module.user_data.data.cloudinit_config.linux_eks_managed_node_group",
            "module.eks.module.kms.aws_kms_external_key.this",
            "module.eks.module.kms.aws_kms_key.this",
            "module.eks.module.kms.aws_kms_replica_external_key.this",
            "module.eks.module.kms.aws_kms_replica_key.this",
            "module.eks.module.kms.data.aws_caller_identity.current",
            "module.eks.module.kms.data.aws_iam_policy_document.this",
            "module.eks.module.kms.data.aws_partition.current",
            "module.eks.time_sleep.this",
            "module.vpc.aws_subnet.private",
            "module.vpc.aws_vpc.this",
            "module.vpc.aws_vpc_ipv4_cidr_block_association.this"
          ],
          "create_before_destroy": true
        }
      ]
    },
    {
      "module": "module.eks.module.eks_managed_node_group[\"default\"]",
      "mode": "managed",
      "type": "aws_iam_role",
      "name": "this",
      "provider": "provider[\"registry.terraform.io/hashicorp/aws\"]",
      "instances": [
        {
          "index_key": 0,
          "schema_version": 0,
          "attributes": {
            "arn": "arn:aws:iam::027423573553:role/default-eks-node-group-20260318201827553200000002",
            "assume_role_policy": "{\"Statement\":[{\"Action\":\"sts:AssumeRole\",\"Effect\":\"Allow\",\"Principal\":{\"Service\":\"ec2.amazonaws.com\"},\"Sid\":\"EKSNodeAssumeRole\"}],\"Version\":\"2012-10-17\"}",
            "create_date": "2026-03-18T20:18:27Z",
            "description": "EKS managed node group IAM role",
            "force_detach_policies": true,
            "id": "default-eks-node-group-20260318201827553200000002",
            "inline_policy": [],
            "managed_policy_arns": [
              "arn:aws:iam::aws:policy/AmazonEC2ContainerRegistryReadOnly",
              "arn:aws:iam::aws:policy/AmazonEKSWorkerNodePolicy",
              "arn:aws:iam::aws:policy/AmazonEKS_CNI_Policy"
            ],
            "max_session_duration": 3600,
            "name": "default-eks-node-group-20260318201827553200000002",
            "name_prefix": "default-eks-node-group-",
            "path": "/",
            "permissions_boundary": "",
            "tags": {},
            "tags_all": {
              "ManagedBy": "terraform",
              "Project": "observability-stack"
            },
            "unique_id": "AROAQMYUSQYYRLTLVDS3L"
          },
          "sensitive_attributes": [],
          "private": "bnVsbA==",
          "dependencies": [
            "data.aws_availability_zones.available",
            "module.eks.module.eks_managed_node_group.data.aws_iam_policy_document.assume_role_policy",
            "module.vpc.aws_subnet.private",
            "module.vpc.aws_vpc.this",
            "module.vpc.aws_vpc_ipv4_cidr_block_association.this"
          ],
          "create_before_destroy": true
        }
      ]
    },
    {
      "module": "module.eks.module.eks_managed_node_group[\"default\"]",
      "mode": "managed",
      "type": "aws_iam_role_policy",
      "name": "this",
      "provider": "provider[\"registry.terraform.io/hashicorp/aws\"]",
      "instances": []
    },
    {
      "module": "module.eks.module.eks_managed_node_group[\"default\"]",
      "mode": "managed",
      "type": "aws_iam_role_policy_attachment",
      "name": "additional",
      "provider": "provider[\"registry.terraform.io/hashicorp/aws\"]",
      "instances": []
    },
    {
      "module": "module.eks.module.eks_managed_node_group[\"default\"]",
      "mode": "managed",
      "type": "aws_iam_role_policy_attachment",
      "name": "this",
      "provider": "provider[\"registry.terraform.io/hashicorp/aws\"]",
      "instances": [
        {
          "index_key": "AmazonEC2ContainerRegistryReadOnly",
          "schema_version": 0,
          "attributes": {
            "id": "default-eks-node-group-20260318201827553200000002-20260318201828420400000007",
            "policy_arn": "arn:aws:iam::aws:policy/AmazonEC2ContainerRegistryReadOnly",
            "role": "default-eks-node-group-20260318201827553200000002"
          },
          "sensitive_attributes": [],
          "private": "bnVsbA==",
          "dependencies": [
            "data.aws_availability_zones.available",
            "module.eks.module.eks_managed_node_group.aws_iam_role.this",
            "module.eks.module.eks_managed_node_group.data.aws_caller_identity.current",
            "module.eks.module.eks_managed_node_group.data.aws_iam_policy_document.assume_role_policy",
            "module.eks.module.eks_managed_node_group.data.aws_partition.current",
            "module.vpc.aws_subnet.private",
            "module.vpc.aws_vpc.this",
            "module.vpc.aws_vpc_ipv4_cidr_block_association.this"
          ],
          "create_before_destroy": true
        },
        {
          "index_key": "AmazonEKSWorkerNodePolicy",
          "schema_version": 0,
          "attributes": {
            "id": "default-eks-node-group-20260318201827553200000002-20260318201828429000000009",
            "policy_arn": "arn:aws:iam::aws:policy/AmazonEKSWorkerNodePolicy",
            "role": "default-eks-node-group-20260318201827553200000002"
          },
          "sensitive_attributes": [],
          "private": "bnVsbA==",
          "dependencies": [
            "data.aws_availability_zones.available",
            "module.eks.module.eks_managed_node_group.aws_iam_role.this",
            "module.eks.module.eks_managed_node_group.data.aws_caller_identity.current",
            "module.eks.module.eks_managed_node_group.data.aws_iam_policy_document.assume_role_policy",
            "module.eks.module.eks_managed_node_group.data.aws_partition.current",
            "module.vpc.aws_subnet.private",
            "module.vpc.aws_vpc.this",
            "module.vpc.aws_vpc_ipv4_cidr_block_association.this"
          ],
          "create_before_destroy": true
        },
        {
          "index_key": "AmazonEKS_CNI_Policy",
          "schema_version": 0,
          "attributes": {
            "id": "default-eks-node-group-20260318201827553200000002-2026031820182843710000000b",
            "policy_arn": "arn:aws:iam::aws:policy/AmazonEKS_CNI_Policy",
            "role": "default-eks-node-group-20260318201827553200000002"
          },
          "sensitive_attributes": [],
          "private": "bnVsbA==",
          "dependencies": [
            "data.aws_availability_zones.available",
            "module.eks.module.eks_managed_node_group.aws_iam_role.this",
            "module.eks.module.eks_managed_node_group.data.aws_caller_identity.current",
            "module.eks.module.eks_managed_node_group.data.aws_iam_policy_document.assume_role_policy",
            "module.eks.module.eks_managed_node_group.data.aws_partition.current",
            "module.vpc.aws_subnet.private",
            "module.vpc.aws_vpc.this",
            "module.vpc.aws_vpc_ipv4_cidr_block_association.this"
          ],
          "create_before_destroy": true
        }
      ]
    },
    {
      "module": "module.eks.module.eks_managed_node_group[\"default\"]",
      "mode": "managed",
      "type": "aws_launch_template",
      "name": "this",
      "provider": "provider[\"registry.terraform.io/hashicorp/aws\"]",
      "instances": [
        {
          "index_key": 0,
          "schema_version": 0,
          "attributes": {
            "arn": "arn:aws:ec2:us-west-2:027423573553:launch-template/lt-0fde2bc540de7fc87",
            "block_device_mappings": [],
            "capacity_reservation_specification": [],
            "cpu_options": [],
            "credit_specification": [],
            "default_version": 1,
            "description": "Custom launch template for default EKS managed node group",
            "disable_api_stop": false,
            "disable_api_termination": false,
            "ebs_optimized": "",
            "elastic_gpu_specifications": [],
            "elastic_inference_accelerator": [],
            "enclave_options": [],
            "hibernation_options": [],
            "iam_instance_profile": [],
            "id": "lt-0fde2bc540de7fc87",
            "image_id": "",
            "instance_initiated_shutdown_behavior": "",
            "instance_market_options": [],
            "instance_requirements": [],
            "instance_type": "",
            "kernel_id": "",
            "key_name": "",
            "latest_version": 1,
            "license_specification": [],
            "maintenance_options": [],
            "metadata_options": [
              {
                "http_endpoint": "enabled",
                "http_protocol_ipv6": "",
                "http_put_response_hop_limit": 2,
                "http_tokens": "required",
                "instance_metadata_tags": ""
              }
            ],
            "monitoring": [
              {
                "enabled": true
              }
            ],
            "name": "default-20260318202843435600000017",
            "name_prefix": "default-",
            "network_interfaces": [],
            "placement": [],
            "private_dns_name_options": [],
            "ram_disk_id": "",
            "security_group_names": [],
            "tag_specifications": [
              {
                "resource_type": "instance",
                "tags": {
                  "Name": "default"
                }
              },
              {
                "resource_type": "network-interface",
                "tags": {
                  "Name": "default"
                }
              },
              {
                "resource_type": "volume",
                "tags": {
                  "Name": "default"
                }
              }
            ],
            "tags": {},
            "tags_all": {
              "ManagedBy": "terraform",
              "Project": "observability-stack"
            },
            "update_default_version": true,
            "user_data": "",
            "vpc_security_group_ids": [
              "sg-039c64dc512590a29"
            ]
          },
          "sensitive_attributes": [],
          "private": "bnVsbA==",
          "dependencies": [
            "data.aws_availability_zones.available",
            "module.eks.aws_cloudwatch_log_group.this",
            "module.eks.aws_eks_cluster.this",
            "module.eks.aws_iam_policy.cni_ipv6_policy",
            "module.eks.aws_iam_role.eks_auto",
            "module.eks.aws_iam_role.this",
            "module.eks.aws_iam_role_policy_attachment.this",
            "module.eks.aws_security_group.cluster",
            "module.eks.aws_security_group.node",
            "module.eks.aws_security_group_rule.cluster",
            "module.eks.aws_security_group_rule.node",
            "module.eks.data.aws_caller_identity.current",
            "module.eks.data.aws_iam_policy_document.assume_role_policy",
            "module.eks.data.aws_iam_policy_document.cni_ipv6_policy",
            "module.eks.data.aws_iam_policy_document.node_assume_role_policy",
            "module.eks.data.aws_iam_session_context.current",
            "module.eks.data.aws_partition.current",
            "module.eks.module.eks_managed_node_group.aws_iam_role.this",
            "module.eks.module.eks_managed_node_group.aws_iam_role_policy_attachment.additional",
            "module.eks.module.eks_managed_node_group.aws_iam_role_policy_attachment.this",
            "module.eks.module.eks_managed_node_group.aws_placement_group.this",
            "module.eks.module.eks_managed_node_group.data.aws_caller_identity.current",
            "module.eks.module.eks_managed_node_group.data.aws_ec2_instance_type.this",
            "module.eks.module.eks_managed_node_group.data.aws_iam_policy_document.assume_role_policy",
            "module.eks.module.eks_managed_node_group.data.aws_partition.current",
            "module.eks.module.eks_managed_node_group.module.user_data.data.cloudinit_config.al2023_eks_managed_node_group",
            "module.eks.module.eks_managed_node_group.module.user_data.data.cloudinit_config.linux_eks_managed_node_group",
            "module.eks.module.kms.aws_kms_external_key.this",
            "module.eks.module.kms.aws_kms_key.this",
            "module.eks.module.kms.aws_kms_replica_external_key.this",
            "module.eks.module.kms.aws_kms_replica_key.this",
            "module.eks.module.kms.data.aws_caller_identity.current",
            "module.eks.module.kms.data.aws_iam_policy_document.this",
            "module.eks.module.kms.data.aws_partition.current",
            "module.eks.time_sleep.this",
            "module.vpc.aws_subnet.private",
            "module.vpc.aws_vpc.this",
            "module.vpc.aws_vpc_ipv4_cidr_block_association.this"
          ],
          "create_before_destroy": true
        }
      ]
    },
    {
      "module": "module.eks.module.eks_managed_node_group[\"default\"]",
      "mode": "managed",
      "type": "aws_placement_group",
      "name": "this",
      "provider": "provider[\"registry.terraform.io/hashicorp/aws\"]",
      "instances": []
    },
    {
      "module": "module.eks.module.eks_managed_node_group[\"default\"].module.user_data",
      "mode": "data",
      "type": "cloudinit_config",
      "name": "al2023_eks_managed_node_group",
      "provider": "provider[\"registry.terraform.io/hashicorp/cloudinit\"]",
      "instances": []
    },
    {
      "module": "module.eks.module.eks_managed_node_group[\"default\"].module.user_data",
      "mode": "data",
      "type": "cloudinit_config",
      "name": "linux_eks_managed_node_group",
      "provider": "provider[\"registry.terraform.io/hashicorp/cloudinit\"]",
      "instances": []
    },
    {
      "module": "module.eks.module.eks_managed_node_group[\"default\"].module.user_data",
      "mode": "managed",
      "type": "null_resource",
      "name": "validate_cluster_service_cidr",
      "provider": "provider[\"registry.terraform.io/hashicorp/null\"]",
      "instances": [
        {
          "schema_version": 0,
          "attributes": {
            "id": "6383338662689565081",
            "triggers": null
          },
          "sensitive_attributes": [],
          "dependencies": [
            "data.aws_availability_zones.available",
            "module.eks.aws_cloudwatch_log_group.this",
            "module.eks.aws_eks_cluster.this",
            "module.eks.aws_iam_policy.cni_ipv6_policy",
            "module.eks.aws_iam_role.eks_auto",
            "module.eks.aws_iam_role.this",
            "module.eks.aws_iam_role_policy_attachment.this",
            "module.eks.aws_security_group.cluster",
            "module.eks.aws_security_group.node",
            "module.eks.aws_security_group_rule.cluster",
            "module.eks.aws_security_group_rule.node",
            "module.eks.data.aws_caller_identity.current",
            "module.eks.data.aws_iam_policy_document.assume_role_policy",
            "module.eks.data.aws_iam_policy_document.cni_ipv6_policy",
            "module.eks.data.aws_iam_policy_document.node_assume_role_policy",
            "module.eks.data.aws_iam_session_context.current",
            "module.eks.data.aws_partition.current",
            "module.eks.module.kms.aws_kms_external_key.this",
            "module.eks.module.kms.aws_kms_key.this",
            "module.eks.module.kms.aws_kms_replica_external_key.this",
            "module.eks.module.kms.aws_kms_replica_key.this",
            "module.eks.module.kms.data.aws_caller_identity.current",
            "module.eks.module.kms.data.aws_iam_policy_document.this",
            "module.eks.module.kms.data.aws_partition.current",
            "module.eks.time_sleep.this",
            "module.vpc.aws_subnet.private",
            "module.vpc.aws_vpc.this",
            "module.vpc.aws_vpc_ipv4_cidr_block_association.this"
          ]
        }
      ]
    },
    {
      "module": "module.eks.module.kms",
      "mode": "data",
      "type": "aws_caller_identity",
      "name": "current",
      "provider": "provider[\"registry.terraform.io/hashicorp/aws\"]",
      "instances": [
        {
          "index_key": 0,
          "schema_version": 0,
          "attributes": {
            "account_id": "027423573553",
            "arn": "arn:aws:sts::027423573553:assumed-role/Admin/kylhouns-Isengard",
            "id": "027423573553",
            "user_id": "AROAQMYUSQYYXMMZMGMPD:kylhouns-Isengard"
          },
          "sensitive_attributes": []
        }
      ]
    },
    {
      "module": "module.eks.module.kms",
      "mode": "data",
      "type": "aws_iam_policy_document",
      "name": "this",
      "provider": "provider[\"registry.terraform.io/hashicorp/aws\"]",
      "instances": [
        {
          "index_key": 0,
          "schema_version": 0,
          "attributes": {
            "id": "1923360655",
            "json": "{\n  \"Version\": \"2012-10-17\",\n  \"Statement\": [\n    {\n      \"Sid\": \"Default\",\n      \"Effect\": \"Allow\",\n      \"Action\": \"kms:*\",\n      \"Resource\": \"*\",\n      \"Principal\": {\n        \"AWS\": \"arn:aws:iam::027423573553:root\"\n      }\n    },\n    {\n      \"Sid\": \"KeyAdministration\",\n      \"Effect\": \"Allow\",\n      \"Action\": [\n        \"kms:Update*\",\n        \"kms:UntagResource\",\n        \"kms:TagResource\",\n        \"kms:ScheduleKeyDeletion\",\n        \"kms:Revoke*\",\n        \"kms:ReplicateKey\",\n        \"kms:Put*\",\n        \"kms:List*\",\n        \"kms:ImportKeyMaterial\",\n        \"kms:Get*\",\n        \"kms:Enable*\",\n        \"kms:Disable*\",\n        \"kms:Describe*\",\n        \"kms:Delete*\",\n        \"kms:Create*\",\n        \"kms:CancelKeyDeletion\"\n      ],\n      \"Resource\": \"*\",\n      \"Principal\": {\n        \"AWS\": \"arn:aws:iam::027423573553:role/Admin\"\n      }\n    },\n    {\n      \"Sid\": \"KeyUsage\",\n      \"Effect\": \"Allow\",\n      \"Action\": [\n        \"kms:ReEncrypt*\",\n        \"kms:GenerateDataKey*\",\n        \"kms:Encrypt\",\n        \"kms:DescribeKey\",\n        \"kms:Decrypt\"\n      ],\n      \"Resource\": \"*\",\n      \"Principal\": {\n        \"AWS\": \"arn:aws:iam::027423573553:role/observability-stack-cluster-20260318201827553600000003\"\n      }\n    }\n  ]\n}",
            "minified_json": "{\"Version\":\"2012-10-17\",\"Statement\":[{\"Sid\":\"Default\",\"Effect\":\"Allow\",\"Action\":\"kms:*\",\"Resource\":\"*\",\"Principal\":{\"AWS\":\"arn:aws:iam::027423573553:root\"}},{\"Sid\":\"KeyAdministration\",\"Effect\":\"Allow\",\"Action\":[\"kms:Update*\",\"kms:UntagResource\",\"kms:TagResource\",\"kms:ScheduleKeyDeletion\",\"kms:Revoke*\",\"kms:ReplicateKey\",\"kms:Put*\",\"kms:List*\",\"kms:ImportKeyMaterial\",\"kms:Get*\",\"kms:Enable*\",\"kms:Disable*\",\"kms:Describe*\",\"kms:Delete*\",\"kms:Create*\",\"kms:CancelKeyDeletion\"],\"Resource\":\"*\",\"Principal\":{\"AWS\":\"arn:aws:iam::027423573553:role/Admin\"}},{\"Sid\":\"KeyUsage\",\"Effect\":\"Allow\",\"Action\":[\"kms:ReEncrypt*\",\"kms:GenerateDataKey*\",\"kms:Encrypt\",\"kms:DescribeKey\",\"kms:Decrypt\"],\"Resource\":\"*\",\"Principal\":{\"AWS\":\"arn:aws:iam::027423573553:role/observability-stack-cluster-20260318201827553600000003\"}}]}",
            "override_json": null,
            "override_policy_documents": null,
            "policy_id": null,
            "source_json": null,
            "source_policy_documents": null,
            "statement": [
              {
                "actions": [
                  "kms:*"
                ],
                "condition": [],
                "effect": "Allow",
                "not_actions": [],
                "not_principals": [],
                "not_resources": [],
                "principals": [
                  {
                    "identifiers": [
                      "arn:aws:iam::027423573553:root"
                    ],
                    "type": "AWS"
                  }
                ],
                "resources": [
                  "*"
                ],
                "sid": "Default"
              },
              {
                "actions": [
                  "kms:CancelKeyDeletion",
                  "kms:Create*",
                  "kms:Delete*",
                  "kms:Describe*",
                  "kms:Disable*",
                  "kms:Enable*",
                  "kms:Get*",
                  "kms:ImportKeyMaterial",
                  "kms:List*",
                  "kms:Put*",
                  "kms:ReplicateKey",
                  "kms:Revoke*",
                  "kms:ScheduleKeyDeletion",
                  "kms:TagResource",
                  "kms:UntagResource",
                  "kms:Update*"
                ],
                "condition": [],
                "effect": "Allow",
                "not_actions": [],
                "not_principals": [],
                "not_resources": [],
                "principals": [
                  {
                    "identifiers": [
                      "arn:aws:iam::027423573553:role/Admin"
                    ],
                    "type": "AWS"
                  }
                ],
                "resources": [
                  "*"
                ],
                "sid": "KeyAdministration"
              },
              {
                "actions": [
                  "kms:Decrypt",
                  "kms:DescribeKey",
                  "kms:Encrypt",
                  "kms:GenerateDataKey*",
                  "kms:ReEncrypt*"
                ],
                "condition": [],
                "effect": "Allow",
                "not_actions": [],
                "not_principals": [],
                "not_resources": [],
                "principals": [
                  {
                    "identifiers": [
                      "arn:aws:iam::027423573553:role/observability-stack-cluster-20260318201827553600000003"
                    ],
                    "type": "AWS"
                  }
                ],
                "resources": [
                  "*"
                ],
                "sid": "KeyUsage"
              }
            ],
            "version": "2012-10-17"
          },
          "sensitive_attributes": []
        }
      ]
    },
    {
      "module": "module.eks.module.kms",
      "mode": "data",
      "type": "aws_partition",
      "name": "current",
      "provider": "provider[\"registry.terraform.io/hashicorp/aws\"]",
      "instances": [
        {
          "index_key": 0,
          "schema_version": 0,
          "attributes": {
            "dns_suffix": "amazonaws.com",
            "id": "aws",
            "partition": "aws",
            "reverse_dns_prefix": "com.amazonaws"
          },
          "sensitive_attributes": []
        }
      ]
    },
    {
      "module": "module.eks.module.kms",
      "mode": "managed",
      "type": "aws_kms_alias",
      "name": "this",
      "provider": "provider[\"registry.terraform.io/hashicorp/aws\"]",
      "instances": [
        {
          "index_key": "cluster",
          "schema_version": 0,
          "attributes": {
            "arn": "arn:aws:kms:us-west-2:027423573553:alias/eks/observability-stack",
            "id": "alias/eks/observability-stack",
            "name": "alias/eks/observability-stack",
            "name_prefix": "",
            "target_key_arn": "arn:aws:kms:us-west-2:027423573553:key/12030f91-64b4-40e3-b7ad-77340e0391c7",
            "target_key_id": "12030f91-64b4-40e3-b7ad-77340e0391c7"
          },
          "sensitive_attributes": [],
          "private": "bnVsbA==",
          "dependencies": [
            "module.eks.aws_iam_role.this",
            "module.eks.data.aws_caller_identity.current",
            "module.eks.data.aws_iam_policy_document.assume_role_policy",
            "module.eks.data.aws_iam_session_context.current",
            "module.eks.module.kms.aws_kms_external_key.this",
            "module.eks.module.kms.aws_kms_key.this",
            "module.eks.module.kms.aws_kms_replica_external_key.this",
            "module.eks.module.kms.aws_kms_replica_key.this",
            "module.eks.module.kms.data.aws_caller_identity.current",
            "module.eks.module.kms.data.aws_iam_policy_document.this",
            "module.eks.module.kms.data.aws_partition.current"
          ]
        }
      ]
    },
    {
      "module": "module.eks.module.kms",
      "mode": "managed",
      "type": "aws_kms_external_key",
      "name": "this",
      "provider": "provider[\"registry.terraform.io/hashicorp/aws\"]",
      "instances": []
    },
    {
      "module": "module.eks.module.kms",
      "mode": "managed",
      "type": "aws_kms_grant",
      "name": "this",
      "provider": "provider[\"registry.terraform.io/hashicorp/aws\"]",
      "instances": []
    },
    {
      "module": "module.eks.module.kms",
      "mode": "managed",
      "type": "aws_kms_key",
      "name": "this",
      "provider": "provider[\"registry.terraform.io/hashicorp/aws\"]",
      "instances": [
        {
          "index_key": 0,
          "schema_version": 0,
          "attributes": {
            "arn": "arn:aws:kms:us-west-2:027423573553:key/12030f91-64b4-40e3-b7ad-77340e0391c7",
            "bypass_policy_lockout_safety_check": false,
            "custom_key_store_id": "",
            "customer_master_key_spec": "SYMMETRIC_DEFAULT",
            "deletion_window_in_days": null,
            "description": "observability-stack cluster encryption key",
            "enable_key_rotation": true,
            "id": "12030f91-64b4-40e3-b7ad-77340e0391c7",
            "is_enabled": true,
            "key_id": "12030f91-64b4-40e3-b7ad-77340e0391c7",
            "key_usage": "ENCRYPT_DECRYPT",
            "multi_region": false,
            "policy": "{\"Statement\":[{\"Action\":\"kms:*\",\"Effect\":\"Allow\",\"Principal\":{\"AWS\":\"arn:aws:iam::027423573553:root\"},\"Resource\":\"*\",\"Sid\":\"Default\"},{\"Action\":[\"kms:Update*\",\"kms:UntagResource\",\"kms:TagResource\",\"kms:ScheduleKeyDeletion\",\"kms:Revoke*\",\"kms:ReplicateKey\",\"kms:Put*\",\"kms:List*\",\"kms:ImportKeyMaterial\",\"kms:Get*\",\"kms:Enable*\",\"kms:Disable*\",\"kms:Describe*\",\"kms:Delete*\",\"kms:Create*\",\"kms:CancelKeyDeletion\"],\"Effect\":\"Allow\",\"Principal\":{\"AWS\":\"arn:aws:iam::027423573553:role/Admin\"},\"Resource\":\"*\",\"Sid\":\"KeyAdministration\"},{\"Action\":[\"kms:ReEncrypt*\",\"kms:GenerateDataKey*\",\"kms:Encrypt\",\"kms:DescribeKey\",\"kms:Decrypt\"],\"Effect\":\"Allow\",\"Principal\":{\"AWS\":\"arn:aws:iam::027423573553:role/observability-stack-cluster-20260318201827553600000003\"},\"Resource\":\"*\",\"Sid\":\"KeyUsage\"}],\"Version\":\"2012-10-17\"}",
            "rotation_period_in_days": 365,
            "tags": {
              "terraform-aws-modules": "eks"
            },
            "tags_all": {
              "ManagedBy": "terraform",
              "Project": "observability-stack",
              "terraform-aws-modules": "eks"
            },
            "timeouts": null,
            "xks_key_id": ""
          },
          "sensitive_attributes": [],
          "private": "eyJlMmJmYjczMC1lY2FhLTExZTYtOGY4OC0zNDM2M2JjN2M0YzAiOnsiY3JlYXRlIjoxMjAwMDAwMDAwMDB9fQ==",
          "dependencies": [
            "module.eks.aws_iam_role.this",
            "module.eks.data.aws_caller_identity.current",
            "module.eks.data.aws_iam_policy_document.assume_role_policy",
            "module.eks.data.aws_iam_session_context.current",
            "module.eks.module.kms.data.aws_caller_identity.current",
            "module.eks.module.kms.data.aws_iam_policy_document.this",
            "module.eks.module.kms.data.aws_partition.current"
          ],
          "create_before_destroy": true
        }
      ]
    },
    {
      "module": "module.eks.module.kms",
      "mode": "managed",
      "type": "aws_kms_replica_external_key",
      "name": "this",
      "provider": "provider[\"registry.terraform.io/hashicorp/aws\"]",
      "instances": []
    },
    {
      "module": "module.eks.module.kms",
      "mode": "managed",
      "type": "aws_kms_replica_key",
      "name": "this",
      "provider": "provider[\"registry.terraform.io/hashicorp/aws\"]",
      "instances": []
    },
    {
      "module": "module.external_dns_irsa",
      "mode": "data",
      "type": "aws_caller_identity",
      "name": "current",
      "provider": "provider[\"registry.terraform.io/hashicorp/aws\"]",
      "instances": [
        {
          "schema_version": 0,
          "attributes": {
            "account_id": "027423573553",
            "arn": "arn:aws:sts::027423573553:assumed-role/Admin/kylhouns-Isengard",
            "id": "027423573553",
            "user_id": "AROAQMYUSQYYXMMZMGMPD:kylhouns-Isengard"
          },
          "sensitive_attributes": []
        }
      ]
    },
    {
      "module": "module.external_dns_irsa",
      "mode": "data",
      "type": "aws_iam_policy_document",
      "name": "amazon_managed_service_prometheus",
      "provider": "provider[\"registry.terraform.io/hashicorp/aws\"]",
      "instances": []
    },
    {
      "module": "module.external_dns_irsa",
      "mode": "data",
      "type": "aws_iam_policy_document",
      "name": "appmesh_controller",
      "provider": "provider[\"registry.terraform.io/hashicorp/aws\"]",
      "instances": []
    },
    {
      "module": "module.external_dns_irsa",
      "mode": "data",
      "type": "aws_iam_policy_document",
      "name": "appmesh_envoy_proxy",
      "provider": "provider[\"registry.terraform.io/hashicorp/aws\"]",
      "instances": []
    },
    {
      "module": "module.external_dns_irsa",
      "mode": "data",
      "type": "aws_iam_policy_document",
      "name": "aws_gateway_controller",
      "provider": "provider[\"registry.terraform.io/hashicorp/aws\"]",
      "instances": []
    },
    {
      "module": "module.external_dns_irsa",
      "mode": "data",
      "type": "aws_iam_policy_document",
      "name": "cert_manager",
      "provider": "provider[\"registry.terraform.io/hashicorp/aws\"]",
      "instances": []
    },
    {
      "module": "module.external_dns_irsa",
      "mode": "data",
      "type": "aws_iam_policy_document",
      "name": "cluster_autoscaler",
      "provider": "provider[\"registry.terraform.io/hashicorp/aws\"]",
      "instances": []
    },
    {
      "module": "module.external_dns_irsa",
      "mode": "data",
      "type": "aws_iam_policy_document",
      "name": "ebs_csi",
      "provider": "provider[\"registry.terraform.io/hashicorp/aws\"]",
      "instances": []
    },
    {
      "module": "module.external_dns_irsa",
      "mode": "data",
      "type": "aws_iam_policy_document",
      "name": "efs_csi",
      "provider": "provider[\"registry.terraform.io/hashicorp/aws\"]",
      "instances": []
    },
    {
      "module": "module.external_dns_irsa",
      "mode": "data",
      "type": "aws_iam_policy_document",
      "name": "external_dns",
      "provider": "provider[\"registry.terraform.io/hashicorp/aws\"]",
      "instances": [
        {
          "index_key": 0,
          "schema_version": 0,
          "attributes": {
            "id": "3951040301",
            "json": "{\n  \"Version\": \"2012-10-17\",\n  \"Statement\": [\n    {\n      \"Effect\": \"Allow\",\n      \"Action\": \"route53:ChangeResourceRecordSets\",\n      \"Resource\": \"arn:aws:route53:::hostedzone/Z07457962NTDHS0A6G9LH\"\n    },\n    {\n      \"Effect\": \"Allow\",\n      \"Action\": [\n        \"route53:ListTagsForResources\",\n        \"route53:ListResourceRecordSets\",\n        \"route53:ListHostedZones\"\n      ],\n      \"Resource\": \"*\"\n    }\n  ]\n}",
            "minified_json": "{\"Version\":\"2012-10-17\",\"Statement\":[{\"Effect\":\"Allow\",\"Action\":\"route53:ChangeResourceRecordSets\",\"Resource\":\"arn:aws:route53:::hostedzone/Z07457962NTDHS0A6G9LH\"},{\"Effect\":\"Allow\",\"Action\":[\"route53:ListTagsForResources\",\"route53:ListResourceRecordSets\",\"route53:ListHostedZones\"],\"Resource\":\"*\"}]}",
            "override_json": null,
            "override_policy_documents": null,
            "policy_id": null,
            "source_json": null,
            "source_policy_documents": null,
            "statement": [
              {
                "actions": [
                  "route53:ChangeResourceRecordSets"
                ],
                "condition": [],
                "effect": "Allow",
                "not_actions": [],
                "not_principals": [],
                "not_resources": [],
                "principals": [],
                "resources": [
                  "arn:aws:route53:::hostedzone/Z07457962NTDHS0A6G9LH"
                ],
                "sid": ""
              },
              {
                "actions": [
                  "route53:ListHostedZones",
                  "route53:ListResourceRecordSets",
                  "route53:ListTagsForResources"
                ],
                "condition": [],
                "effect": "Allow",
                "not_actions": [],
                "not_principals": [],
                "not_resources": [],
                "principals": [],
                "resources": [
                  "*"
                ],
                "sid": ""
              }
            ],
            "version": "2012-10-17"
          },
          "sensitive_attributes": []
        }
      ]
    },
    {
      "module": "module.external_dns_irsa",
      "mode": "data",
      "type": "aws_iam_policy_document",
      "name": "external_secrets",
      "provider": "provider[\"registry.terraform.io/hashicorp/aws\"]",
      "instances": []
    },
    {
      "module": "module.external_dns_irsa",
      "mode": "data",
      "type": "aws_iam_policy_document",
      "name": "fsx_lustre_csi",
      "provider": "provider[\"registry.terraform.io/hashicorp/aws\"]",
      "instances": []
    },
    {
      "module": "module.external_dns_irsa",
      "mode": "data",
      "type": "aws_iam_policy_document",
      "name": "fsx_openzfs_csi",
      "provider": "provider[\"registry.terraform.io/hashicorp/aws\"]",
      "instances": []
    },
    {
      "module": "module.external_dns_irsa",
      "mode": "data",
      "type": "aws_iam_policy_document",
      "name": "karpenter_controller",
      "provider": "provider[\"registry.terraform.io/hashicorp/aws\"]",
      "instances": []
    },
    {
      "module": "module.external_dns_irsa",
      "mode": "data",
      "type": "aws_iam_policy_document",
      "name": "load_balancer_controller",
      "provider": "provider[\"registry.terraform.io/hashicorp/aws\"]",
      "instances": []
    },
    {
      "module": "module.external_dns_irsa",
      "mode": "data",
      "type": "aws_iam_policy_document",
      "name": "load_balancer_controller_targetgroup_only",
      "provider": "provider[\"registry.terraform.io/hashicorp/aws\"]",
      "instances": []
    },
    {
      "module": "module.external_dns_irsa",
      "mode": "data",
      "type": "aws_iam_policy_document",
      "name": "mountpoint_s3_csi",
      "provider": "provider[\"registry.terraform.io/hashicorp/aws\"]",
      "instances": []
    },
    {
      "module": "module.external_dns_irsa",
      "mode": "data",
      "type": "aws_iam_policy_document",
      "name": "node_termination_handler",
      "provider": "provider[\"registry.terraform.io/hashicorp/aws\"]",
      "instances": []
    },
    {
      "module": "module.external_dns_irsa",
      "mode": "data",
      "type": "aws_iam_policy_document",
      "name": "this",
      "provider": "provider[\"registry.terraform.io/hashicorp/aws\"]",
      "instances": [
        {
          "index_key": 0,
          "schema_version": 0,
          "attributes": {
            "id": "3909713710",
            "json": "{\n  \"Version\": \"2012-10-17\",\n  \"Statement\": [\n    {\n      \"Effect\": \"Allow\",\n      \"Action\": \"sts:AssumeRoleWithWebIdentity\",\n      \"Principal\": {\n        \"Federated\": \"arn:aws:iam::027423573553:oidc-provider/oidc.eks.us-west-2.amazonaws.com/id/91D986DCB52447A7F312838B02FCD62D\"\n      },\n      \"Condition\": {\n        \"StringEquals\": {\n          \"oidc.eks.us-west-2.amazonaws.com/id/91D986DCB52447A7F312838B02FCD62D:aud\": \"sts.amazonaws.com\",\n          \"oidc.eks.us-west-2.amazonaws.com/id/91D986DCB52447A7F312838B02FCD62D:sub\": \"system:serviceaccount:kube-system:external-dns\"\n        }\n      }\n    }\n  ]\n}",
            "minified_json": "{\"Version\":\"2012-10-17\",\"Statement\":[{\"Effect\":\"Allow\",\"Action\":\"sts:AssumeRoleWithWebIdentity\",\"Principal\":{\"Federated\":\"arn:aws:iam::027423573553:oidc-provider/oidc.eks.us-west-2.amazonaws.com/id/91D986DCB52447A7F312838B02FCD62D\"},\"Condition\":{\"StringEquals\":{\"oidc.eks.us-west-2.amazonaws.com/id/91D986DCB52447A7F312838B02FCD62D:aud\":\"sts.amazonaws.com\",\"oidc.eks.us-west-2.amazonaws.com/id/91D986DCB52447A7F312838B02FCD62D:sub\":\"system:serviceaccount:kube-system:external-dns\"}}}]}",
            "override_json": null,
            "override_policy_documents": null,
            "policy_id": null,
            "source_json": null,
            "source_policy_documents": null,
            "statement": [
              {
                "actions": [
                  "sts:AssumeRoleWithWebIdentity"
                ],
                "condition": [
                  {
                    "test": "StringEquals",
                    "values": [
                      "sts.amazonaws.com"
                    ],
                    "variable": "oidc.eks.us-west-2.amazonaws.com/id/91D986DCB52447A7F312838B02FCD62D:aud"
                  },
                  {
                    "test": "StringEquals",
                    "values": [
                      "system:serviceaccount:kube-system:external-dns"
                    ],
                    "variable": "oidc.eks.us-west-2.amazonaws.com/id/91D986DCB52447A7F312838B02FCD62D:sub"
                  }
                ],
                "effect": "Allow",
                "not_actions": [],
                "not_principals": [],
                "not_resources": [],
                "principals": [
                  {
                    "identifiers": [
                      "arn:aws:iam::027423573553:oidc-provider/oidc.eks.us-west-2.amazonaws.com/id/91D986DCB52447A7F312838B02FCD62D"
                    ],
                    "type": "Federated"
                  }
                ],
                "resources": [],
                "sid": ""
              }
            ],
            "version": "2012-10-17"
          },
          "sensitive_attributes": []
        }
      ]
    },
    {
      "module": "module.external_dns_irsa",
      "mode": "data",
      "type": "aws_iam_policy_document",
      "name": "velero",
      "provider": "provider[\"registry.terraform.io/hashicorp/aws\"]",
      "instances": []
    },
    {
      "module": "module.external_dns_irsa",
      "mode": "data",
      "type": "aws_iam_policy_document",
      "name": "vpc_cni",
      "provider": "provider[\"registry.terraform.io/hashicorp/aws\"]",
      "instances": []
    },
    {
      "module": "module.external_dns_irsa",
      "mode": "data",
      "type": "aws_partition",
      "name": "current",
      "provider": "provider[\"registry.terraform.io/hashicorp/aws\"]",
      "instances": [
        {
          "schema_version": 0,
          "attributes": {
            "dns_suffix": "amazonaws.com",
            "id": "aws",
            "partition": "aws",
            "reverse_dns_prefix": "com.amazonaws"
          },
          "sensitive_attributes": []
        }
      ]
    },
    {
      "module": "module.external_dns_irsa",
      "mode": "data",
      "type": "aws_region",
      "name": "current",
      "provider": "provider[\"registry.terraform.io/hashicorp/aws\"]",
      "instances": [
        {
          "schema_version": 0,
          "attributes": {
            "description": "US West (Oregon)",
            "endpoint": "ec2.us-west-2.amazonaws.com",
            "id": "us-west-2",
            "name": "us-west-2"
          },
          "sensitive_attributes": []
        }
      ]
    },
    {
      "module": "module.external_dns_irsa",
      "mode": "managed",
      "type": "aws_iam_policy",
      "name": "amazon_managed_service_prometheus",
      "provider": "provider[\"registry.terraform.io/hashicorp/aws\"]",
      "instances": []
    },
    {
      "module": "module.external_dns_irsa",
      "mode": "managed",
      "type": "aws_iam_policy",
      "name": "appmesh_controller",
      "provider": "provider[\"registry.terraform.io/hashicorp/aws\"]",
      "instances": []
    },
    {
      "module": "module.external_dns_irsa",
      "mode": "managed",
      "type": "aws_iam_policy",
      "name": "appmesh_envoy_proxy",
      "provider": "provider[\"registry.terraform.io/hashicorp/aws\"]",
      "instances": []
    },
    {
      "module": "module.external_dns_irsa",
      "mode": "managed",
      "type": "aws_iam_policy",
      "name": "aws_gateway_controller",
      "provider": "provider[\"registry.terraform.io/hashicorp/aws\"]",
      "instances": []
    },
    {
      "module": "module.external_dns_irsa",
      "mode": "managed",
      "type": "aws_iam_policy",
      "name": "cert_manager",
      "provider": "provider[\"registry.terraform.io/hashicorp/aws\"]",
      "instances": []
    },
    {
      "module": "module.external_dns_irsa",
      "mode": "managed",
      "type": "aws_iam_policy",
      "name": "cluster_autoscaler",
      "provider": "provider[\"registry.terraform.io/hashicorp/aws\"]",
      "instances": []
    },
    {
      "module": "module.external_dns_irsa",
      "mode": "managed",
      "type": "aws_iam_policy",
      "name": "ebs_csi",
      "provider": "provider[\"registry.terraform.io/hashicorp/aws\"]",
      "instances": []
    },
    {
      "module": "module.external_dns_irsa",
      "mode": "managed",
      "type": "aws_iam_policy",
      "name": "efs_csi",
      "provider": "provider[\"registry.terraform.io/hashicorp/aws\"]",
      "instances": []
    },
    {
      "module": "module.external_dns_irsa",
      "mode": "managed",
      "type": "aws_iam_policy",
      "name": "external_dns",
      "provider": "provider[\"registry.terraform.io/hashicorp/aws\"]",
      "instances": [
        {
          "index_key": 0,
          "schema_version": 0,
          "attributes": {
            "arn": "arn:aws:iam::027423573553:policy/AmazonEKS_External_DNS_Policy-20260318201827552700000001",
            "attachment_count": 1,
            "description": "External DNS policy to allow management of Route53 hosted zone records",
            "id": "arn:aws:iam::027423573553:policy/AmazonEKS_External_DNS_Policy-20260318201827552700000001",
            "name": "AmazonEKS_External_DNS_Policy-20260318201827552700000001",
            "name_prefix": "AmazonEKS_External_DNS_Policy-",
            "path": "/",
            "policy": "{\"Statement\":[{\"Action\":\"route53:ChangeResourceRecordSets\",\"Effect\":\"Allow\",\"Resource\":\"arn:aws:route53:::hostedzone/Z07457962NTDHS0A6G9LH\"},{\"Action\":[\"route53:ListTagsForResources\",\"route53:ListResourceRecordSets\",\"route53:ListHostedZones\"],\"Effect\":\"Allow\",\"Resource\":\"*\"}],\"Version\":\"2012-10-17\"}",
            "policy_id": "ANPAQMYUSQYYZYFDNRBWO",
            "tags": {},
            "tags_all": {
              "ManagedBy": "terraform",
              "Project": "observability-stack"
            }
          },
          "sensitive_attributes": [],
          "private": "bnVsbA==",
          "dependencies": [
            "module.external_dns_irsa.data.aws_iam_policy_document.external_dns"
          ]
        }
      ]
    },
    {
      "module": "module.external_dns_irsa",
      "mode": "managed",
      "type": "aws_iam_policy",
      "name": "external_secrets",
      "provider": "provider[\"registry.terraform.io/hashicorp/aws\"]",
      "instances": []
    },
    {
      "module": "module.external_dns_irsa",
      "mode": "managed",
      "type": "aws_iam_policy",
      "name": "fsx_lustre_csi",
      "provider": "provider[\"registry.terraform.io/hashicorp/aws\"]",
      "instances": []
    },
    {
      "module": "module.external_dns_irsa",
      "mode": "managed",
      "type": "aws_iam_policy",
      "name": "fsx_openzfs_csi",
      "provider": "provider[\"registry.terraform.io/hashicorp/aws\"]",
      "instances": []
    },
    {
      "module": "module.external_dns_irsa",
      "mode": "managed",
      "type": "aws_iam_policy",
      "name": "karpenter_controller",
      "provider": "provider[\"registry.terraform.io/hashicorp/aws\"]",
      "instances": []
    },
    {
      "module": "module.external_dns_irsa",
      "mode": "managed",
      "type": "aws_iam_policy",
      "name": "load_balancer_controller",
      "provider": "provider[\"registry.terraform.io/hashicorp/aws\"]",
      "instances": []
    },
    {
      "module": "module.external_dns_irsa",
      "mode": "managed",
      "type": "aws_iam_policy",
      "name": "load_balancer_controller_targetgroup_only",
      "provider": "provider[\"registry.terraform.io/hashicorp/aws\"]",
      "instances": []
    },
    {
      "module": "module.external_dns_irsa",
      "mode": "managed",
      "type": "aws_iam_policy",
      "name": "mountpoint_s3_csi",
      "provider": "provider[\"registry.terraform.io/hashicorp/aws\"]",
      "instances": []
    },
    {
      "module": "module.external_dns_irsa",
      "mode": "managed",
      "type": "aws_iam_policy",
      "name": "node_termination_handler",
      "provider": "provider[\"registry.terraform.io/hashicorp/aws\"]",
      "instances": []
    },
    {
      "module": "module.external_dns_irsa",
      "mode": "managed",
      "type": "aws_iam_policy",
      "name": "velero",
      "provider": "provider[\"registry.terraform.io/hashicorp/aws\"]",
      "instances": []
    },
    {
      "module": "module.external_dns_irsa",
      "mode": "managed",
      "type": "aws_iam_policy",
      "name": "vpc_cni",
      "provider": "provider[\"registry.terraform.io/hashicorp/aws\"]",
      "instances": []
    },
    {
      "module": "module.external_dns_irsa",
      "mode": "managed",
      "type": "aws_iam_role",
      "name": "this",
      "provider": "provider[\"registry.terraform.io/hashicorp/aws\"]",
      "instances": [
        {
          "index_key": 0,
          "schema_version": 0,
          "attributes": {
            "arn": "arn:aws:iam::027423573553:role/observability-stack-external-dns",
            "assume_role_policy": "{\"Statement\":[{\"Action\":\"sts:AssumeRoleWithWebIdentity\",\"Condition\":{\"StringEquals\":{\"oidc.eks.us-west-2.amazonaws.com/id/91D986DCB52447A7F312838B02FCD62D:aud\":\"sts.amazonaws.com\",\"oidc.eks.us-west-2.amazonaws.com/id/91D986DCB52447A7F312838B02FCD62D:sub\":\"system:serviceaccount:kube-system:external-dns\"}},\"Effect\":\"Allow\",\"Principal\":{\"Federated\":\"arn:aws:iam::027423573553:oidc-provider/oidc.eks.us-west-2.amazonaws.com/id/91D986DCB52447A7F312838B02FCD62D\"}}],\"Version\":\"2012-10-17\"}",
            "create_date": "2026-03-18T20:28:14Z",
            "description": "",
            "force_detach_policies": true,
            "id": "observability-stack-external-dns",
            "inline_policy": [],
            "managed_policy_arns": [
              "arn:aws:iam::027423573553:policy/AmazonEKS_External_DNS_Policy-20260318201827552700000001"
            ],
            "max_session_duration": 3600,
            "name": "observability-stack-external-dns",
            "name_prefix": "",
            "path": "/",
            "permissions_boundary": "",
            "tags": {},
            "tags_all": {
              "ManagedBy": "terraform",
              "Project": "observability-stack"
            },
            "unique_id": "AROAQMYUSQYY43FP3UD6E"
          },
          "sensitive_attributes": [],
          "private": "bnVsbA==",
          "dependencies": [
            "data.aws_availability_zones.available",
            "module.eks.aws_cloudwatch_log_group.this",
            "module.eks.aws_eks_cluster.this",
            "module.eks.aws_iam_openid_connect_provider.oidc_provider",
            "module.eks.aws_iam_policy.cni_ipv6_policy",
            "module.eks.aws_iam_role.eks_auto",
            "module.eks.aws_iam_role.this",
            "module.eks.aws_iam_role_policy_attachment.this",
            "module.eks.aws_security_group.cluster",
            "module.eks.aws_security_group.node",
            "module.eks.aws_security_group_rule.cluster",
            "module.eks.aws_security_group_rule.node",
            "module.eks.data.aws_caller_identity.current",
            "module.eks.data.aws_iam_policy_document.assume_role_policy",
            "module.eks.data.aws_iam_policy_document.cni_ipv6_policy",
            "module.eks.data.aws_iam_policy_document.node_assume_role_policy",
            "module.eks.data.aws_iam_session_context.current",
            "module.eks.data.aws_partition.current",
            "module.eks.data.tls_certificate.this",
            "module.eks.module.kms.aws_kms_external_key.this",
            "module.eks.module.kms.aws_kms_key.this",
            "module.eks.module.kms.aws_kms_replica_external_key.this",
            "module.eks.module.kms.aws_kms_replica_key.this",
            "module.eks.module.kms.data.aws_caller_identity.current",
            "module.eks.module.kms.data.aws_iam_policy_document.this",
            "module.eks.module.kms.data.aws_partition.current",
            "module.external_dns_irsa.data.aws_caller_identity.current",
            "module.external_dns_irsa.data.aws_iam_policy_document.this",
            "module.external_dns_irsa.data.aws_partition.current",
            "module.vpc.aws_subnet.private",
            "module.vpc.aws_vpc.this",
            "module.vpc.aws_vpc_ipv4_cidr_block_association.this"
          ]
        }
      ]
    },
    {
      "module": "module.external_dns_irsa",
      "mode": "managed",
      "type": "aws_iam_role_policy_attachment",
      "name": "amazon_cloudwatch_observability",
      "provider": "provider[\"registry.terraform.io/hashicorp/aws\"]",
      "instances": []
    },
    {
      "module": "module.external_dns_irsa",
      "mode": "managed",
      "type": "aws_iam_role_policy_attachment",
      "name": "amazon_managed_service_prometheus",
      "provider": "provider[\"registry.terraform.io/hashicorp/aws\"]",
      "instances": []
    },
    {
      "module": "module.external_dns_irsa",
      "mode": "managed",
      "type": "aws_iam_role_policy_attachment",
      "name": "appmesh_controller",
      "provider": "provider[\"registry.terraform.io/hashicorp/aws\"]",
      "instances": []
    },
    {
      "module": "module.external_dns_irsa",
      "mode": "managed",
      "type": "aws_iam_role_policy_attachment",
      "name": "appmesh_envoy_proxy",
      "provider": "provider[\"registry.terraform.io/hashicorp/aws\"]",
      "instances": []
    },
    {
      "module": "module.external_dns_irsa",
      "mode": "managed",
      "type": "aws_iam_role_policy_attachment",
      "name": "aws_gateway_controller",
      "provider": "provider[\"registry.terraform.io/hashicorp/aws\"]",
      "instances": []
    },
    {
      "module": "module.external_dns_irsa",
      "mode": "managed",
      "type": "aws_iam_role_policy_attachment",
      "name": "cert_manager",
      "provider": "provider[\"registry.terraform.io/hashicorp/aws\"]",
      "instances": []
    },
    {
      "module": "module.external_dns_irsa",
      "mode": "managed",
      "type": "aws_iam_role_policy_attachment",
      "name": "cluster_autoscaler",
      "provider": "provider[\"registry.terraform.io/hashicorp/aws\"]",
      "instances": []
    },
    {
      "module": "module.external_dns_irsa",
      "mode": "managed",
      "type": "aws_iam_role_policy_attachment",
      "name": "ebs_csi",
      "provider": "provider[\"registry.terraform.io/hashicorp/aws\"]",
      "instances": []
    },
    {
      "module": "module.external_dns_irsa",
      "mode": "managed",
      "type": "aws_iam_role_policy_attachment",
      "name": "efs_csi",
      "provider": "provider[\"registry.terraform.io/hashicorp/aws\"]",
      "instances": []
    },
    {
      "module": "module.external_dns_irsa",
      "mode": "managed",
      "type": "aws_iam_role_policy_attachment",
      "name": "external_dns",
      "provider": "provider[\"registry.terraform.io/hashicorp/aws\"]",
      "instances": [
        {
          "index_key": 0,
          "schema_version": 0,
          "attributes": {
            "id": "observability-stack-external-dns-20260318202815339800000014",
            "policy_arn": "arn:aws:iam::027423573553:policy/AmazonEKS_External_DNS_Policy-20260318201827552700000001",
            "role": "observability-stack-external-dns"
          },
          "sensitive_attributes": [],
          "private": "bnVsbA==",
          "dependencies": [
            "data.aws_availability_zones.available",
            "module.eks.aws_cloudwatch_log_group.this",
            "module.eks.aws_eks_cluster.this",
            "module.eks.aws_iam_openid_connect_provider.oidc_provider",
            "module.eks.aws_iam_policy.cni_ipv6_policy",
            "module.eks.aws_iam_role.eks_auto",
            "module.eks.aws_iam_role.this",
            "module.eks.aws_iam_role_policy_attachment.this",
            "module.eks.aws_security_group.cluster",
            "module.eks.aws_security_group.node",
            "module.eks.aws_security_group_rule.cluster",
            "module.eks.aws_security_group_rule.node",
            "module.eks.data.aws_caller_identity.current",
            "module.eks.data.aws_iam_policy_document.assume_role_policy",
            "module.eks.data.aws_iam_policy_document.cni_ipv6_policy",
            "module.eks.data.aws_iam_policy_document.node_assume_role_policy",
            "module.eks.data.aws_iam_session_context.current",
            "module.eks.data.aws_partition.current",
            "module.eks.data.tls_certificate.this",
            "module.eks.module.kms.aws_kms_external_key.this",
            "module.eks.module.kms.aws_kms_key.this",
            "module.eks.module.kms.aws_kms_replica_external_key.this",
            "module.eks.module.kms.aws_kms_replica_key.this",
            "module.eks.module.kms.data.aws_caller_identity.current",
            "module.eks.module.kms.data.aws_iam_policy_document.this",
            "module.eks.module.kms.data.aws_partition.current",
            "module.external_dns_irsa.aws_iam_policy.external_dns",
            "module.external_dns_irsa.aws_iam_role.this",
            "module.external_dns_irsa.data.aws_caller_identity.current",
            "module.external_dns_irsa.data.aws_iam_policy_document.external_dns",
            "module.external_dns_irsa.data.aws_iam_policy_document.this",
            "module.external_dns_irsa.data.aws_partition.current",
            "module.vpc.aws_subnet.private",
            "module.vpc.aws_vpc.this",
            "module.vpc.aws_vpc_ipv4_cidr_block_association.this"
          ]
        }
      ]
    },
    {
      "module": "module.external_dns_irsa",
      "mode": "managed",
      "type": "aws_iam_role_policy_attachment",
      "name": "external_secrets",
      "provider": "provider[\"registry.terraform.io/hashicorp/aws\"]",
      "instances": []
    },
    {
      "module": "module.external_dns_irsa",
      "mode": "managed",
      "type": "aws_iam_role_policy_attachment",
      "name": "fsx_lustre_csi",
      "provider": "provider[\"registry.terraform.io/hashicorp/aws\"]",
      "instances": []
    },
    {
      "module": "module.external_dns_irsa",
      "mode": "managed",
      "type": "aws_iam_role_policy_attachment",
      "name": "fsx_openzfs_csi",
      "provider": "provider[\"registry.terraform.io/hashicorp/aws\"]",
      "instances": []
    },
    {
      "module": "module.external_dns_irsa",
      "mode": "managed",
      "type": "aws_iam_role_policy_attachment",
      "name": "karpenter_controller",
      "provider": "provider[\"registry.terraform.io/hashicorp/aws\"]",
      "instances": []
    },
    {
      "module": "module.external_dns_irsa",
      "mode": "managed",
      "type": "aws_iam_role_policy_attachment",
      "name": "load_balancer_controller",
      "provider": "provider[\"registry.terraform.io/hashicorp/aws\"]",
      "instances": []
    },
    {
      "module": "module.external_dns_irsa",
      "mode": "managed",
      "type": "aws_iam_role_policy_attachment",
      "name": "load_balancer_controller_targetgroup_only",
      "provider": "provider[\"registry.terraform.io/hashicorp/aws\"]",
      "instances": []
    },
    {
      "module": "module.external_dns_irsa",
      "mode": "managed",
      "type": "aws_iam_role_policy_attachment",
      "name": "mountpoint_s3_csi",
      "provider": "provider[\"registry.terraform.io/hashicorp/aws\"]",
      "instances": []
    },
    {
      "module": "module.external_dns_irsa",
      "mode": "managed",
      "type": "aws_iam_role_policy_attachment",
      "name": "node_termination_handler",
      "provider": "provider[\"registry.terraform.io/hashicorp/aws\"]",
      "instances": []
    },
    {
      "module": "module.external_dns_irsa",
      "mode": "managed",
      "type": "aws_iam_role_policy_attachment",
      "name": "this",
      "provider": "provider[\"registry.terraform.io/hashicorp/aws\"]",
      "instances": []
    },
    {
      "module": "module.external_dns_irsa",
      "mode": "managed",
      "type": "aws_iam_role_policy_attachment",
      "name": "velero",
      "provider": "provider[\"registry.terraform.io/hashicorp/aws\"]",
      "instances": []
    },
    {
      "module": "module.external_dns_irsa",
      "mode": "managed",
      "type": "aws_iam_role_policy_attachment",
      "name": "vpc_cni",
      "provider": "provider[\"registry.terraform.io/hashicorp/aws\"]",
      "instances": []
    },
    {
      "module": "module.lb_controller_irsa",
      "mode": "data",
      "type": "aws_caller_identity",
      "name": "current",
      "provider": "provider[\"registry.terraform.io/hashicorp/aws\"]",
      "instances": [
        {
          "schema_version": 0,
          "attributes": {
            "account_id": "027423573553",
            "arn": "arn:aws:sts::027423573553:assumed-role/Admin/kylhouns-Isengard",
            "id": "027423573553",
            "user_id": "AROAQMYUSQYYXMMZMGMPD:kylhouns-Isengard"
          },
          "sensitive_attributes": []
        }
      ]
    },
    {
      "module": "module.lb_controller_irsa",
      "mode": "data",
      "type": "aws_iam_policy_document",
      "name": "amazon_managed_service_prometheus",
      "provider": "provider[\"registry.terraform.io/hashicorp/aws\"]",
      "instances": []
    },
    {
      "module": "module.lb_controller_irsa",
      "mode": "data",
      "type": "aws_iam_policy_document",
      "name": "appmesh_controller",
      "provider": "provider[\"registry.terraform.io/hashicorp/aws\"]",
      "instances": []
    },
    {
      "module": "module.lb_controller_irsa",
      "mode": "data",
      "type": "aws_iam_policy_document",
      "name": "appmesh_envoy_proxy",
      "provider": "provider[\"registry.terraform.io/hashicorp/aws\"]",
      "instances": []
    },
    {
      "module": "module.lb_controller_irsa",
      "mode": "data",
      "type": "aws_iam_policy_document",
      "name": "aws_gateway_controller",
      "provider": "provider[\"registry.terraform.io/hashicorp/aws\"]",
      "instances": []
    },
    {
      "module": "module.lb_controller_irsa",
      "mode": "data",
      "type": "aws_iam_policy_document",
      "name": "cert_manager",
      "provider": "provider[\"registry.terraform.io/hashicorp/aws\"]",
      "instances": []
    },
    {
      "module": "module.lb_controller_irsa",
      "mode": "data",
      "type": "aws_iam_policy_document",
      "name": "cluster_autoscaler",
      "provider": "provider[\"registry.terraform.io/hashicorp/aws\"]",
      "instances": []
    },
    {
      "module": "module.lb_controller_irsa",
      "mode": "data",
      "type": "aws_iam_policy_document",
      "name": "ebs_csi",
      "provider": "provider[\"registry.terraform.io/hashicorp/aws\"]",
      "instances": []
    },
    {
      "module": "module.lb_controller_irsa",
      "mode": "data",
      "type": "aws_iam_policy_document",
      "name": "efs_csi",
      "provider": "provider[\"registry.terraform.io/hashicorp/aws\"]",
      "instances": []
    },
    {
      "module": "module.lb_controller_irsa",
      "mode": "data",
      "type": "aws_iam_policy_document",
      "name": "external_dns",
      "provider": "provider[\"registry.terraform.io/hashicorp/aws\"]",
      "instances": []
    },
    {
      "module": "module.lb_controller_irsa",
      "mode": "data",
      "type": "aws_iam_policy_document",
      "name": "external_secrets",
      "provider": "provider[\"registry.terraform.io/hashicorp/aws\"]",
      "instances": []
    },
    {
      "module": "module.lb_controller_irsa",
      "mode": "data",
      "type": "aws_iam_policy_document",
      "name": "fsx_lustre_csi",
      "provider": "provider[\"registry.terraform.io/hashicorp/aws\"]",
      "instances": []
    },
    {
      "module": "module.lb_controller_irsa",
      "mode": "data",
      "type": "aws_iam_policy_document",
      "name": "fsx_openzfs_csi",
      "provider": "provider[\"registry.terraform.io/hashicorp/aws\"]",
      "instances": []
    },
    {
      "module": "module.lb_controller_irsa",
      "mode": "data",
      "type": "aws_iam_policy_document",
      "name": "karpenter_controller",
      "provider": "provider[\"registry.terraform.io/hashicorp/aws\"]",
      "instances": []
    },
    {
      "module": "module.lb_controller_irsa",
      "mode": "data",
      "type": "aws_iam_policy_document",
      "name": "load_balancer_controller",
      "provider": "provider[\"registry.terraform.io/hashicorp/aws\"]",
      "instances": [
        {
          "index_key": 0,
          "schema_version": 0,
          "attributes": {
            "id": "1541424006",
            "json": "{\n  \"Version\": \"2012-10-17\",\n  \"Statement\": [\n    {\n      \"Effect\": \"Allow\",\n      \"Action\": \"iam:CreateServiceLinkedRole\",\n      \"Resource\": \"*\",\n      \"Condition\": {\n        \"StringEquals\": {\n          \"iam:AWSServiceName\": \"elasticloadbalancing.amazonaws.com\"\n        }\n      }\n    },\n    {\n      \"Effect\": \"Allow\",\n      \"Action\": [\n        \"elasticloadbalancing:DescribeTrustStores\",\n        \"elasticloadbalancing:DescribeTargetHealth\",\n        \"elasticloadbalancing:DescribeTargetGroups\",\n        \"elasticloadbalancing:DescribeTargetGroupAttributes\",\n        \"elasticloadbalancing:DescribeTags\",\n        \"elasticloadbalancing:DescribeSSLPolicies\",\n        \"elasticloadbalancing:DescribeRules\",\n        \"elasticloadbalancing:DescribeLoadBalancers\",\n        \"elasticloadbalancing:DescribeLoadBalancerAttributes\",\n        \"elasticloadbalancing:DescribeListeners\",\n        \"elasticloadbalancing:DescribeListenerCertificates\",\n        \"elasticloadbalancing:DescribeListenerAttributes\",\n        \"elasticloadbalancing:DescribeCapacityReservation\",\n        \"ec2:GetSecurityGroupsForVpc\",\n        \"ec2:GetCoipPoolUsage\",\n        \"ec2:DescribeVpcs\",\n        \"ec2:DescribeVpcPeeringConnections\",\n        \"ec2:DescribeTags\",\n        \"ec2:DescribeSubnets\",\n        \"ec2:DescribeSecurityGroups\",\n        \"ec2:DescribeRouteTables\",\n        \"ec2:DescribeNetworkInterfaces\",\n        \"ec2:DescribeIpamPools\",\n        \"ec2:DescribeInternetGateways\",\n        \"ec2:DescribeInstances\",\n        \"ec2:DescribeCoipPools\",\n        \"ec2:DescribeAvailabilityZones\",\n        \"ec2:DescribeAddresses\",\n        \"ec2:DescribeAccountAttributes\"\n      ],\n      \"Resource\": \"*\"\n    },\n    {\n      \"Effect\": \"Allow\",\n      \"Action\": [\n        \"wafv2:GetWebACLForResource\",\n        \"wafv2:GetWebACL\",\n        \"wafv2:DisassociateWebACL\",\n        \"wafv2:AssociateWebACL\",\n        \"waf-regional:GetWebACLForResource\",\n        \"waf-regional:GetWebACL\",\n        \"waf-regional:DisassociateWebACL\",\n        \"waf-regional:AssociateWebACL\",\n        \"shield:GetSubscriptionState\",\n        \"shield:DescribeProtection\",\n        \"shield:DeleteProtection\",\n        \"shield:CreateProtection\",\n        \"iam:ListServerCertificates\",\n        \"iam:GetServerCertificate\",\n        \"cognito-idp:DescribeUserPoolClient\",\n        \"acm:ListCertificates\",\n        \"acm:DescribeCertificate\"\n      ],\n      \"Resource\": \"*\"\n    },\n    {\n      \"Effect\": \"Allow\",\n      \"Action\": [\n        \"ec2:RevokeSecurityGroupIngress\",\n        \"ec2:AuthorizeSecurityGroupIngress\"\n      ],\n      \"Resource\": \"*\"\n    },\n    {\n      \"Effect\": \"Allow\",\n      \"Action\": \"ec2:CreateSecurityGroup\",\n      \"Resource\": \"*\"\n    },\n    {\n      \"Effect\": \"Allow\",\n      \"Action\": \"ec2:CreateTags\",\n      \"Resource\": \"arn:aws:ec2:*:*:security-group/*\",\n      \"Condition\": {\n        \"Null\": {\n          \"aws:RequestTag/elbv2.k8s.aws/cluster\": \"false\"\n        },\n        \"StringEquals\": {\n          \"ec2:CreateAction\": \"CreateSecurityGroup\"\n        }\n      }\n    },\n    {\n      \"Effect\": \"Allow\",\n      \"Action\": [\n        \"ec2:DeleteTags\",\n        \"ec2:CreateTags\"\n      ],\n      \"Resource\": \"arn:aws:ec2:*:*:security-group/*\",\n      \"Condition\": {\n        \"Null\": {\n          \"aws:RequestTag/elbv2.k8s.aws/cluster\": \"true\",\n          \"aws:ResourceTag/elbv2.k8s.aws/cluster\": \"false\"\n        }\n      }\n    },\n    {\n      \"Effect\": \"Allow\",\n      \"Action\": [\n        \"ec2:RevokeSecurityGroupIngress\",\n        \"ec2:DeleteSecurityGroup\",\n        \"ec2:AuthorizeSecurityGroupIngress\"\n      ],\n      \"Resource\": \"*\",\n      \"Condition\": {\n        \"Null\": {\n          \"aws:ResourceTag/elbv2.k8s.aws/cluster\": \"false\"\n        }\n      }\n    },\n    {\n      \"Effect\": \"Allow\",\n      \"Action\": [\n        \"elasticloadbalancing:CreateTargetGroup\",\n        \"elasticloadbalancing:CreateLoadBalancer\"\n      ],\n      \"Resource\": \"*\",\n      \"Condition\": {\n        \"Null\": {\n          \"aws:RequestTag/elbv2.k8s.aws/cluster\": \"false\"\n        }\n      }\n    },\n    {\n      \"Effect\": \"Allow\",\n      \"Action\": [\n        \"elasticloadbalancing:DeleteRule\",\n        \"elasticloadbalancing:DeleteListener\",\n        \"elasticloadbalancing:CreateRule\",\n        \"elasticloadbalancing:CreateListener\"\n      ],\n      \"Resource\": \"*\"\n    },\n    {\n      \"Effect\": \"Allow\",\n      \"Action\": [\n        \"elasticloadbalancing:RemoveTags\",\n        \"elasticloadbalancing:AddTags\"\n      ],\n      \"Resource\": [\n        \"arn:aws:elasticloadbalancing:*:*:targetgroup/*/*\",\n        \"arn:aws:elasticloadbalancing:*:*:loadbalancer/net/*/*\",\n        \"arn:aws:elasticloadbalancing:*:*:loadbalancer/app/*/*\"\n      ],\n      \"Condition\": {\n        \"Null\": {\n          \"aws:RequestTag/elbv2.k8s.aws/cluster\": \"true\",\n          \"aws:ResourceTag/elbv2.k8s.aws/cluster\": \"false\"\n        }\n      }\n    },\n    {\n      \"Effect\": \"Allow\",\n      \"Action\": [\n        \"elasticloadbalancing:RemoveTags\",\n        \"elasticloadbalancing:AddTags\"\n      ],\n      \"Resource\": [\n        \"arn:aws:elasticloadbalancing:*:*:listener/net/*/*/*\",\n        \"arn:aws:elasticloadbalancing:*:*:listener/app/*/*/*\",\n        \"arn:aws:elasticloadbalancing:*:*:listener-rule/net/*/*/*\",\n        \"arn:aws:elasticloadbalancing:*:*:listener-rule/app/*/*/*\"\n      ]\n    },\n    {\n      \"Effect\": \"Allow\",\n      \"Action\": [\n        \"elasticloadbalancing:SetSubnets\",\n        \"elasticloadbalancing:SetSecurityGroups\",\n        \"elasticloadbalancing:SetIpAddressType\",\n        \"elasticloadbalancing:ModifyTargetGroupAttributes\",\n        \"elasticloadbalancing:ModifyTargetGroup\",\n        \"elasticloadbalancing:ModifyLoadBalancerAttributes\",\n        \"elasticloadbalancing:ModifyListenerAttributes\",\n        \"elasticloadbalancing:ModifyIpPools\",\n        \"elasticloadbalancing:ModifyCapacityReservation\",\n        \"elasticloadbalancing:DeleteTargetGroup\",\n        \"elasticloadbalancing:DeleteLoadBalancer\"\n      ],\n      \"Resource\": \"*\",\n      \"Condition\": {\n        \"Null\": {\n          \"aws:ResourceTag/elbv2.k8s.aws/cluster\": \"false\"\n        }\n      }\n    },\n    {\n      \"Effect\": \"Allow\",\n      \"Action\": \"elasticloadbalancing:AddTags\",\n      \"Resource\": [\n        \"arn:aws:elasticloadbalancing:*:*:targetgroup/*/*\",\n        \"arn:aws:elasticloadbalancing:*:*:loadbalancer/net/*/*\",\n        \"arn:aws:elasticloadbalancing:*:*:loadbalancer/app/*/*\"\n      ],\n      \"Condition\": {\n        \"Null\": {\n          \"aws:RequestTag/elbv2.k8s.aws/cluster\": \"false\"\n        },\n        \"StringEquals\": {\n          \"elasticloadbalancing:CreateAction\": [\n            \"CreateTargetGroup\",\n            \"CreateLoadBalancer\"\n          ]\n        }\n      }\n    },\n    {\n      \"Effect\": \"Allow\",\n      \"Action\": [\n        \"elasticloadbalancing:RegisterTargets\",\n        \"elasticloadbalancing:DeregisterTargets\"\n      ],\n      \"Resource\": \"arn:aws:elasticloadbalancing:*:*:targetgroup/*/*\"\n    },\n    {\n      \"Effect\": \"Allow\",\n      \"Action\": [\n        \"elasticloadbalancing:SetWebAcl\",\n        \"elasticloadbalancing:SetRulePriorities\",\n        \"elasticloadbalancing:RemoveListenerCertificates\",\n        \"elasticloadbalancing:ModifyRule\",\n        \"elasticloadbalancing:ModifyListener\",\n        \"elasticloadbalancing:AddListenerCertificates\"\n      ],\n      \"Resource\": \"*\"\n    }\n  ]\n}",
            "minified_json": "{\"Version\":\"2012-10-17\",\"Statement\":[{\"Effect\":\"Allow\",\"Action\":\"iam:CreateServiceLinkedRole\",\"Resource\":\"*\",\"Condition\":{\"StringEquals\":{\"iam:AWSServiceName\":\"elasticloadbalancing.amazonaws.com\"}}},{\"Effect\":\"Allow\",\"Action\":[\"elasticloadbalancing:DescribeTrustStores\",\"elasticloadbalancing:DescribeTargetHealth\",\"elasticloadbalancing:DescribeTargetGroups\",\"elasticloadbalancing:DescribeTargetGroupAttributes\",\"elasticloadbalancing:DescribeTags\",\"elasticloadbalancing:DescribeSSLPolicies\",\"elasticloadbalancing:DescribeRules\",\"elasticloadbalancing:DescribeLoadBalancers\",\"elasticloadbalancing:DescribeLoadBalancerAttributes\",\"elasticloadbalancing:DescribeListeners\",\"elasticloadbalancing:DescribeListenerCertificates\",\"elasticloadbalancing:DescribeListenerAttributes\",\"elasticloadbalancing:DescribeCapacityReservation\",\"ec2:GetSecurityGroupsForVpc\",\"ec2:GetCoipPoolUsage\",\"ec2:DescribeVpcs\",\"ec2:DescribeVpcPeeringConnections\",\"ec2:DescribeTags\",\"ec2:DescribeSubnets\",\"ec2:DescribeSecurityGroups\",\"ec2:DescribeRouteTables\",\"ec2:DescribeNetworkInterfaces\",\"ec2:DescribeIpamPools\",\"ec2:DescribeInternetGateways\",\"ec2:DescribeInstances\",\"ec2:DescribeCoipPools\",\"ec2:DescribeAvailabilityZones\",\"ec2:DescribeAddresses\",\"ec2:DescribeAccountAttributes\"],\"Resource\":\"*\"},{\"Effect\":\"Allow\",\"Action\":[\"wafv2:GetWebACLForResource\",\"wafv2:GetWebACL\",\"wafv2:DisassociateWebACL\",\"wafv2:AssociateWebACL\",\"waf-regional:GetWebACLForResource\",\"waf-regional:GetWebACL\",\"waf-regional:DisassociateWebACL\",\"waf-regional:AssociateWebACL\",\"shield:GetSubscriptionState\",\"shield:DescribeProtection\",\"shield:DeleteProtection\",\"shield:CreateProtection\",\"iam:ListServerCertificates\",\"iam:GetServerCertificate\",\"cognito-idp:DescribeUserPoolClient\",\"acm:ListCertificates\",\"acm:DescribeCertificate\"],\"Resource\":\"*\"},{\"Effect\":\"Allow\",\"Action\":[\"ec2:RevokeSecurityGroupIngress\",\"ec2:AuthorizeSecurityGroupIngress\"],\"Resource\":\"*\"},{\"Effect\":\"Allow\",\"Action\":\"ec2:CreateSecurityGroup\",\"Resource\":\"*\"},{\"Effect\":\"Allow\",\"Action\":\"ec2:CreateTags\",\"Resource\":\"arn:aws:ec2:*:*:security-group/*\",\"Condition\":{\"Null\":{\"aws:RequestTag/elbv2.k8s.aws/cluster\":\"false\"},\"StringEquals\":{\"ec2:CreateAction\":\"CreateSecurityGroup\"}}},{\"Effect\":\"Allow\",\"Action\":[\"ec2:DeleteTags\",\"ec2:CreateTags\"],\"Resource\":\"arn:aws:ec2:*:*:security-group/*\",\"Condition\":{\"Null\":{\"aws:RequestTag/elbv2.k8s.aws/cluster\":\"true\",\"aws:ResourceTag/elbv2.k8s.aws/cluster\":\"false\"}}},{\"Effect\":\"Allow\",\"Action\":[\"ec2:RevokeSecurityGroupIngress\",\"ec2:DeleteSecurityGroup\",\"ec2:AuthorizeSecurityGroupIngress\"],\"Resource\":\"*\",\"Condition\":{\"Null\":{\"aws:ResourceTag/elbv2.k8s.aws/cluster\":\"false\"}}},{\"Effect\":\"Allow\",\"Action\":[\"elasticloadbalancing:CreateTargetGroup\",\"elasticloadbalancing:CreateLoadBalancer\"],\"Resource\":\"*\",\"Condition\":{\"Null\":{\"aws:RequestTag/elbv2.k8s.aws/cluster\":\"false\"}}},{\"Effect\":\"Allow\",\"Action\":[\"elasticloadbalancing:DeleteRule\",\"elasticloadbalancing:DeleteListener\",\"elasticloadbalancing:CreateRule\",\"elasticloadbalancing:CreateListener\"],\"Resource\":\"*\"},{\"Effect\":\"Allow\",\"Action\":[\"elasticloadbalancing:RemoveTags\",\"elasticloadbalancing:AddTags\"],\"Resource\":[\"arn:aws:elasticloadbalancing:*:*:targetgroup/*/*\",\"arn:aws:elasticloadbalancing:*:*:loadbalancer/net/*/*\",\"arn:aws:elasticloadbalancing:*:*:loadbalancer/app/*/*\"],\"Condition\":{\"Null\":{\"aws:RequestTag/elbv2.k8s.aws/cluster\":\"true\",\"aws:ResourceTag/elbv2.k8s.aws/cluster\":\"false\"}}},{\"Effect\":\"Allow\",\"Action\":[\"elasticloadbalancing:RemoveTags\",\"elasticloadbalancing:AddTags\"],\"Resource\":[\"arn:aws:elasticloadbalancing:*:*:listener/net/*/*/*\",\"arn:aws:elasticloadbalancing:*:*:listener/app/*/*/*\",\"arn:aws:elasticloadbalancing:*:*:listener-rule/net/*/*/*\",\"arn:aws:elasticloadbalancing:*:*:listener-rule/app/*/*/*\"]},{\"Effect\":\"Allow\",\"Action\":[\"elasticloadbalancing:SetSubnets\",\"elasticloadbalancing:SetSecurityGroups\",\"elasticloadbalancing:SetIpAddressType\",\"elasticloadbalancing:ModifyTargetGroupAttributes\",\"elasticloadbalancing:ModifyTargetGroup\",\"elasticloadbalancing:ModifyLoadBalancerAttributes\",\"elasticloadbalancing:ModifyListenerAttributes\",\"elasticloadbalancing:ModifyIpPools\",\"elasticloadbalancing:ModifyCapacityReservation\",\"elasticloadbalancing:DeleteTargetGroup\",\"elasticloadbalancing:DeleteLoadBalancer\"],\"Resource\":\"*\",\"Condition\":{\"Null\":{\"aws:ResourceTag/elbv2.k8s.aws/cluster\":\"false\"}}},{\"Effect\":\"Allow\",\"Action\":\"elasticloadbalancing:AddTags\",\"Resource\":[\"arn:aws:elasticloadbalancing:*:*:targetgroup/*/*\",\"arn:aws:elasticloadbalancing:*:*:loadbalancer/net/*/*\",\"arn:aws:elasticloadbalancing:*:*:loadbalancer/app/*/*\"],\"Condition\":{\"Null\":{\"aws:RequestTag/elbv2.k8s.aws/cluster\":\"false\"},\"StringEquals\":{\"elasticloadbalancing:CreateAction\":[\"CreateTargetGroup\",\"CreateLoadBalancer\"]}}},{\"Effect\":\"Allow\",\"Action\":[\"elasticloadbalancing:RegisterTargets\",\"elasticloadbalancing:DeregisterTargets\"],\"Resource\":\"arn:aws:elasticloadbalancing:*:*:targetgroup/*/*\"},{\"Effect\":\"Allow\",\"Action\":[\"elasticloadbalancing:SetWebAcl\",\"elasticloadbalancing:SetRulePriorities\",\"elasticloadbalancing:RemoveListenerCertificates\",\"elasticloadbalancing:ModifyRule\",\"elasticloadbalancing:ModifyListener\",\"elasticloadbalancing:AddListenerCertificates\"],\"Resource\":\"*\"}]}",
            "override_json": null,
            "override_policy_documents": null,
            "policy_id": null,
            "source_json": null,
            "source_policy_documents": null,
            "statement": [
              {
                "actions": [
                  "iam:CreateServiceLinkedRole"
                ],
                "condition": [
                  {
                    "test": "StringEquals",
                    "values": [
                      "elasticloadbalancing.amazonaws.com"
                    ],
                    "variable": "iam:AWSServiceName"
                  }
                ],
                "effect": "Allow",
                "not_actions": [],
                "not_principals": [],
                "not_resources": [],
                "principals": [],
                "resources": [
                  "*"
                ],
                "sid": ""
              },
              {
                "actions": [
                  "ec2:DescribeAccountAttributes",
                  "ec2:DescribeAddresses",
                  "ec2:DescribeAvailabilityZones",
                  "ec2:DescribeCoipPools",
                  "ec2:DescribeInstances",
                  "ec2:DescribeInternetGateways",
                  "ec2:DescribeIpamPools",
                  "ec2:DescribeNetworkInterfaces",
                  "ec2:DescribeRouteTables",
                  "ec2:DescribeSecurityGroups",
                  "ec2:DescribeSubnets",
                  "ec2:DescribeTags",
                  "ec2:DescribeVpcPeeringConnections",
                  "ec2:DescribeVpcs",
                  "ec2:GetCoipPoolUsage",
                  "ec2:GetSecurityGroupsForVpc",
                  "elasticloadbalancing:DescribeCapacityReservation",
                  "elasticloadbalancing:DescribeListenerAttributes",
                  "elasticloadbalancing:DescribeListenerCertificates",
                  "elasticloadbalancing:DescribeListeners",
                  "elasticloadbalancing:DescribeLoadBalancerAttributes",
                  "elasticloadbalancing:DescribeLoadBalancers",
                  "elasticloadbalancing:DescribeRules",
                  "elasticloadbalancing:DescribeSSLPolicies",
                  "elasticloadbalancing:DescribeTags",
                  "elasticloadbalancing:DescribeTargetGroupAttributes",
                  "elasticloadbalancing:DescribeTargetGroups",
                  "elasticloadbalancing:DescribeTargetHealth",
                  "elasticloadbalancing:DescribeTrustStores"
                ],
                "condition": [],
                "effect": "Allow",
                "not_actions": [],
                "not_principals": [],
                "not_resources": [],
                "principals": [],
                "resources": [
                  "*"
                ],
                "sid": ""
              },
              {
                "actions": [
                  "acm:DescribeCertificate",
                  "acm:ListCertificates",
                  "cognito-idp:DescribeUserPoolClient",
                  "iam:GetServerCertificate",
                  "iam:ListServerCertificates",
                  "shield:CreateProtection",
                  "shield:DeleteProtection",
                  "shield:DescribeProtection",
                  "shield:GetSubscriptionState",
                  "waf-regional:AssociateWebACL",
                  "waf-regional:DisassociateWebACL",
                  "waf-regional:GetWebACL",
                  "waf-regional:GetWebACLForResource",
                  "wafv2:AssociateWebACL",
                  "wafv2:DisassociateWebACL",
                  "wafv2:GetWebACL",
                  "wafv2:GetWebACLForResource"
                ],
                "condition": [],
                "effect": "Allow",
                "not_actions": [],
                "not_principals": [],
                "not_resources": [],
                "principals": [],
                "resources": [
                  "*"
                ],
                "sid": ""
              },
              {
                "actions": [
                  "ec2:AuthorizeSecurityGroupIngress",
                  "ec2:RevokeSecurityGroupIngress"
                ],
                "condition": [],
                "effect": "Allow",
                "not_actions": [],
                "not_principals": [],
                "not_resources": [],
                "principals": [],
                "resources": [
                  "*"
                ],
                "sid": ""
              },
              {
                "actions": [
                  "ec2:CreateSecurityGroup"
                ],
                "condition": [],
                "effect": "Allow",
                "not_actions": [],
                "not_principals": [],
                "not_resources": [],
                "principals": [],
                "resources": [
                  "*"
                ],
                "sid": ""
              },
              {
                "actions": [
                  "ec2:CreateTags"
                ],
                "condition": [
                  {
                    "test": "Null",
                    "values": [
                      "false"
                    ],
                    "variable": "aws:RequestTag/elbv2.k8s.aws/cluster"
                  },
                  {
                    "test": "StringEquals",
                    "values": [
                      "CreateSecurityGroup"
                    ],
                    "variable": "ec2:CreateAction"
                  }
                ],
                "effect": "Allow",
                "not_actions": [],
                "not_principals": [],
                "not_resources": [],
                "principals": [],
                "resources": [
                  "arn:aws:ec2:*:*:security-group/*"
                ],
                "sid": ""
              },
              {
                "actions": [
                  "ec2:CreateTags",
                  "ec2:DeleteTags"
                ],
                "condition": [
                  {
                    "test": "Null",
                    "values": [
                      "false"
                    ],
                    "variable": "aws:ResourceTag/elbv2.k8s.aws/cluster"
                  },
                  {
                    "test": "Null",
                    "values": [
                      "true"
                    ],
                    "variable": "aws:RequestTag/elbv2.k8s.aws/cluster"
                  }
                ],
                "effect": "Allow",
                "not_actions": [],
                "not_principals": [],
                "not_resources": [],
                "principals": [],
                "resources": [
                  "arn:aws:ec2:*:*:security-group/*"
                ],
                "sid": ""
              },
              {
                "actions": [
                  "ec2:AuthorizeSecurityGroupIngress",
                  "ec2:DeleteSecurityGroup",
                  "ec2:RevokeSecurityGroupIngress"
                ],
                "condition": [
                  {
                    "test": "Null",
                    "values": [
                      "false"
                    ],
                    "variable": "aws:ResourceTag/elbv2.k8s.aws/cluster"
                  }
                ],
                "effect": "Allow",
                "not_actions": [],
                "not_principals": [],
                "not_resources": [],
                "principals": [],
                "resources": [
                  "*"
                ],
                "sid": ""
              },
              {
                "actions": [
                  "elasticloadbalancing:CreateLoadBalancer",
                  "elasticloadbalancing:CreateTargetGroup"
                ],
                "condition": [
                  {
                    "test": "Null",
                    "values": [
                      "false"
                    ],
                    "variable": "aws:RequestTag/elbv2.k8s.aws/cluster"
                  }
                ],
                "effect": "Allow",
                "not_actions": [],
                "not_principals": [],
                "not_resources": [],
                "principals": [],
                "resources": [
                  "*"
                ],
                "sid": ""
              },
              {
                "actions": [
                  "elasticloadbalancing:CreateListener",
                  "elasticloadbalancing:CreateRule",
                  "elasticloadbalancing:DeleteListener",
                  "elasticloadbalancing:DeleteRule"
                ],
                "condition": [],
                "effect": "Allow",
                "not_actions": [],
                "not_principals": [],
                "not_resources": [],
                "principals": [],
                "resources": [
                  "*"
                ],
                "sid": ""
              },
              {
                "actions": [
                  "elasticloadbalancing:AddTags",
                  "elasticloadbalancing:RemoveTags"
                ],
                "condition": [
                  {
                    "test": "Null",
                    "values": [
                      "false"
                    ],
                    "variable": "aws:ResourceTag/elbv2.k8s.aws/cluster"
                  },
                  {
                    "test": "Null",
                    "values": [
                      "true"
                    ],
                    "variable": "aws:RequestTag/elbv2.k8s.aws/cluster"
                  }
                ],
                "effect": "Allow",
                "not_actions": [],
                "not_principals": [],
                "not_resources": [],
                "principals": [],
                "resources": [
                  "arn:aws:elasticloadbalancing:*:*:loadbalancer/app/*/*",
                  "arn:aws:elasticloadbalancing:*:*:loadbalancer/net/*/*",
                  "arn:aws:elasticloadbalancing:*:*:targetgroup/*/*"
                ],
                "sid": ""
              },
              {
                "actions": [
                  "elasticloadbalancing:AddTags",
                  "elasticloadbalancing:RemoveTags"
                ],
                "condition": [],
                "effect": "Allow",
                "not_actions": [],
                "not_principals": [],
                "not_resources": [],
                "principals": [],
                "resources": [
                  "arn:aws:elasticloadbalancing:*:*:listener-rule/app/*/*/*",
                  "arn:aws:elasticloadbalancing:*:*:listener-rule/net/*/*/*",
                  "arn:aws:elasticloadbalancing:*:*:listener/app/*/*/*",
                  "arn:aws:elasticloadbalancing:*:*:listener/net/*/*/*"
                ],
                "sid": ""
              },
              {
                "actions": [
                  "elasticloadbalancing:DeleteLoadBalancer",
                  "elasticloadbalancing:DeleteTargetGroup",
                  "elasticloadbalancing:ModifyCapacityReservation",
                  "elasticloadbalancing:ModifyIpPools",
                  "elasticloadbalancing:ModifyListenerAttributes",
                  "elasticloadbalancing:ModifyLoadBalancerAttributes",
                  "elasticloadbalancing:ModifyTargetGroup",
                  "elasticloadbalancing:ModifyTargetGroupAttributes",
                  "elasticloadbalancing:SetIpAddressType",
                  "elasticloadbalancing:SetSecurityGroups",
                  "elasticloadbalancing:SetSubnets"
                ],
                "condition": [
                  {
                    "test": "Null",
                    "values": [
                      "false"
                    ],
                    "variable": "aws:ResourceTag/elbv2.k8s.aws/cluster"
                  }
                ],
                "effect": "Allow",
                "not_actions": [],
                "not_principals": [],
                "not_resources": [],
                "principals": [],
                "resources": [
                  "*"
                ],
                "sid": ""
              },
              {
                "actions": [
                  "elasticloadbalancing:AddTags"
                ],
                "condition": [
                  {
                    "test": "Null",
                    "values": [
                      "false"
                    ],
                    "variable": "aws:RequestTag/elbv2.k8s.aws/cluster"
                  },
                  {
                    "test": "StringEquals",
                    "values": [
                      "CreateTargetGroup",
                      "CreateLoadBalancer"
                    ],
                    "variable": "elasticloadbalancing:CreateAction"
                  }
                ],
                "effect": "Allow",
                "not_actions": [],
                "not_principals": [],
                "not_resources": [],
                "principals": [],
                "resources": [
                  "arn:aws:elasticloadbalancing:*:*:loadbalancer/app/*/*",
                  "arn:aws:elasticloadbalancing:*:*:loadbalancer/net/*/*",
                  "arn:aws:elasticloadbalancing:*:*:targetgroup/*/*"
                ],
                "sid": ""
              },
              {
                "actions": [
                  "elasticloadbalancing:DeregisterTargets",
                  "elasticloadbalancing:RegisterTargets"
                ],
                "condition": [],
                "effect": "Allow",
                "not_actions": [],
                "not_principals": [],
                "not_resources": [],
                "principals": [],
                "resources": [
                  "arn:aws:elasticloadbalancing:*:*:targetgroup/*/*"
                ],
                "sid": ""
              },
              {
                "actions": [
                  "elasticloadbalancing:AddListenerCertificates",
                  "elasticloadbalancing:ModifyListener",
                  "elasticloadbalancing:ModifyRule",
                  "elasticloadbalancing:RemoveListenerCertificates",
                  "elasticloadbalancing:SetRulePriorities",
                  "elasticloadbalancing:SetWebAcl"
                ],
                "condition": [],
                "effect": "Allow",
                "not_actions": [],
                "not_principals": [],
                "not_resources": [],
                "principals": [],
                "resources": [
                  "*"
                ],
                "sid": ""
              }
            ],
            "version": "2012-10-17"
          },
          "sensitive_attributes": []
        }
      ]
    },
    {
      "module": "module.lb_controller_irsa",
      "mode": "data",
      "type": "aws_iam_policy_document",
      "name": "load_balancer_controller_targetgroup_only",
      "provider": "provider[\"registry.terraform.io/hashicorp/aws\"]",
      "instances": []
    },
    {
      "module": "module.lb_controller_irsa",
      "mode": "data",
      "type": "aws_iam_policy_document",
      "name": "mountpoint_s3_csi",
      "provider": "provider[\"registry.terraform.io/hashicorp/aws\"]",
      "instances": []
    },
    {
      "module": "module.lb_controller_irsa",
      "mode": "data",
      "type": "aws_iam_policy_document",
      "name": "node_termination_handler",
      "provider": "provider[\"registry.terraform.io/hashicorp/aws\"]",
      "instances": []
    },
    {
      "module": "module.lb_controller_irsa",
      "mode": "data",
      "type": "aws_iam_policy_document",
      "name": "this",
      "provider": "provider[\"registry.terraform.io/hashicorp/aws\"]",
      "instances": [
        {
          "index_key": 0,
          "schema_version": 0,
          "attributes": {
            "id": "1290851146",
            "json": "{\n  \"Version\": \"2012-10-17\",\n  \"Statement\": [\n    {\n      \"Effect\": \"Allow\",\n      \"Action\": \"sts:AssumeRoleWithWebIdentity\",\n      \"Principal\": {\n        \"Federated\": \"arn:aws:iam::027423573553:oidc-provider/oidc.eks.us-west-2.amazonaws.com/id/91D986DCB52447A7F312838B02FCD62D\"\n      },\n      \"Condition\": {\n        \"StringEquals\": {\n          \"oidc.eks.us-west-2.amazonaws.com/id/91D986DCB52447A7F312838B02FCD62D:aud\": \"sts.amazonaws.com\",\n          \"oidc.eks.us-west-2.amazonaws.com/id/91D986DCB52447A7F312838B02FCD62D:sub\": \"system:serviceaccount:kube-system:aws-load-balancer-controller\"\n        }\n      }\n    }\n  ]\n}",
            "minified_json": "{\"Version\":\"2012-10-17\",\"Statement\":[{\"Effect\":\"Allow\",\"Action\":\"sts:AssumeRoleWithWebIdentity\",\"Principal\":{\"Federated\":\"arn:aws:iam::027423573553:oidc-provider/oidc.eks.us-west-2.amazonaws.com/id/91D986DCB52447A7F312838B02FCD62D\"},\"Condition\":{\"StringEquals\":{\"oidc.eks.us-west-2.amazonaws.com/id/91D986DCB52447A7F312838B02FCD62D:aud\":\"sts.amazonaws.com\",\"oidc.eks.us-west-2.amazonaws.com/id/91D986DCB52447A7F312838B02FCD62D:sub\":\"system:serviceaccount:kube-system:aws-load-balancer-controller\"}}}]}",
            "override_json": null,
            "override_policy_documents": null,
            "policy_id": null,
            "source_json": null,
            "source_policy_documents": null,
            "statement": [
              {
                "actions": [
                  "sts:AssumeRoleWithWebIdentity"
                ],
                "condition": [
                  {
                    "test": "StringEquals",
                    "values": [
                      "sts.amazonaws.com"
                    ],
                    "variable": "oidc.eks.us-west-2.amazonaws.com/id/91D986DCB52447A7F312838B02FCD62D:aud"
                  },
                  {
                    "test": "StringEquals",
                    "values": [
                      "system:serviceaccount:kube-system:aws-load-balancer-controller"
                    ],
                    "variable": "oidc.eks.us-west-2.amazonaws.com/id/91D986DCB52447A7F312838B02FCD62D:sub"
                  }
                ],
                "effect": "Allow",
                "not_actions": [],
                "not_principals": [],
                "not_resources": [],
                "principals": [
                  {
                    "identifiers": [
                      "arn:aws:iam::027423573553:oidc-provider/oidc.eks.us-west-2.amazonaws.com/id/91D986DCB52447A7F312838B02FCD62D"
                    ],
                    "type": "Federated"
                  }
                ],
                "resources": [],
                "sid": ""
              }
            ],
            "version": "2012-10-17"
          },
          "sensitive_attributes": []
        }
      ]
    },
    {
      "module": "module.lb_controller_irsa",
      "mode": "data",
      "type": "aws_iam_policy_document",
      "name": "velero",
      "provider": "provider[\"registry.terraform.io/hashicorp/aws\"]",
      "instances": []
    },
    {
      "module": "module.lb_controller_irsa",
      "mode": "data",
      "type": "aws_iam_policy_document",
      "name": "vpc_cni",
      "provider": "provider[\"registry.terraform.io/hashicorp/aws\"]",
      "instances": []
    },
    {
      "module": "module.lb_controller_irsa",
      "mode": "data",
      "type": "aws_partition",
      "name": "current",
      "provider": "provider[\"registry.terraform.io/hashicorp/aws\"]",
      "instances": [
        {
          "schema_version": 0,
          "attributes": {
            "dns_suffix": "amazonaws.com",
            "id": "aws",
            "partition": "aws",
            "reverse_dns_prefix": "com.amazonaws"
          },
          "sensitive_attributes": []
        }
      ]
    },
    {
      "module": "module.lb_controller_irsa",
      "mode": "data",
      "type": "aws_region",
      "name": "current",
      "provider": "provider[\"registry.terraform.io/hashicorp/aws\"]",
      "instances": [
        {
          "schema_version": 0,
          "attributes": {
            "description": "US West (Oregon)",
            "endpoint": "ec2.us-west-2.amazonaws.com",
            "id": "us-west-2",
            "name": "us-west-2"
          },
          "sensitive_attributes": []
        }
      ]
    },
    {
      "module": "module.lb_controller_irsa",
      "mode": "managed",
      "type": "aws_iam_policy",
      "name": "amazon_managed_service_prometheus",
      "provider": "provider[\"registry.terraform.io/hashicorp/aws\"]",
      "instances": []
    },
    {
      "module": "module.lb_controller_irsa",
      "mode": "managed",
      "type": "aws_iam_policy",
      "name": "appmesh_controller",
      "provider": "provider[\"registry.terraform.io/hashicorp/aws\"]",
      "instances": []
    },
    {
      "module": "module.lb_controller_irsa",
      "mode": "managed",
      "type": "aws_iam_policy",
      "name": "appmesh_envoy_proxy",
      "provider": "provider[\"registry.terraform.io/hashicorp/aws\"]",
      "instances": []
    },
    {
      "module": "module.lb_controller_irsa",
      "mode": "managed",
      "type": "aws_iam_policy",
      "name": "aws_gateway_controller",
      "provider": "provider[\"registry.terraform.io/hashicorp/aws\"]",
      "instances": []
    },
    {
      "module": "module.lb_controller_irsa",
      "mode": "managed",
      "type": "aws_iam_policy",
      "name": "cert_manager",
      "provider": "provider[\"registry.terraform.io/hashicorp/aws\"]",
      "instances": []
    },
    {
      "module": "module.lb_controller_irsa",
      "mode": "managed",
      "type": "aws_iam_policy",
      "name": "cluster_autoscaler",
      "provider": "provider[\"registry.terraform.io/hashicorp/aws\"]",
      "instances": []
    },
    {
      "module": "module.lb_controller_irsa",
      "mode": "managed",
      "type": "aws_iam_policy",
      "name": "ebs_csi",
      "provider": "provider[\"registry.terraform.io/hashicorp/aws\"]",
      "instances": []
    },
    {
      "module": "module.lb_controller_irsa",
      "mode": "managed",
      "type": "aws_iam_policy",
      "name": "efs_csi",
      "provider": "provider[\"registry.terraform.io/hashicorp/aws\"]",
      "instances": []
    },
    {
      "module": "module.lb_controller_irsa",
      "mode": "managed",
      "type": "aws_iam_policy",
      "name": "external_dns",
      "provider": "provider[\"registry.terraform.io/hashicorp/aws\"]",
      "instances": []
    },
    {
      "module": "module.lb_controller_irsa",
      "mode": "managed",
      "type": "aws_iam_policy",
      "name": "external_secrets",
      "provider": "provider[\"registry.terraform.io/hashicorp/aws\"]",
      "instances": []
    },
    {
      "module": "module.lb_controller_irsa",
      "mode": "managed",
      "type": "aws_iam_policy",
      "name": "fsx_lustre_csi",
      "provider": "provider[\"registry.terraform.io/hashicorp/aws\"]",
      "instances": []
    },
    {
      "module": "module.lb_controller_irsa",
      "mode": "managed",
      "type": "aws_iam_policy",
      "name": "fsx_openzfs_csi",
      "provider": "provider[\"registry.terraform.io/hashicorp/aws\"]",
      "instances": []
    },
    {
      "module": "module.lb_controller_irsa",
      "mode": "managed",
      "type": "aws_iam_policy",
      "name": "karpenter_controller",
      "provider": "provider[\"registry.terraform.io/hashicorp/aws\"]",
      "instances": []
    },
    {
      "module": "module.lb_controller_irsa",
      "mode": "managed",
      "type": "aws_iam_policy",
      "name": "load_balancer_controller",
      "provider": "provider[\"registry.terraform.io/hashicorp/aws\"]",
      "instances": [
        {
          "index_key": 0,
          "schema_version": 0,
          "attributes": {
            "arn": "arn:aws:iam::027423573553:policy/AmazonEKS_AWS_Load_Balancer_Controller-20260318201827555800000006",
            "attachment_count": 1,
            "description": "Provides permissions for AWS Load Balancer Controller addon",
            "id": "arn:aws:iam::027423573553:policy/AmazonEKS_AWS_Load_Balancer_Controller-20260318201827555800000006",
            "name": "AmazonEKS_AWS_Load_Balancer_Controller-20260318201827555800000006",
            "name_prefix": "AmazonEKS_AWS_Load_Balancer_Controller-",
            "path": "/",
            "policy": "{\"Statement\":[{\"Action\":\"iam:CreateServiceLinkedRole\",\"Condition\":{\"StringEquals\":{\"iam:AWSServiceName\":\"elasticloadbalancing.amazonaws.com\"}},\"Effect\":\"Allow\",\"Resource\":\"*\"},{\"Action\":[\"elasticloadbalancing:DescribeTrustStores\",\"elasticloadbalancing:DescribeTargetHealth\",\"elasticloadbalancing:DescribeTargetGroups\",\"elasticloadbalancing:DescribeTargetGroupAttributes\",\"elasticloadbalancing:DescribeTags\",\"elasticloadbalancing:DescribeSSLPolicies\",\"elasticloadbalancing:DescribeRules\",\"elasticloadbalancing:DescribeLoadBalancers\",\"elasticloadbalancing:DescribeLoadBalancerAttributes\",\"elasticloadbalancing:DescribeListeners\",\"elasticloadbalancing:DescribeListenerCertificates\",\"elasticloadbalancing:DescribeListenerAttributes\",\"elasticloadbalancing:DescribeCapacityReservation\",\"ec2:GetSecurityGroupsForVpc\",\"ec2:GetCoipPoolUsage\",\"ec2:DescribeVpcs\",\"ec2:DescribeVpcPeeringConnections\",\"ec2:DescribeTags\",\"ec2:DescribeSubnets\",\"ec2:DescribeSecurityGroups\",\"ec2:DescribeRouteTables\",\"ec2:DescribeNetworkInterfaces\",\"ec2:DescribeIpamPools\",\"ec2:DescribeInternetGateways\",\"ec2:DescribeInstances\",\"ec2:DescribeCoipPools\",\"ec2:DescribeAvailabilityZones\",\"ec2:DescribeAddresses\",\"ec2:DescribeAccountAttributes\"],\"Effect\":\"Allow\",\"Resource\":\"*\"},{\"Action\":[\"wafv2:GetWebACLForResource\",\"wafv2:GetWebACL\",\"wafv2:DisassociateWebACL\",\"wafv2:AssociateWebACL\",\"waf-regional:GetWebACLForResource\",\"waf-regional:GetWebACL\",\"waf-regional:DisassociateWebACL\",\"waf-regional:AssociateWebACL\",\"shield:GetSubscriptionState\",\"shield:DescribeProtection\",\"shield:DeleteProtection\",\"shield:CreateProtection\",\"iam:ListServerCertificates\",\"iam:GetServerCertificate\",\"cognito-idp:DescribeUserPoolClient\",\"acm:ListCertificates\",\"acm:DescribeCertificate\"],\"Effect\":\"Allow\",\"Resource\":\"*\"},{\"Action\":[\"ec2:RevokeSecurityGroupIngress\",\"ec2:AuthorizeSecurityGroupIngress\"],\"Effect\":\"Allow\",\"Resource\":\"*\"},{\"Action\":\"ec2:CreateSecurityGroup\",\"Effect\":\"Allow\",\"Resource\":\"*\"},{\"Action\":\"ec2:CreateTags\",\"Condition\":{\"Null\":{\"aws:RequestTag/elbv2.k8s.aws/cluster\":\"false\"},\"StringEquals\":{\"ec2:CreateAction\":\"CreateSecurityGroup\"}},\"Effect\":\"Allow\",\"Resource\":\"arn:aws:ec2:*:*:security-group/*\"},{\"Action\":[\"ec2:DeleteTags\",\"ec2:CreateTags\"],\"Condition\":{\"Null\":{\"aws:RequestTag/elbv2.k8s.aws/cluster\":\"true\",\"aws:ResourceTag/elbv2.k8s.aws/cluster\":\"false\"}},\"Effect\":\"Allow\",\"Resource\":\"arn:aws:ec2:*:*:security-group/*\"},{\"Action\":[\"ec2:RevokeSecurityGroupIngress\",\"ec2:DeleteSecurityGroup\",\"ec2:AuthorizeSecurityGroupIngress\"],\"Condition\":{\"Null\":{\"aws:ResourceTag/elbv2.k8s.aws/cluster\":\"false\"}},\"Effect\":\"Allow\",\"Resource\":\"*\"},{\"Action\":[\"elasticloadbalancing:CreateTargetGroup\",\"elasticloadbalancing:CreateLoadBalancer\"],\"Condition\":{\"Null\":{\"aws:RequestTag/elbv2.k8s.aws/cluster\":\"false\"}},\"Effect\":\"Allow\",\"Resource\":\"*\"},{\"Action\":[\"elasticloadbalancing:DeleteRule\",\"elasticloadbalancing:DeleteListener\",\"elasticloadbalancing:CreateRule\",\"elasticloadbalancing:CreateListener\"],\"Effect\":\"Allow\",\"Resource\":\"*\"},{\"Action\":[\"elasticloadbalancing:RemoveTags\",\"elasticloadbalancing:AddTags\"],\"Condition\":{\"Null\":{\"aws:RequestTag/elbv2.k8s.aws/cluster\":\"true\",\"aws:ResourceTag/elbv2.k8s.aws/cluster\":\"false\"}},\"Effect\":\"Allow\",\"Resource\":[\"arn:aws:elasticloadbalancing:*:*:targetgroup/*/*\",\"arn:aws:elasticloadbalancing:*:*:loadbalancer/net/*/*\",\"arn:aws:elasticloadbalancing:*:*:loadbalancer/app/*/*\"]},{\"Action\":[\"elasticloadbalancing:RemoveTags\",\"elasticloadbalancing:AddTags\"],\"Effect\":\"Allow\",\"Resource\":[\"arn:aws:elasticloadbalancing:*:*:listener/net/*/*/*\",\"arn:aws:elasticloadbalancing:*:*:listener/app/*/*/*\",\"arn:aws:elasticloadbalancing:*:*:listener-rule/net/*/*/*\",\"arn:aws:elasticloadbalancing:*:*:listener-rule/app/*/*/*\"]},{\"Action\":[\"elasticloadbalancing:SetSubnets\",\"elasticloadbalancing:SetSecurityGroups\",\"elasticloadbalancing:SetIpAddressType\",\"elasticloadbalancing:ModifyTargetGroupAttributes\",\"elasticloadbalancing:ModifyTargetGroup\",\"elasticloadbalancing:ModifyLoadBalancerAttributes\",\"elasticloadbalancing:ModifyListenerAttributes\",\"elasticloadbalancing:ModifyIpPools\",\"elasticloadbalancing:ModifyCapacityReservation\",\"elasticloadbalancing:DeleteTargetGroup\",\"elasticloadbalancing:DeleteLoadBalancer\"],\"Condition\":{\"Null\":{\"aws:ResourceTag/elbv2.k8s.aws/cluster\":\"false\"}},\"Effect\":\"Allow\",\"Resource\":\"*\"},{\"Action\":\"elasticloadbalancing:AddTags\",\"Condition\":{\"Null\":{\"aws:RequestTag/elbv2.k8s.aws/cluster\":\"false\"},\"StringEquals\":{\"elasticloadbalancing:CreateAction\":[\"CreateTargetGroup\",\"CreateLoadBalancer\"]}},\"Effect\":\"Allow\",\"Resource\":[\"arn:aws:elasticloadbalancing:*:*:targetgroup/*/*\",\"arn:aws:elasticloadbalancing:*:*:loadbalancer/net/*/*\",\"arn:aws:elasticloadbalancing:*:*:loadbalancer/app/*/*\"]},{\"Action\":[\"elasticloadbalancing:RegisterTargets\",\"elasticloadbalancing:DeregisterTargets\"],\"Effect\":\"Allow\",\"Resource\":\"arn:aws:elasticloadbalancing:*:*:targetgroup/*/*\"},{\"Action\":[\"elasticloadbalancing:SetWebAcl\",\"elasticloadbalancing:SetRulePriorities\",\"elasticloadbalancing:RemoveListenerCertificates\",\"elasticloadbalancing:ModifyRule\",\"elasticloadbalancing:ModifyListener\",\"elasticloadbalancing:AddListenerCertificates\"],\"Effect\":\"Allow\",\"Resource\":\"*\"}],\"Version\":\"2012-10-17\"}",
            "policy_id": "ANPAQMYUSQYYYIABW6PHV",
            "tags": {},
            "tags_all": {
              "ManagedBy": "terraform",
              "Project": "observability-stack"
            }
          },
          "sensitive_attributes": [],
          "private": "bnVsbA==",
          "dependencies": [
            "module.lb_controller_irsa.data.aws_iam_policy_document.load_balancer_controller",
            "module.lb_controller_irsa.data.aws_partition.current"
          ]
        }
      ]
    },
    {
      "module": "module.lb_controller_irsa",
      "mode": "managed",
      "type": "aws_iam_policy",
      "name": "load_balancer_controller_targetgroup_only",
      "provider": "provider[\"registry.terraform.io/hashicorp/aws\"]",
      "instances": []
    },
    {
      "module": "module.lb_controller_irsa",
      "mode": "managed",
      "type": "aws_iam_policy",
      "name": "mountpoint_s3_csi",
      "provider": "provider[\"registry.terraform.io/hashicorp/aws\"]",
      "instances": []
    },
    {
      "module": "module.lb_controller_irsa",
      "mode": "managed",
      "type": "aws_iam_policy",
      "name": "node_termination_handler",
      "provider": "provider[\"registry.terraform.io/hashicorp/aws\"]",
      "instances": []
    },
    {
      "module": "module.lb_controller_irsa",
      "mode": "managed",
      "type": "aws_iam_policy",
      "name": "velero",
      "provider": "provider[\"registry.terraform.io/hashicorp/aws\"]",
      "instances": []
    },
    {
      "module": "module.lb_controller_irsa",
      "mode": "managed",
      "type": "aws_iam_policy",
      "name": "vpc_cni",
      "provider": "provider[\"registry.terraform.io/hashicorp/aws\"]",
      "instances": []
    },
    {
      "module": "module.lb_controller_irsa",
      "mode": "managed",
      "type": "aws_iam_role",
      "name": "this",
      "provider": "provider[\"registry.terraform.io/hashicorp/aws\"]",
      "instances": [
        {
          "index_key": 0,
          "schema_version": 0,
          "attributes": {
            "arn": "arn:aws:iam::027423573553:role/observability-stack-lb-controller",
            "assume_role_policy": "{\"Statement\":[{\"Action\":\"sts:AssumeRoleWithWebIdentity\",\"Condition\":{\"StringEquals\":{\"oidc.eks.us-west-2.amazonaws.com/id/91D986DCB52447A7F312838B02FCD62D:aud\":\"sts.amazonaws.com\",\"oidc.eks.us-west-2.amazonaws.com/id/91D986DCB52447A7F312838B02FCD62D:sub\":\"system:serviceaccount:kube-system:aws-load-balancer-controller\"}},\"Effect\":\"Allow\",\"Principal\":{\"Federated\":\"arn:aws:iam::027423573553:oidc-provider/oidc.eks.us-west-2.amazonaws.com/id/91D986DCB52447A7F312838B02FCD62D\"}}],\"Version\":\"2012-10-17\"}",
            "create_date": "2026-03-18T20:28:14Z",
            "description": "",
            "force_detach_policies": true,
            "id": "observability-stack-lb-controller",
            "inline_policy": [],
            "managed_policy_arns": [
              "arn:aws:iam::027423573553:policy/AmazonEKS_AWS_Load_Balancer_Controller-20260318201827555800000006"
            ],
            "max_session_duration": 3600,
            "name": "observability-stack-lb-controller",
            "name_prefix": "",
            "path": "/",
            "permissions_boundary": "",
            "tags": {},
            "tags_all": {
              "ManagedBy": "terraform",
              "Project": "observability-stack"
            },
            "unique_id": "AROAQMYUSQYYXI2MJFYL2"
          },
          "sensitive_attributes": [],
          "private": "bnVsbA==",
          "dependencies": [
            "data.aws_availability_zones.available",
            "module.eks.aws_cloudwatch_log_group.this",
            "module.eks.aws_eks_cluster.this",
            "module.eks.aws_iam_openid_connect_provider.oidc_provider",
            "module.eks.aws_iam_policy.cni_ipv6_policy",
            "module.eks.aws_iam_role.eks_auto",
            "module.eks.aws_iam_role.this",
            "module.eks.aws_iam_role_policy_attachment.this",
            "module.eks.aws_security_group.cluster",
            "module.eks.aws_security_group.node",
            "module.eks.aws_security_group_rule.cluster",
            "module.eks.aws_security_group_rule.node",
            "module.eks.data.aws_caller_identity.current",
            "module.eks.data.aws_iam_policy_document.assume_role_policy",
            "module.eks.data.aws_iam_policy_document.cni_ipv6_policy",
            "module.eks.data.aws_iam_policy_document.node_assume_role_policy",
            "module.eks.data.aws_iam_session_context.current",
            "module.eks.data.aws_partition.current",
            "module.eks.data.tls_certificate.this",
            "module.eks.module.kms.aws_kms_external_key.this",
            "module.eks.module.kms.aws_kms_key.this",
            "module.eks.module.kms.aws_kms_replica_external_key.this",
            "module.eks.module.kms.aws_kms_replica_key.this",
            "module.eks.module.kms.data.aws_caller_identity.current",
            "module.eks.module.kms.data.aws_iam_policy_document.this",
            "module.eks.module.kms.data.aws_partition.current",
            "module.lb_controller_irsa.data.aws_caller_identity.current",
            "module.lb_controller_irsa.data.aws_iam_policy_document.this",
            "module.lb_controller_irsa.data.aws_partition.current",
            "module.vpc.aws_subnet.private",
            "module.vpc.aws_vpc.this",
            "module.vpc.aws_vpc_ipv4_cidr_block_association.this"
          ]
        }
      ]
    },
    {
      "module": "module.lb_controller_irsa",
      "mode": "managed",
      "type": "aws_iam_role_policy_attachment",
      "name": "amazon_cloudwatch_observability",
      "provider": "provider[\"registry.terraform.io/hashicorp/aws\"]",
      "instances": []
    },
    {
      "module": "module.lb_controller_irsa",
      "mode": "managed",
      "type": "aws_iam_role_policy_attachment",
      "name": "amazon_managed_service_prometheus",
      "provider": "provider[\"registry.terraform.io/hashicorp/aws\"]",
      "instances": []
    },
    {
      "module": "module.lb_controller_irsa",
      "mode": "managed",
      "type": "aws_iam_role_policy_attachment",
      "name": "appmesh_controller",
      "provider": "provider[\"registry.terraform.io/hashicorp/aws\"]",
      "instances": []
    },
    {
      "module": "module.lb_controller_irsa",
      "mode": "managed",
      "type": "aws_iam_role_policy_attachment",
      "name": "appmesh_envoy_proxy",
      "provider": "provider[\"registry.terraform.io/hashicorp/aws\"]",
      "instances": []
    },
    {
      "module": "module.lb_controller_irsa",
      "mode": "managed",
      "type": "aws_iam_role_policy_attachment",
      "name": "aws_gateway_controller",
      "provider": "provider[\"registry.terraform.io/hashicorp/aws\"]",
      "instances": []
    },
    {
      "module": "module.lb_controller_irsa",
      "mode": "managed",
      "type": "aws_iam_role_policy_attachment",
      "name": "cert_manager",
      "provider": "provider[\"registry.terraform.io/hashicorp/aws\"]",
      "instances": []
    },
    {
      "module": "module.lb_controller_irsa",
      "mode": "managed",
      "type": "aws_iam_role_policy_attachment",
      "name": "cluster_autoscaler",
      "provider": "provider[\"registry.terraform.io/hashicorp/aws\"]",
      "instances": []
    },
    {
      "module": "module.lb_controller_irsa",
      "mode": "managed",
      "type": "aws_iam_role_policy_attachment",
      "name": "ebs_csi",
      "provider": "provider[\"registry.terraform.io/hashicorp/aws\"]",
      "instances": []
    },
    {
      "module": "module.lb_controller_irsa",
      "mode": "managed",
      "type": "aws_iam_role_policy_attachment",
      "name": "efs_csi",
      "provider": "provider[\"registry.terraform.io/hashicorp/aws\"]",
      "instances": []
    },
    {
      "module": "module.lb_controller_irsa",
      "mode": "managed",
      "type": "aws_iam_role_policy_attachment",
      "name": "external_dns",
      "provider": "provider[\"registry.terraform.io/hashicorp/aws\"]",
      "instances": []
    },
    {
      "module": "module.lb_controller_irsa",
      "mode": "managed",
      "type": "aws_iam_role_policy_attachment",
      "name": "external_secrets",
      "provider": "provider[\"registry.terraform.io/hashicorp/aws\"]",
      "instances": []
    },
    {
      "module": "module.lb_controller_irsa",
      "mode": "managed",
      "type": "aws_iam_role_policy_attachment",
      "name": "fsx_lustre_csi",
      "provider": "provider[\"registry.terraform.io/hashicorp/aws\"]",
      "instances": []
    },
    {
      "module": "module.lb_controller_irsa",
      "mode": "managed",
      "type": "aws_iam_role_policy_attachment",
      "name": "fsx_openzfs_csi",
      "provider": "provider[\"registry.terraform.io/hashicorp/aws\"]",
      "instances": []
    },
    {
      "module": "module.lb_controller_irsa",
      "mode": "managed",
      "type": "aws_iam_role_policy_attachment",
      "name": "karpenter_controller",
      "provider": "provider[\"registry.terraform.io/hashicorp/aws\"]",
      "instances": []
    },
    {
      "module": "module.lb_controller_irsa",
      "mode": "managed",
      "type": "aws_iam_role_policy_attachment",
      "name": "load_balancer_controller",
      "provider": "provider[\"registry.terraform.io/hashicorp/aws\"]",
      "instances": [
        {
          "index_key": 0,
          "schema_version": 0,
          "attributes": {
            "id": "observability-stack-lb-controller-20260318202815389000000016",
            "policy_arn": "arn:aws:iam::027423573553:policy/AmazonEKS_AWS_Load_Balancer_Controller-20260318201827555800000006",
            "role": "observability-stack-lb-controller"
          },
          "sensitive_attributes": [],
          "private": "bnVsbA==",
          "dependencies": [
            "data.aws_availability_zones.available",
            "module.eks.aws_cloudwatch_log_group.this",
            "module.eks.aws_eks_cluster.this",
            "module.eks.aws_iam_openid_connect_provider.oidc_provider",
            "module.eks.aws_iam_policy.cni_ipv6_policy",
            "module.eks.aws_iam_role.eks_auto",
            "module.eks.aws_iam_role.this",
            "module.eks.aws_iam_role_policy_attachment.this",
            "module.eks.aws_security_group.cluster",
            "module.eks.aws_security_group.node",
            "module.eks.aws_security_group_rule.cluster",
            "module.eks.aws_security_group_rule.node",
            "module.eks.data.aws_caller_identity.current",
            "module.eks.data.aws_iam_policy_document.assume_role_policy",
            "module.eks.data.aws_iam_policy_document.cni_ipv6_policy",
            "module.eks.data.aws_iam_policy_document.node_assume_role_policy",
            "module.eks.data.aws_iam_session_context.current",
            "module.eks.data.aws_partition.current",
            "module.eks.data.tls_certificate.this",
            "module.eks.module.kms.aws_kms_external_key.this",
            "module.eks.module.kms.aws_kms_key.this",
            "module.eks.module.kms.aws_kms_replica_external_key.this",
            "module.eks.module.kms.aws_kms_replica_key.this",
            "module.eks.module.kms.data.aws_caller_identity.current",
            "module.eks.module.kms.data.aws_iam_policy_document.this",
            "module.eks.module.kms.data.aws_partition.current",
            "module.lb_controller_irsa.aws_iam_policy.load_balancer_controller",
            "module.lb_controller_irsa.aws_iam_role.this",
            "module.lb_controller_irsa.data.aws_caller_identity.current",
            "module.lb_controller_irsa.data.aws_iam_policy_document.load_balancer_controller",
            "module.lb_controller_irsa.data.aws_iam_policy_document.this",
            "module.lb_controller_irsa.data.aws_partition.current",
            "module.vpc.aws_subnet.private",
            "module.vpc.aws_vpc.this",
            "module.vpc.aws_vpc_ipv4_cidr_block_association.this"
          ]
        }
      ]
    },
    {
      "module": "module.lb_controller_irsa",
      "mode": "managed",
      "type": "aws_iam_role_policy_attachment",
      "name": "load_balancer_controller_targetgroup_only",
      "provider": "provider[\"registry.terraform.io/hashicorp/aws\"]",
      "instances": []
    },
    {
      "module": "module.lb_controller_irsa",
      "mode": "managed",
      "type": "aws_iam_role_policy_attachment",
      "name": "mountpoint_s3_csi",
      "provider": "provider[\"registry.terraform.io/hashicorp/aws\"]",
      "instances": []
    },
    {
      "module": "module.lb_controller_irsa",
      "mode": "managed",
      "type": "aws_iam_role_policy_attachment",
      "name": "node_termination_handler",
      "provider": "provider[\"registry.terraform.io/hashicorp/aws\"]",
      "instances": []
    },
    {
      "module": "module.lb_controller_irsa",
      "mode": "managed",
      "type": "aws_iam_role_policy_attachment",
      "name": "this",
      "provider": "provider[\"registry.terraform.io/hashicorp/aws\"]",
      "instances": []
    },
    {
      "module": "module.lb_controller_irsa",
      "mode": "managed",
      "type": "aws_iam_role_policy_attachment",
      "name": "velero",
      "provider": "provider[\"registry.terraform.io/hashicorp/aws\"]",
      "instances": []
    },
    {
      "module": "module.lb_controller_irsa",
      "mode": "managed",
      "type": "aws_iam_role_policy_attachment",
      "name": "vpc_cni",
      "provider": "provider[\"registry.terraform.io/hashicorp/aws\"]",
      "instances": []
    },
    {
      "module": "module.vpc",
      "mode": "data",
      "type": "aws_caller_identity",
      "name": "current",
      "provider": "provider[\"registry.terraform.io/hashicorp/aws\"]",
      "instances": []
    },
    {
      "module": "module.vpc",
      "mode": "data",
      "type": "aws_iam_policy_document",
      "name": "flow_log_cloudwatch_assume_role",
      "provider": "provider[\"registry.terraform.io/hashicorp/aws\"]",
      "instances": []
    },
    {
      "module": "module.vpc",
      "mode": "data",
      "type": "aws_iam_policy_document",
      "name": "vpc_flow_log_cloudwatch",
      "provider": "provider[\"registry.terraform.io/hashicorp/aws\"]",
      "instances": []
    },
    {
      "module": "module.vpc",
      "mode": "data",
      "type": "aws_partition",
      "name": "current",
      "provider": "provider[\"registry.terraform.io/hashicorp/aws\"]",
      "instances": []
    },
    {
      "module": "module.vpc",
      "mode": "data",
      "type": "aws_region",
      "name": "current",
      "provider": "provider[\"registry.terraform.io/hashicorp/aws\"]",
      "instances": []
    },
    {
      "module": "module.vpc",
      "mode": "managed",
      "type": "aws_cloudwatch_log_group",
      "name": "flow_log",
      "provider": "provider[\"registry.terraform.io/hashicorp/aws\"]",
      "instances": []
    },
    {
      "module": "module.vpc",
      "mode": "managed",
      "type": "aws_customer_gateway",
      "name": "this",
      "provider": "provider[\"registry.terraform.io/hashicorp/aws\"]",
      "instances": []
    },
    {
      "module": "module.vpc",
      "mode": "managed",
      "type": "aws_db_subnet_group",
      "name": "database",
      "provider": "provider[\"registry.terraform.io/hashicorp/aws\"]",
      "instances": []
    },
    {
      "module": "module.vpc",
      "mode": "managed",
      "type": "aws_default_network_acl",
      "name": "this",
      "provider": "provider[\"registry.terraform.io/hashicorp/aws\"]",
      "instances": [
        {
          "index_key": 0,
          "schema_version": 0,
          "attributes": {
            "arn": "arn:aws:ec2:us-west-2:027423573553:network-acl/acl-0a5e114c086bba3b7",
            "default_network_acl_id": "acl-0a5e114c086bba3b7",
            "egress": [
              {
                "action": "allow",
                "cidr_block": "",
                "from_port": 0,
                "icmp_code": 0,
                "icmp_type": 0,
                "ipv6_cidr_block": "::/0",
                "protocol": "-1",
                "rule_no": 101,
                "to_port": 0
              },
              {
                "action": "allow",
                "cidr_block": "0.0.0.0/0",
                "from_port": 0,
                "icmp_code": 0,
                "icmp_type": 0,
                "ipv6_cidr_block": "",
                "protocol": "-1",
                "rule_no": 100,
                "to_port": 0
              }
            ],
            "id": "acl-0a5e114c086bba3b7",
            "ingress": [
              {
                "action": "allow",
                "cidr_block": "",
                "from_port": 0,
                "icmp_code": 0,
                "icmp_type": 0,
                "ipv6_cidr_block": "::/0",
                "protocol": "-1",
                "rule_no": 101,
                "to_port": 0
              },
              {
                "action": "allow",
                "cidr_block": "0.0.0.0/0",
                "from_port": 0,
                "icmp_code": 0,
                "icmp_type": 0,
                "ipv6_cidr_block": "",
                "protocol": "-1",
                "rule_no": 100,
                "to_port": 0
              }
            ],
            "owner_id": "027423573553",
            "subnet_ids": [
              "subnet-00bc6b6598ab09efb",
              "subnet-0103d5dff6443d113",
              "subnet-02fb98c38c541a8d8",
              "subnet-06f8647c688701ae4",
              "subnet-071119bffc7eafe55",
              "subnet-0862c3b38b530fd97"
            ],
            "tags": {
              "Name": "observability-stack-default"
            },
            "tags_all": {
              "ManagedBy": "terraform",
              "Name": "observability-stack-default",
              "Project": "observability-stack"
            },
            "vpc_id": "vpc-03aefcf5aa0581d7a"
          },
          "sensitive_attributes": [],
          "private": "bnVsbA==",
          "dependencies": [
            "module.vpc.aws_vpc.this"
          ]
        }
      ]
    },
    {
      "module": "module.vpc",
      "mode": "managed",
      "type": "aws_default_route_table",
      "name": "default",
      "provider": "provider[\"registry.terraform.io/hashicorp/aws\"]",
      "instances": [
        {
          "index_key": 0,
          "schema_version": 0,
          "attributes": {
            "arn": "arn:aws:ec2:us-west-2:027423573553:route-table/rtb-0eb0c8a9b7385e199",
            "default_route_table_id": "rtb-0eb0c8a9b7385e199",
            "id": "rtb-0eb0c8a9b7385e199",
            "owner_id": "027423573553",
            "propagating_vgws": [],
            "route": [],
            "tags": {
              "Name": "observability-stack-default"
            },
            "tags_all": {
              "ManagedBy": "terraform",
              "Name": "observability-stack-default",
              "Project": "observability-stack"
            },
            "timeouts": {
              "create": "5m",
              "update": "5m"
            },
            "vpc_id": "vpc-03aefcf5aa0581d7a"
          },
          "sensitive_attributes": [],
          "private": "eyJlMmJmYjczMC1lY2FhLTExZTYtOGY4OC0zNDM2M2JjN2M0YzAiOnsiY3JlYXRlIjozMDAwMDAwMDAwMDAsInVwZGF0ZSI6MzAwMDAwMDAwMDAwfX0=",
          "dependencies": [
            "module.vpc.aws_vpc.this"
          ]
        }
      ]
    },
    {
      "module": "module.vpc",
      "mode": "managed",
      "type": "aws_default_security_group",
      "name": "this",
      "provider": "provider[\"registry.terraform.io/hashicorp/aws\"]",
      "instances": [
        {
          "index_key": 0,
          "schema_version": 1,
          "attributes": {
            "arn": "arn:aws:ec2:us-west-2:027423573553:security-group/sg-01804f6e1f144e984",
            "description": "default VPC security group",
            "egress": [],
            "id": "sg-01804f6e1f144e984",
            "ingress": [],
            "name": "default",
            "name_prefix": "",
            "owner_id": "027423573553",
            "revoke_rules_on_delete": false,
            "tags": {
              "Name": "observability-stack-default"
            },
            "tags_all": {
              "ManagedBy": "terraform",
              "Name": "observability-stack-default",
              "Project": "observability-stack"
            },
            "vpc_id": "vpc-03aefcf5aa0581d7a"
          },
          "sensitive_attributes": [],
          "private": "eyJzY2hlbWFfdmVyc2lvbiI6IjEifQ==",
          "dependencies": [
            "module.vpc.aws_vpc.this"
          ]
        }
      ]
    },
    {
      "module": "module.vpc",
      "mode": "managed",
      "type": "aws_default_vpc",
      "name": "this",
      "provider": "provider[\"registry.terraform.io/hashicorp/aws\"]",
      "instances": []
    },
    {
      "module": "module.vpc",
      "mode": "managed",
      "type": "aws_egress_only_internet_gateway",
      "name": "this",
      "provider": "provider[\"registry.terraform.io/hashicorp/aws\"]",
      "instances": []
    },
    {
      "module": "module.vpc",
      "mode": "managed",
      "type": "aws_eip",
      "name": "nat",
      "provider": "provider[\"registry.terraform.io/hashicorp/aws\"]",
      "instances": [
        {
          "index_key": 0,
          "schema_version": 0,
          "attributes": {
            "address": null,
            "allocation_id": "eipalloc-0113a2632fcf6cddf",
            "arn": "arn:aws:ec2:us-west-2:027423573553:elastic-ip/eipalloc-0113a2632fcf6cddf",
            "associate_with_private_ip": null,
            "association_id": "eipassoc-04a75448822bedae0",
            "carrier_ip": "",
            "customer_owned_ip": "",
            "customer_owned_ipv4_pool": "",
            "domain": "vpc",
            "id": "eipalloc-0113a2632fcf6cddf",
            "instance": "",
            "ipam_pool_id": null,
            "network_border_group": "us-west-2",
            "network_interface": "eni-0d26887f86c85fe3e",
            "private_dns": "ip-10-0-120-98.us-west-2.compute.internal",
            "private_ip": "10.0.120.98",
            "ptr_record": "",
            "public_dns": "ec2-52-88-124-67.us-west-2.compute.amazonaws.com",
            "public_ip": "52.88.124.67",
            "public_ipv4_pool": "amazon",
            "tags": {
              "Name": "observability-stack-us-west-2a"
            },
            "tags_all": {
              "ManagedBy": "terraform",
              "Name": "observability-stack-us-west-2a",
              "Project": "observability-stack"
            },
            "timeouts": null,
            "vpc": true
          },
          "sensitive_attributes": [],
          "private": "eyJlMmJmYjczMC1lY2FhLTExZTYtOGY4OC0zNDM2M2JjN2M0YzAiOnsiZGVsZXRlIjoxODAwMDAwMDAwMDAsInJlYWQiOjkwMDAwMDAwMDAwMCwidXBkYXRlIjozMDAwMDAwMDAwMDB9fQ==",
          "dependencies": [
            "data.aws_availability_zones.available",
            "module.vpc.aws_internet_gateway.this",
            "module.vpc.aws_vpc.this",
            "module.vpc.aws_vpc_ipv4_cidr_block_association.this"
          ]
        }
      ]
    },
    {
      "module": "module.vpc",
      "mode": "managed",
      "type": "aws_elasticache_subnet_group",
      "name": "elasticache",
      "provider": "provider[\"registry.terraform.io/hashicorp/aws\"]",
      "instances": []
    },
    {
      "module": "module.vpc",
      "mode": "managed",
      "type": "aws_flow_log",
      "name": "this",
      "provider": "provider[\"registry.terraform.io/hashicorp/aws\"]",
      "instances": []
    },
    {
      "module": "module.vpc",
      "mode": "managed",
      "type": "aws_iam_policy",
      "name": "vpc_flow_log_cloudwatch",
      "provider": "provider[\"registry.terraform.io/hashicorp/aws\"]",
      "instances": []
    },
    {
      "module": "module.vpc",
      "mode": "managed",
      "type": "aws_iam_role",
      "name": "vpc_flow_log_cloudwatch",
      "provider": "provider[\"registry.terraform.io/hashicorp/aws\"]",
      "instances": []
    },
    {
      "module": "module.vpc",
      "mode": "managed",
      "type": "aws_iam_role_policy_attachment",
      "name": "vpc_flow_log_cloudwatch",
      "provider": "provider[\"registry.terraform.io/hashicorp/aws\"]",
      "instances": []
    },
    {
      "module": "module.vpc",
      "mode": "managed",
      "type": "aws_internet_gateway",
      "name": "this",
      "provider": "provider[\"registry.terraform.io/hashicorp/aws\"]",
      "instances": [
        {
          "index_key": 0,
          "schema_version": 0,
          "attributes": {
            "arn": "arn:aws:ec2:us-west-2:027423573553:internet-gateway/igw-0017951791f30c8cc",
            "id": "igw-0017951791f30c8cc",
            "owner_id": "027423573553",
            "tags": {
              "Name": "observability-stack"
            },
            "tags_all": {
              "ManagedBy": "terraform",
              "Name": "observability-stack",
              "Project": "observability-stack"
            },
            "timeouts": null,
            "vpc_id": "vpc-03aefcf5aa0581d7a"
          },
          "sensitive_attributes": [],
          "private": "eyJlMmJmYjczMC1lY2FhLTExZTYtOGY4OC0zNDM2M2JjN2M0YzAiOnsiY3JlYXRlIjoxMjAwMDAwMDAwMDAwLCJkZWxldGUiOjEyMDAwMDAwMDAwMDAsInVwZGF0ZSI6MTIwMDAwMDAwMDAwMH19",
          "dependencies": [
            "module.vpc.aws_vpc.this",
            "module.vpc.aws_vpc_ipv4_cidr_block_association.this"
          ]
        }
      ]
    },
    {
      "module": "module.vpc",
      "mode": "managed",
      "type": "aws_nat_gateway",
      "name": "this",
      "provider": "provider[\"registry.terraform.io/hashicorp/aws\"]",
      "instances": [
        {
          "index_key": 0,
          "schema_version": 0,
          "attributes": {
            "allocation_id": "eipalloc-0113a2632fcf6cddf",
            "association_id": "eipassoc-04a75448822bedae0",
            "connectivity_type": "public",
            "id": "nat-0777712a8d4bdb8c1",
            "network_interface_id": "eni-0d26887f86c85fe3e",
            "private_ip": "10.0.120.98",
            "public_ip": "52.88.124.67",
            "secondary_allocation_ids": [],
            "secondary_private_ip_address_count": 0,
            "secondary_private_ip_addresses": [],
            "subnet_id": "subnet-0103d5dff6443d113",
            "tags": {
              "Name": "observability-stack-us-west-2a"
            },
            "tags_all": {
              "ManagedBy": "terraform",
              "Name": "observability-stack-us-west-2a",
              "Project": "observability-stack"
            },
            "timeouts": null
          },
          "sensitive_attributes": [],
          "private": "eyJlMmJmYjczMC1lY2FhLTExZTYtOGY4OC0zNDM2M2JjN2M0YzAiOnsiY3JlYXRlIjo2MDAwMDAwMDAwMDAsImRlbGV0ZSI6MTgwMDAwMDAwMDAwMCwidXBkYXRlIjo2MDAwMDAwMDAwMDB9fQ==",
          "dependencies": [
            "data.aws_availability_zones.available",
            "module.vpc.aws_eip.nat",
            "module.vpc.aws_internet_gateway.this",
            "module.vpc.aws_subnet.public",
            "module.vpc.aws_vpc.this",
            "module.vpc.aws_vpc_ipv4_cidr_block_association.this"
          ]
        }
      ]
    },
    {
      "module": "module.vpc",
      "mode": "managed",
      "type": "aws_network_acl",
      "name": "database",
      "provider": "provider[\"registry.terraform.io/hashicorp/aws\"]",
      "instances": []
    },
    {
      "module": "module.vpc",
      "mode": "managed",
      "type": "aws_network_acl",
      "name": "elasticache",
      "provider": "provider[\"registry.terraform.io/hashicorp/aws\"]",
      "instances": []
    },
    {
      "module": "module.vpc",
      "mode": "managed",
      "type": "aws_network_acl",
      "name": "intra",
      "provider": "provider[\"registry.terraform.io/hashicorp/aws\"]",
      "instances": []
    },
    {
      "module": "module.vpc",
      "mode": "managed",
      "type": "aws_network_acl",
      "name": "outpost",
      "provider": "provider[\"registry.terraform.io/hashicorp/aws\"]",
      "instances": []
    },
    {
      "module": "module.vpc",
      "mode": "managed",
      "type": "aws_network_acl",
      "name": "private",
      "provider": "provider[\"registry.terraform.io/hashicorp/aws\"]",
      "instances": []
    },
    {
      "module": "module.vpc",
      "mode": "managed",
      "type": "aws_network_acl",
      "name": "public",
      "provider": "provider[\"registry.terraform.io/hashicorp/aws\"]",
      "instances": []
    },
    {
      "module": "module.vpc",
      "mode": "managed",
      "type": "aws_network_acl",
      "name": "redshift",
      "provider": "provider[\"registry.terraform.io/hashicorp/aws\"]",
      "instances": []
    },
    {
      "module": "module.vpc",
      "mode": "managed",
      "type": "aws_network_acl_rule",
      "name": "database_inbound",
      "provider": "provider[\"registry.terraform.io/hashicorp/aws\"]",
      "instances": []
    },
    {
      "module": "module.vpc",
      "mode": "managed",
      "type": "aws_network_acl_rule",
      "name": "database_outbound",
      "provider": "provider[\"registry.terraform.io/hashicorp/aws\"]",
      "instances": []
    },
    {
      "module": "module.vpc",
      "mode": "managed",
      "type": "aws_network_acl_rule",
      "name": "elasticache_inbound",
      "provider": "provider[\"registry.terraform.io/hashicorp/aws\"]",
      "instances": []
    },
    {
      "module": "module.vpc",
      "mode": "managed",
      "type": "aws_network_acl_rule",
      "name": "elasticache_outbound",
      "provider": "provider[\"registry.terraform.io/hashicorp/aws\"]",
      "instances": []
    },
    {
      "module": "module.vpc",
      "mode": "managed",
      "type": "aws_network_acl_rule",
      "name": "intra_inbound",
      "provider": "provider[\"registry.terraform.io/hashicorp/aws\"]",
      "instances": []
    },
    {
      "module": "module.vpc",
      "mode": "managed",
      "type": "aws_network_acl_rule",
      "name": "intra_outbound",
      "provider": "provider[\"registry.terraform.io/hashicorp/aws\"]",
      "instances": []
    },
    {
      "module": "module.vpc",
      "mode": "managed",
      "type": "aws_network_acl_rule",
      "name": "outpost_inbound",
      "provider": "provider[\"registry.terraform.io/hashicorp/aws\"]",
      "instances": []
    },
    {
      "module": "module.vpc",
      "mode": "managed",
      "type": "aws_network_acl_rule",
      "name": "outpost_outbound",
      "provider": "provider[\"registry.terraform.io/hashicorp/aws\"]",
      "instances": []
    },
    {
      "module": "module.vpc",
      "mode": "managed",
      "type": "aws_network_acl_rule",
      "name": "private_inbound",
      "provider": "provider[\"registry.terraform.io/hashicorp/aws\"]",
      "instances": []
    },
    {
      "module": "module.vpc",
      "mode": "managed",
      "type": "aws_network_acl_rule",
      "name": "private_outbound",
      "provider": "provider[\"registry.terraform.io/hashicorp/aws\"]",
      "instances": []
    },
    {
      "module": "module.vpc",
      "mode": "managed",
      "type": "aws_network_acl_rule",
      "name": "public_inbound",
      "provider": "provider[\"registry.terraform.io/hashicorp/aws\"]",
      "instances": []
    },
    {
      "module": "module.vpc",
      "mode": "managed",
      "type": "aws_network_acl_rule",
      "name": "public_outbound",
      "provider": "provider[\"registry.terraform.io/hashicorp/aws\"]",
      "instances": []
    },
    {
      "module": "module.vpc",
      "mode": "managed",
      "type": "aws_network_acl_rule",
      "name": "redshift_inbound",
      "provider": "provider[\"registry.terraform.io/hashicorp/aws\"]",
      "instances": []
    },
    {
      "module": "module.vpc",
      "mode": "managed",
      "type": "aws_network_acl_rule",
      "name": "redshift_outbound",
      "provider": "provider[\"registry.terraform.io/hashicorp/aws\"]",
      "instances": []
    },
    {
      "module": "module.vpc",
      "mode": "managed",
      "type": "aws_redshift_subnet_group",
      "name": "redshift",
      "provider": "provider[\"registry.terraform.io/hashicorp/aws\"]",
      "instances": []
    },
    {
      "module": "module.vpc",
      "mode": "managed",
      "type": "aws_route",
      "name": "database_dns64_nat_gateway",
      "provider": "provider[\"registry.terraform.io/hashicorp/aws\"]",
      "instances": []
    },
    {
      "module": "module.vpc",
      "mode": "managed",
      "type": "aws_route",
      "name": "database_internet_gateway",
      "provider": "provider[\"registry.terraform.io/hashicorp/aws\"]",
      "instances": []
    },
    {
      "module": "module.vpc",
      "mode": "managed",
      "type": "aws_route",
      "name": "database_ipv6_egress",
      "provider": "provider[\"registry.terraform.io/hashicorp/aws\"]",
      "instances": []
    },
    {
      "module": "module.vpc",
      "mode": "managed",
      "type": "aws_route",
      "name": "database_nat_gateway",
      "provider": "provider[\"registry.terraform.io/hashicorp/aws\"]",
      "instances": []
    },
    {
      "module": "module.vpc",
      "mode": "managed",
      "type": "aws_route",
      "name": "private_dns64_nat_gateway",
      "provider": "provider[\"registry.terraform.io/hashicorp/aws\"]",
      "instances": []
    },
    {
      "module": "module.vpc",
      "mode": "managed",
      "type": "aws_route",
      "name": "private_ipv6_egress",
      "provider": "provider[\"registry.terraform.io/hashicorp/aws\"]",
      "instances": []
    },
    {
      "module": "module.vpc",
      "mode": "managed",
      "type": "aws_route",
      "name": "private_nat_gateway",
      "provider": "provider[\"registry.terraform.io/hashicorp/aws\"]",
      "instances": [
        {
          "index_key": 0,
          "schema_version": 0,
          "attributes": {
            "carrier_gateway_id": "",
            "core_network_arn": "",
            "destination_cidr_block": "0.0.0.0/0",
            "destination_ipv6_cidr_block": "",
            "destination_prefix_list_id": "",
            "egress_only_gateway_id": "",
            "gateway_id": "",
            "id": "r-rtb-09296e0d036ce62661080289494",
            "instance_id": "",
            "instance_owner_id": "",
            "local_gateway_id": "",
            "nat_gateway_id": "nat-0777712a8d4bdb8c1",
            "network_interface_id": "",
            "origin": "CreateRoute",
            "route_table_id": "rtb-09296e0d036ce6266",
            "state": "active",
            "timeouts": {
              "create": "5m",
              "delete": null,
              "update": null
            },
            "transit_gateway_id": "",
            "vpc_endpoint_id": "",
            "vpc_peering_connection_id": ""
          },
          "sensitive_attributes": [],
          "private": "eyJlMmJmYjczMC1lY2FhLTExZTYtOGY4OC0zNDM2M2JjN2M0YzAiOnsiY3JlYXRlIjozMDAwMDAwMDAwMDAsImRlbGV0ZSI6MzAwMDAwMDAwMDAwLCJ1cGRhdGUiOjEyMDAwMDAwMDAwMH19",
          "dependencies": [
            "data.aws_availability_zones.available",
            "module.vpc.aws_eip.nat",
            "module.vpc.aws_internet_gateway.this",
            "module.vpc.aws_nat_gateway.this",
            "module.vpc.aws_route_table.private",
            "module.vpc.aws_subnet.public",
            "module.vpc.aws_vpc.this",
            "module.vpc.aws_vpc_ipv4_cidr_block_association.this"
          ]
        }
      ]
    },
    {
      "module": "module.vpc",
      "mode": "managed",
      "type": "aws_route",
      "name": "public_internet_gateway",
      "provider": "provider[\"registry.terraform.io/hashicorp/aws\"]",
      "instances": [
        {
          "index_key": 0,
          "schema_version": 0,
          "attributes": {
            "carrier_gateway_id": "",
            "core_network_arn": "",
            "destination_cidr_block": "0.0.0.0/0",
            "destination_ipv6_cidr_block": "",
            "destination_prefix_list_id": "",
            "egress_only_gateway_id": "",
            "gateway_id": "igw-0017951791f30c8cc",
            "id": "r-rtb-073d827383549597d1080289494",
            "instance_id": "",
            "instance_owner_id": "",
            "local_gateway_id": "",
            "nat_gateway_id": "",
            "network_interface_id": "",
            "origin": "CreateRoute",
            "route_table_id": "rtb-073d827383549597d",
            "state": "active",
            "timeouts": {
              "create": "5m",
              "delete": null,
              "update": null
            },
            "transit_gateway_id": "",
            "vpc_endpoint_id": "",
            "vpc_peering_connection_id": ""
          },
          "sensitive_attributes": [],
          "private": "eyJlMmJmYjczMC1lY2FhLTExZTYtOGY4OC0zNDM2M2JjN2M0YzAiOnsiY3JlYXRlIjozMDAwMDAwMDAwMDAsImRlbGV0ZSI6MzAwMDAwMDAwMDAwLCJ1cGRhdGUiOjEyMDAwMDAwMDAwMH19",
          "dependencies": [
            "data.aws_availability_zones.available",
            "module.vpc.aws_internet_gateway.this",
            "module.vpc.aws_route_table.public",
            "module.vpc.aws_vpc.this",
            "module.vpc.aws_vpc_ipv4_cidr_block_association.this"
          ]
        }
      ]
    },
    {
      "module": "module.vpc",
      "mode": "managed",
      "type": "aws_route",
      "name": "public_internet_gateway_ipv6",
      "provider": "provider[\"registry.terraform.io/hashicorp/aws\"]",
      "instances": []
    },
    {
      "module": "module.vpc",
      "mode": "managed",
      "type": "aws_route_table",
      "name": "database",
      "provider": "provider[\"registry.terraform.io/hashicorp/aws\"]",
      "instances": []
    },
    {
      "module": "module.vpc",
      "mode": "managed",
      "type": "aws_route_table",
      "name": "elasticache",
      "provider": "provider[\"registry.terraform.io/hashicorp/aws\"]",
      "instances": []
    },
    {
      "module": "module.vpc",
      "mode": "managed",
      "type": "aws_route_table",
      "name": "intra",
      "provider": "provider[\"registry.terraform.io/hashicorp/aws\"]",
      "instances": []
    },
    {
      "module": "module.vpc",
      "mode": "managed",
      "type": "aws_route_table",
      "name": "private",
      "provider": "provider[\"registry.terraform.io/hashicorp/aws\"]",
      "instances": [
        {
          "index_key": 0,
          "schema_version": 0,
          "attributes": {
            "arn": "arn:aws:ec2:us-west-2:027423573553:route-table/rtb-09296e0d036ce6266",
            "id": "rtb-09296e0d036ce6266",
            "owner_id": "027423573553",
            "propagating_vgws": [],
            "route": [
              {
                "carrier_gateway_id": "",
                "cidr_block": "0.0.0.0/0",
                "core_network_arn": "",
                "destination_prefix_list_id": "",
                "egress_only_gateway_id": "",
                "gateway_id": "",
                "ipv6_cidr_block": "",
                "local_gateway_id": "",
                "nat_gateway_id": "nat-0777712a8d4bdb8c1",
                "network_interface_id": "",
                "transit_gateway_id": "",
                "vpc_endpoint_id": "",
                "vpc_peering_connection_id": ""
              }
            ],
            "tags": {
              "Name": "observability-stack-private"
            },
            "tags_all": {
              "ManagedBy": "terraform",
              "Name": "observability-stack-private",
              "Project": "observability-stack"
            },
            "timeouts": null,
            "vpc_id": "vpc-03aefcf5aa0581d7a"
          },
          "sensitive_attributes": [],
          "private": "eyJlMmJmYjczMC1lY2FhLTExZTYtOGY4OC0zNDM2M2JjN2M0YzAiOnsiY3JlYXRlIjozMDAwMDAwMDAwMDAsImRlbGV0ZSI6MzAwMDAwMDAwMDAwLCJ1cGRhdGUiOjEyMDAwMDAwMDAwMH19",
          "dependencies": [
            "data.aws_availability_zones.available",
            "module.vpc.aws_vpc.this",
            "module.vpc.aws_vpc_ipv4_cidr_block_association.this"
          ]
        }
      ]
    },
    {
      "module": "module.vpc",
      "mode": "managed",
      "type": "aws_route_table",
      "name": "public",
      "provider": "provider[\"registry.terraform.io/hashicorp/aws\"]",
      "instances": [
        {
          "index_key": 0,
          "schema_version": 0,
          "attributes": {
            "arn": "arn:aws:ec2:us-west-2:027423573553:route-table/rtb-073d827383549597d",
            "id": "rtb-073d827383549597d",
            "owner_id": "027423573553",
            "propagating_vgws": [],
            "route": [
              {
                "carrier_gateway_id": "",
                "cidr_block": "0.0.0.0/0",
                "core_network_arn": "",
                "destination_prefix_list_id": "",
                "egress_only_gateway_id": "",
                "gateway_id": "igw-0017951791f30c8cc",
                "ipv6_cidr_block": "",
                "local_gateway_id": "",
                "nat_gateway_id": "",
                "network_interface_id": "",
                "transit_gateway_id": "",
                "vpc_endpoint_id": "",
                "vpc_peering_connection_id": ""
              }
            ],
            "tags": {
              "Name": "observability-stack-public"
            },
            "tags_all": {
              "ManagedBy": "terraform",
              "Name": "observability-stack-public",
              "Project": "observability-stack"
            },
            "timeouts": null,
            "vpc_id": "vpc-03aefcf5aa0581d7a"
          },
          "sensitive_attributes": [],
          "private": "eyJlMmJmYjczMC1lY2FhLTExZTYtOGY4OC0zNDM2M2JjN2M0YzAiOnsiY3JlYXRlIjozMDAwMDAwMDAwMDAsImRlbGV0ZSI6MzAwMDAwMDAwMDAwLCJ1cGRhdGUiOjEyMDAwMDAwMDAwMH19",
          "dependencies": [
            "data.aws_availability_zones.available",
            "module.vpc.aws_vpc.this",
            "module.vpc.aws_vpc_ipv4_cidr_block_association.this"
          ]
        }
      ]
    },
    {
      "module": "module.vpc",
      "mode": "managed",
      "type": "aws_route_table",
      "name": "redshift",
      "provider": "provider[\"registry.terraform.io/hashicorp/aws\"]",
      "instances": []
    },
    {
      "module": "module.vpc",
      "mode": "managed",
      "type": "aws_route_table_association",
      "name": "database",
      "provider": "provider[\"registry.terraform.io/hashicorp/aws\"]",
      "instances": []
    },
    {
      "module": "module.vpc",
      "mode": "managed",
      "type": "aws_route_table_association",
      "name": "elasticache",
      "provider": "provider[\"registry.terraform.io/hashicorp/aws\"]",
      "instances": []
    },
    {
      "module": "module.vpc",
      "mode": "managed",
      "type": "aws_route_table_association",
      "name": "intra",
      "provider": "provider[\"registry.terraform.io/hashicorp/aws\"]",
      "instances": []
    },
    {
      "module": "module.vpc",
      "mode": "managed",
      "type": "aws_route_table_association",
      "name": "outpost",
      "provider": "provider[\"registry.terraform.io/hashicorp/aws\"]",
      "instances": []
    },
    {
      "module": "module.vpc",
      "mode": "managed",
      "type": "aws_route_table_association",
      "name": "private",
      "provider": "provider[\"registry.terraform.io/hashicorp/aws\"]",
      "instances": [
        {
          "index_key": 0,
          "schema_version": 0,
          "attributes": {
            "gateway_id": "",
            "id": "rtbassoc-0733c252b1b4d11ad",
            "route_table_id": "rtb-09296e0d036ce6266",
            "subnet_id": "subnet-00bc6b6598ab09efb",
            "timeouts": null
          },
          "sensitive_attributes": [],
          "private": "eyJlMmJmYjczMC1lY2FhLTExZTYtOGY4OC0zNDM2M2JjN2M0YzAiOnsiY3JlYXRlIjozMDAwMDAwMDAwMDAsImRlbGV0ZSI6MzAwMDAwMDAwMDAwLCJ1cGRhdGUiOjEyMDAwMDAwMDAwMH19",
          "dependencies": [
            "data.aws_availability_zones.available",
            "module.vpc.aws_route_table.private",
            "module.vpc.aws_subnet.private",
            "module.vpc.aws_vpc.this",
            "module.vpc.aws_vpc_ipv4_cidr_block_association.this"
          ]
        },
        {
          "index_key": 1,
          "schema_version": 0,
          "attributes": {
            "gateway_id": "",
            "id": "rtbassoc-09f0385e55967b756",
            "route_table_id": "rtb-09296e0d036ce6266",
            "subnet_id": "subnet-0862c3b38b530fd97",
            "timeouts": null
          },
          "sensitive_attributes": [],
          "private": "eyJlMmJmYjczMC1lY2FhLTExZTYtOGY4OC0zNDM2M2JjN2M0YzAiOnsiY3JlYXRlIjozMDAwMDAwMDAwMDAsImRlbGV0ZSI6MzAwMDAwMDAwMDAwLCJ1cGRhdGUiOjEyMDAwMDAwMDAwMH19",
          "dependencies": [
            "data.aws_availability_zones.available",
            "module.vpc.aws_route_table.private",
            "module.vpc.aws_subnet.private",
            "module.vpc.aws_vpc.this",
            "module.vpc.aws_vpc_ipv4_cidr_block_association.this"
          ]
        },
        {
          "index_key": 2,
          "schema_version": 0,
          "attributes": {
            "gateway_id": "",
            "id": "rtbassoc-0ba7f463260829933",
            "route_table_id": "rtb-09296e0d036ce6266",
            "subnet_id": "subnet-06f8647c688701ae4",
            "timeouts": null
          },
          "sensitive_attributes": [],
          "private": "eyJlMmJmYjczMC1lY2FhLTExZTYtOGY4OC0zNDM2M2JjN2M0YzAiOnsiY3JlYXRlIjozMDAwMDAwMDAwMDAsImRlbGV0ZSI6MzAwMDAwMDAwMDAwLCJ1cGRhdGUiOjEyMDAwMDAwMDAwMH19",
          "dependencies": [
            "data.aws_availability_zones.available",
            "module.vpc.aws_route_table.private",
            "module.vpc.aws_subnet.private",
            "module.vpc.aws_vpc.this",
            "module.vpc.aws_vpc_ipv4_cidr_block_association.this"
          ]
        }
      ]
    },
    {
      "module": "module.vpc",
      "mode": "managed",
      "type": "aws_route_table_association",
      "name": "public",
      "provider": "provider[\"registry.terraform.io/hashicorp/aws\"]",
      "instances": [
        {
          "index_key": 0,
          "schema_version": 0,
          "attributes": {
            "gateway_id": "",
            "id": "rtbassoc-024db46e61ffe0bb4",
            "route_table_id": "rtb-073d827383549597d",
            "subnet_id": "subnet-0103d5dff6443d113",
            "timeouts": null
          },
          "sensitive_attributes": [],
          "private": "eyJlMmJmYjczMC1lY2FhLTExZTYtOGY4OC0zNDM2M2JjN2M0YzAiOnsiY3JlYXRlIjozMDAwMDAwMDAwMDAsImRlbGV0ZSI6MzAwMDAwMDAwMDAwLCJ1cGRhdGUiOjEyMDAwMDAwMDAwMH19",
          "dependencies": [
            "data.aws_availability_zones.available",
            "module.vpc.aws_route_table.public",
            "module.vpc.aws_subnet.public",
            "module.vpc.aws_vpc.this",
            "module.vpc.aws_vpc_ipv4_cidr_block_association.this"
          ]
        },
        {
          "index_key": 1,
          "schema_version": 0,
          "attributes": {
            "gateway_id": "",
            "id": "rtbassoc-0c441f9a8fd6291e5",
            "route_table_id": "rtb-073d827383549597d",
            "subnet_id": "subnet-071119bffc7eafe55",
            "timeouts": null
          },
          "sensitive_attributes": [],
          "private": "eyJlMmJmYjczMC1lY2FhLTExZTYtOGY4OC0zNDM2M2JjN2M0YzAiOnsiY3JlYXRlIjozMDAwMDAwMDAwMDAsImRlbGV0ZSI6MzAwMDAwMDAwMDAwLCJ1cGRhdGUiOjEyMDAwMDAwMDAwMH19",
          "dependencies": [
            "data.aws_availability_zones.available",
            "module.vpc.aws_route_table.public",
            "module.vpc.aws_subnet.public",
            "module.vpc.aws_vpc.this",
            "module.vpc.aws_vpc_ipv4_cidr_block_association.this"
          ]
        },
        {
          "index_key": 2,
          "schema_version": 0,
          "attributes": {
            "gateway_id": "",
            "id": "rtbassoc-0a754d2b6cb30938f",
            "route_table_id": "rtb-073d827383549597d",
            "subnet_id": "subnet-02fb98c38c541a8d8",
            "timeouts": null
          },
          "sensitive_attributes": [],
          "private": "eyJlMmJmYjczMC1lY2FhLTExZTYtOGY4OC0zNDM2M2JjN2M0YzAiOnsiY3JlYXRlIjozMDAwMDAwMDAwMDAsImRlbGV0ZSI6MzAwMDAwMDAwMDAwLCJ1cGRhdGUiOjEyMDAwMDAwMDAwMH19",
          "dependencies": [
            "data.aws_availability_zones.available",
            "module.vpc.aws_route_table.public",
            "module.vpc.aws_subnet.public",
            "module.vpc.aws_vpc.this",
            "module.vpc.aws_vpc_ipv4_cidr_block_association.this"
          ]
        }
      ]
    },
    {
      "module": "module.vpc",
      "mode": "managed",
      "type": "aws_route_table_association",
      "name": "redshift",
      "provider": "provider[\"registry.terraform.io/hashicorp/aws\"]",
      "instances": []
    },
    {
      "module": "module.vpc",
      "mode": "managed",
      "type": "aws_route_table_association",
      "name": "redshift_public",
      "provider": "provider[\"registry.terraform.io/hashicorp/aws\"]",
      "instances": []
    },
    {
      "module": "module.vpc",
      "mode": "managed",
      "type": "aws_subnet",
      "name": "database",
      "provider": "provider[\"registry.terraform.io/hashicorp/aws\"]",
      "instances": []
    },
    {
      "module": "module.vpc",
      "mode": "managed",
      "type": "aws_subnet",
      "name": "elasticache",
      "provider": "provider[\"registry.terraform.io/hashicorp/aws\"]",
      "instances": []
    },
    {
      "module": "module.vpc",
      "mode": "managed",
      "type": "aws_subnet",
      "name": "intra",
      "provider": "provider[\"registry.terraform.io/hashicorp/aws\"]",
      "instances": []
    },
    {
      "module": "module.vpc",
      "mode": "managed",
      "type": "aws_subnet",
      "name": "outpost",
      "provider": "provider[\"registry.terraform.io/hashicorp/aws\"]",
      "instances": []
    },
    {
      "module": "module.vpc",
      "mode": "managed",
      "type": "aws_subnet",
      "name": "private",
      "provider": "provider[\"registry.terraform.io/hashicorp/aws\"]",
      "instances": [
        {
          "index_key": 0,
          "schema_version": 1,
          "attributes": {
            "arn": "arn:aws:ec2:us-west-2:027423573553:subnet/subnet-00bc6b6598ab09efb",
            "assign_ipv6_address_on_creation": false,
            "availability_zone": "us-west-2a",
            "availability_zone_id": "usw2-az2",
            "cidr_block": "10.0.0.0/19",
            "customer_owned_ipv4_pool": "",
            "enable_dns64": false,
            "enable_lni_at_device_index": 0,
            "enable_resource_name_dns_a_record_on_launch": false,
            "enable_resource_name_dns_aaaa_record_on_launch": false,
            "id": "subnet-00bc6b6598ab09efb",
            "ipv6_cidr_block": "",
            "ipv6_cidr_block_association_id": "",
            "ipv6_native": false,
            "map_customer_owned_ip_on_launch": false,
            "map_public_ip_on_launch": false,
            "outpost_arn": "",
            "owner_id": "027423573553",
            "private_dns_hostname_type_on_launch": "ip-name",
            "tags": {
              "Name": "observability-stack-private-us-west-2a",
              "kubernetes.io/role/internal-elb": "1"
            },
            "tags_all": {
              "ManagedBy": "terraform",
              "Name": "observability-stack-private-us-west-2a",
              "Project": "observability-stack",
              "kubernetes.io/role/internal-elb": "1"
            },
            "timeouts": null,
            "vpc_id": "vpc-03aefcf5aa0581d7a"
          },
          "sensitive_attributes": [],
          "private": "eyJlMmJmYjczMC1lY2FhLTExZTYtOGY4OC0zNDM2M2JjN2M0YzAiOnsiY3JlYXRlIjo2MDAwMDAwMDAwMDAsImRlbGV0ZSI6MTIwMDAwMDAwMDAwMH0sInNjaGVtYV92ZXJzaW9uIjoiMSJ9",
          "dependencies": [
            "data.aws_availability_zones.available",
            "module.vpc.aws_vpc.this",
            "module.vpc.aws_vpc_ipv4_cidr_block_association.this"
          ],
          "create_before_destroy": true
        },
        {
          "index_key": 1,
          "schema_version": 1,
          "attributes": {
            "arn": "arn:aws:ec2:us-west-2:027423573553:subnet/subnet-0862c3b38b530fd97",
            "assign_ipv6_address_on_creation": false,
            "availability_zone": "us-west-2b",
            "availability_zone_id": "usw2-az1",
            "cidr_block": "10.0.32.0/19",
            "customer_owned_ipv4_pool": "",
            "enable_dns64": false,
            "enable_lni_at_device_index": 0,
            "enable_resource_name_dns_a_record_on_launch": false,
            "enable_resource_name_dns_aaaa_record_on_launch": false,
            "id": "subnet-0862c3b38b530fd97",
            "ipv6_cidr_block": "",
            "ipv6_cidr_block_association_id": "",
            "ipv6_native": false,
            "map_customer_owned_ip_on_launch": false,
            "map_public_ip_on_launch": false,
            "outpost_arn": "",
            "owner_id": "027423573553",
            "private_dns_hostname_type_on_launch": "ip-name",
            "tags": {
              "Name": "observability-stack-private-us-west-2b",
              "kubernetes.io/role/internal-elb": "1"
            },
            "tags_all": {
              "ManagedBy": "terraform",
              "Name": "observability-stack-private-us-west-2b",
              "Project": "observability-stack",
              "kubernetes.io/role/internal-elb": "1"
            },
            "timeouts": null,
            "vpc_id": "vpc-03aefcf5aa0581d7a"
          },
          "sensitive_attributes": [],
          "private": "eyJlMmJmYjczMC1lY2FhLTExZTYtOGY4OC0zNDM2M2JjN2M0YzAiOnsiY3JlYXRlIjo2MDAwMDAwMDAwMDAsImRlbGV0ZSI6MTIwMDAwMDAwMDAwMH0sInNjaGVtYV92ZXJzaW9uIjoiMSJ9",
          "dependencies": [
            "data.aws_availability_zones.available",
            "module.vpc.aws_vpc.this",
            "module.vpc.aws_vpc_ipv4_cidr_block_association.this"
          ],
          "create_before_destroy": true
        },
        {
          "index_key": 2,
          "schema_version": 1,
          "attributes": {
            "arn": "arn:aws:ec2:us-west-2:027423573553:subnet/subnet-06f8647c688701ae4",
            "assign_ipv6_address_on_creation": false,
            "availability_zone": "us-west-2c",
            "availability_zone_id": "usw2-az3",
            "cidr_block": "10.0.64.0/19",
            "customer_owned_ipv4_pool": "",
            "enable_dns64": false,
            "enable_lni_at_device_index": 0,
            "enable_resource_name_dns_a_record_on_launch": false,
            "enable_resource_name_dns_aaaa_record_on_launch": false,
            "id": "subnet-06f8647c688701ae4",
            "ipv6_cidr_block": "",
            "ipv6_cidr_block_association_id": "",
            "ipv6_native": false,
            "map_customer_owned_ip_on_launch": false,
            "map_public_ip_on_launch": false,
            "outpost_arn": "",
            "owner_id": "027423573553",
            "private_dns_hostname_type_on_launch": "ip-name",
            "tags": {
              "Name": "observability-stack-private-us-west-2c",
              "kubernetes.io/role/internal-elb": "1"
            },
            "tags_all": {
              "ManagedBy": "terraform",
              "Name": "observability-stack-private-us-west-2c",
              "Project": "observability-stack",
              "kubernetes.io/role/internal-elb": "1"
            },
            "timeouts": null,
            "vpc_id": "vpc-03aefcf5aa0581d7a"
          },
          "sensitive_attributes": [],
          "private": "eyJlMmJmYjczMC1lY2FhLTExZTYtOGY4OC0zNDM2M2JjN2M0YzAiOnsiY3JlYXRlIjo2MDAwMDAwMDAwMDAsImRlbGV0ZSI6MTIwMDAwMDAwMDAwMH0sInNjaGVtYV92ZXJzaW9uIjoiMSJ9",
          "dependencies": [
            "data.aws_availability_zones.available",
            "module.vpc.aws_vpc.this",
            "module.vpc.aws_vpc_ipv4_cidr_block_association.this"
          ],
          "create_before_destroy": true
        }
      ]
    },
    {
      "module": "module.vpc",
      "mode": "managed",
      "type": "aws_subnet",
      "name": "public",
      "provider": "provider[\"registry.terraform.io/hashicorp/aws\"]",
      "instances": [
        {
          "index_key": 0,
          "schema_version": 1,
          "attributes": {
            "arn": "arn:aws:ec2:us-west-2:027423573553:subnet/subnet-0103d5dff6443d113",
            "assign_ipv6_address_on_creation": false,
            "availability_zone": "us-west-2a",
            "availability_zone_id": "usw2-az2",
            "cidr_block": "10.0.96.0/19",
            "customer_owned_ipv4_pool": "",
            "enable_dns64": false,
            "enable_lni_at_device_index": 0,
            "enable_resource_name_dns_a_record_on_launch": false,
            "enable_resource_name_dns_aaaa_record_on_launch": false,
            "id": "subnet-0103d5dff6443d113",
            "ipv6_cidr_block": "",
            "ipv6_cidr_block_association_id": "",
            "ipv6_native": false,
            "map_customer_owned_ip_on_launch": false,
            "map_public_ip_on_launch": false,
            "outpost_arn": "",
            "owner_id": "027423573553",
            "private_dns_hostname_type_on_launch": "ip-name",
            "tags": {
              "Name": "observability-stack-public-us-west-2a",
              "kubernetes.io/role/elb": "1"
            },
            "tags_all": {
              "ManagedBy": "terraform",
              "Name": "observability-stack-public-us-west-2a",
              "Project": "observability-stack",
              "kubernetes.io/role/elb": "1"
            },
            "timeouts": null,
            "vpc_id": "vpc-03aefcf5aa0581d7a"
          },
          "sensitive_attributes": [],
          "private": "eyJlMmJmYjczMC1lY2FhLTExZTYtOGY4OC0zNDM2M2JjN2M0YzAiOnsiY3JlYXRlIjo2MDAwMDAwMDAwMDAsImRlbGV0ZSI6MTIwMDAwMDAwMDAwMH0sInNjaGVtYV92ZXJzaW9uIjoiMSJ9",
          "dependencies": [
            "data.aws_availability_zones.available",
            "module.vpc.aws_vpc.this",
            "module.vpc.aws_vpc_ipv4_cidr_block_association.this"
          ]
        },
        {
          "index_key": 1,
          "schema_version": 1,
          "attributes": {
            "arn": "arn:aws:ec2:us-west-2:027423573553:subnet/subnet-071119bffc7eafe55",
            "assign_ipv6_address_on_creation": false,
            "availability_zone": "us-west-2b",
            "availability_zone_id": "usw2-az1",
            "cidr_block": "10.0.128.0/19",
            "customer_owned_ipv4_pool": "",
            "enable_dns64": false,
            "enable_lni_at_device_index": 0,
            "enable_resource_name_dns_a_record_on_launch": false,
            "enable_resource_name_dns_aaaa_record_on_launch": false,
            "id": "subnet-071119bffc7eafe55",
            "ipv6_cidr_block": "",
            "ipv6_cidr_block_association_id": "",
            "ipv6_native": false,
            "map_customer_owned_ip_on_launch": false,
            "map_public_ip_on_launch": false,
            "outpost_arn": "",
            "owner_id": "027423573553",
            "private_dns_hostname_type_on_launch": "ip-name",
            "tags": {
              "Name": "observability-stack-public-us-west-2b",
              "kubernetes.io/role/elb": "1"
            },
            "tags_all": {
              "ManagedBy": "terraform",
              "Name": "observability-stack-public-us-west-2b",
              "Project": "observability-stack",
              "kubernetes.io/role/elb": "1"
            },
            "timeouts": null,
            "vpc_id": "vpc-03aefcf5aa0581d7a"
          },
          "sensitive_attributes": [],
          "private": "eyJlMmJmYjczMC1lY2FhLTExZTYtOGY4OC0zNDM2M2JjN2M0YzAiOnsiY3JlYXRlIjo2MDAwMDAwMDAwMDAsImRlbGV0ZSI6MTIwMDAwMDAwMDAwMH0sInNjaGVtYV92ZXJzaW9uIjoiMSJ9",
          "dependencies": [
            "data.aws_availability_zones.available",
            "module.vpc.aws_vpc.this",
            "module.vpc.aws_vpc_ipv4_cidr_block_association.this"
          ]
        },
        {
          "index_key": 2,
          "schema_version": 1,
          "attributes": {
            "arn": "arn:aws:ec2:us-west-2:027423573553:subnet/subnet-02fb98c38c541a8d8",
            "assign_ipv6_address_on_creation": false,
            "availability_zone": "us-west-2c",
            "availability_zone_id": "usw2-az3",
            "cidr_block": "10.0.160.0/19",
            "customer_owned_ipv4_pool": "",
            "enable_dns64": false,
            "enable_lni_at_device_index": 0,
            "enable_resource_name_dns_a_record_on_launch": false,
            "enable_resource_name_dns_aaaa_record_on_launch": false,
            "id": "subnet-02fb98c38c541a8d8",
            "ipv6_cidr_block": "",
            "ipv6_cidr_block_association_id": "",
            "ipv6_native": false,
            "map_customer_owned_ip_on_launch": false,
            "map_public_ip_on_launch": false,
            "outpost_arn": "",
            "owner_id": "027423573553",
            "private_dns_hostname_type_on_launch": "ip-name",
            "tags": {
              "Name": "observability-stack-public-us-west-2c",
              "kubernetes.io/role/elb": "1"
            },
            "tags_all": {
              "ManagedBy": "terraform",
              "Name": "observability-stack-public-us-west-2c",
              "Project": "observability-stack",
              "kubernetes.io/role/elb": "1"
            },
            "timeouts": null,
            "vpc_id": "vpc-03aefcf5aa0581d7a"
          },
          "sensitive_attributes": [],
          "private": "eyJlMmJmYjczMC1lY2FhLTExZTYtOGY4OC0zNDM2M2JjN2M0YzAiOnsiY3JlYXRlIjo2MDAwMDAwMDAwMDAsImRlbGV0ZSI6MTIwMDAwMDAwMDAwMH0sInNjaGVtYV92ZXJzaW9uIjoiMSJ9",
          "dependencies": [
            "data.aws_availability_zones.available",
            "module.vpc.aws_vpc.this",
            "module.vpc.aws_vpc_ipv4_cidr_block_association.this"
          ]
        }
      ]
    },
    {
      "module": "module.vpc",
      "mode": "managed",
      "type": "aws_subnet",
      "name": "redshift",
      "provider": "provider[\"registry.terraform.io/hashicorp/aws\"]",
      "instances": []
    },
    {
      "module": "module.vpc",
      "mode": "managed",
      "type": "aws_vpc",
      "name": "this",
      "provider": "provider[\"registry.terraform.io/hashicorp/aws\"]",
      "instances": [
        {
          "index_key": 0,
          "schema_version": 1,
          "attributes": {
            "arn": "arn:aws:ec2:us-west-2:027423573553:vpc/vpc-03aefcf5aa0581d7a",
            "assign_generated_ipv6_cidr_block": false,
            "cidr_block": "10.0.0.0/16",
            "default_network_acl_id": "acl-0a5e114c086bba3b7",
            "default_route_table_id": "rtb-0eb0c8a9b7385e199",
            "default_security_group_id": "sg-01804f6e1f144e984",
            "dhcp_options_id": "dopt-092ebbc7273e1297b",
            "enable_dns_hostnames": true,
            "enable_dns_support": true,
            "enable_network_address_usage_metrics": false,
            "id": "vpc-03aefcf5aa0581d7a",
            "instance_tenancy": "default",
            "ipv4_ipam_pool_id": null,
            "ipv4_netmask_length": null,
            "ipv6_association_id": "",
            "ipv6_cidr_block": "",
            "ipv6_cidr_block_network_border_group": "",
            "ipv6_ipam_pool_id": "",
            "ipv6_netmask_length": 0,
            "main_route_table_id": "rtb-0eb0c8a9b7385e199",
            "owner_id": "027423573553",
            "tags": {
              "Name": "observability-stack"
            },
            "tags_all": {
              "ManagedBy": "terraform",
              "Name": "observability-stack",
              "Project": "observability-stack"
            }
          },
          "sensitive_attributes": [],
          "private": "eyJzY2hlbWFfdmVyc2lvbiI6IjEifQ==",
          "create_before_destroy": true
        }
      ]
    },
    {
      "module": "module.vpc",
      "mode": "managed",
      "type": "aws_vpc_block_public_access_exclusion",
      "name": "this",
      "provider": "provider[\"registry.terraform.io/hashicorp/aws\"]",
      "instances": []
    },
    {
      "module": "module.vpc",
      "mode": "managed",
      "type": "aws_vpc_block_public_access_options",
      "name": "this",
      "provider": "provider[\"registry.terraform.io/hashicorp/aws\"]",
      "instances": []
    },
    {
      "module": "module.vpc",
      "mode": "managed",
      "type": "aws_vpc_dhcp_options",
      "name": "this",
      "provider": "provider[\"registry.terraform.io/hashicorp/aws\"]",
      "instances": []
    },
    {
      "module": "module.vpc",
      "mode": "managed",
      "type": "aws_vpc_dhcp_options_association",
      "name": "this",
      "provider": "provider[\"registry.terraform.io/hashicorp/aws\"]",
      "instances": []
    },
    {
      "module": "module.vpc",
      "mode": "managed",
      "type": "aws_vpc_ipv4_cidr_block_association",
      "name": "this",
      "provider": "provider[\"registry.terraform.io/hashicorp/aws\"]",
      "instances": []
    },
    {
      "module": "module.vpc",
      "mode": "managed",
      "type": "aws_vpn_gateway",
      "name": "this",
      "provider": "provider[\"registry.terraform.io/hashicorp/aws\"]",
      "instances": []
    },
    {
      "module": "module.vpc",
      "mode": "managed",
      "type": "aws_vpn_gateway_attachment",
      "name": "this",
      "provider": "provider[\"registry.terraform.io/hashicorp/aws\"]",
      "instances": []
    },
    {
      "module": "module.vpc",
      "mode": "managed",
      "type": "aws_vpn_gateway_route_propagation",
      "name": "intra",
      "provider": "provider[\"registry.terraform.io/hashicorp/aws\"]",
      "instances": []
    },
    {
      "module": "module.vpc",
      "mode": "managed",
      "type": "aws_vpn_gateway_route_propagation",
      "name": "private",
      "provider": "provider[\"registry.terraform.io/hashicorp/aws\"]",
      "instances": []
    },
    {
      "module": "module.vpc",
      "mode": "managed",
      "type": "aws_vpn_gateway_route_propagation",
      "name": "public",
      "provider": "provider[\"registry.terraform.io/hashicorp/aws\"]",
      "instances": []
    }
  ],
  "check_results": [
    {
      "object_kind": "resource",
      "config_addr": "module.eks.module.eks_managed_node_group.module.user_data.null_resource.validate_cluster_service_cidr",
      "status": "unknown",
      "objects": [
        {
          "object_addr": "module.eks.module.eks_managed_node_group[\"default\"].module.user_data.null_resource.validate_cluster_service_cidr",
          "status": "unknown"
        }
      ]
    },
    {
      "object_kind": "resource",
      "config_addr": "module.eks.module.self_managed_node_group.module.user_data.null_resource.validate_cluster_service_cidr",
      "status": "pass",
      "objects": null
    }
  ]
}
